
Microsoft Visual Studio Solution File, Format Version 12.00
# Visual Studio Version 16
VisualStudioVersion = 16.0.28803.352
MinimumVisualStudioVersion = 15.0.26124.0
Project("{2150E333-8FDC-42A3-9474-1A3956D46DE8}") = "src", "src", "{057E1AF7-2D3B-4583-A7F2-3589394C114A}"
EndProject
Project("{9A19103F-16F7-4668-BE54-9A1E7A4F7556}") = "AP.CrossPlatform.Core", "src\AP.CrossPlatform.Core\AP.CrossPlatform.Core.csproj", "{3E30C667-AE5B-41E8-81CC-7A5621D5567A}"
EndProject
Project("{9A19103F-16F7-4668-BE54-9A1E7A4F7556}") = "AP.MobileToolkit.AAD", "src\AP.MobileToolkit.AAD\AP.MobileToolkit.AAD.csproj", "{75970017-84D3-48D2-9EDC-24AEB5A7ADFC}"
EndProject
Project("{2150E333-8FDC-42A3-9474-1A3956D46DE8}") = "Solution Items", "Solution Items", "{AAD47901-F305-41EA-9AB7-BCCC39A07F6A}"
	ProjectSection(SolutionItems) = preProject
		AvantiPoint.ruleset = AvantiPoint.ruleset
		azure-pipelines.yml = azure-pipelines.yml
		CodeCoverage.runsettings = CodeCoverage.runsettings
		Directory.build.props = Directory.build.props
		global.json = global.json
		Packages.props = Packages.props
		stylecop.json = stylecop.json
	EndProjectSection
EndProject
Project("{2150E333-8FDC-42A3-9474-1A3956D46DE8}") = "build", "build", "{365F21D0-A076-4043-906F-DAA4FB2EDBE3}"
	ProjectSection(SolutionItems) = preProject
		build\NuGet.config = build\NuGet.config
		build\Sign-Packages.ps1 = build\Sign-Packages.ps1
	EndProjectSection
EndProject
Project("{9A19103F-16F7-4668-BE54-9A1E7A4F7556}") = "AP.CrossPlatform.Auth", "src\AP.CrossPlatform.Auth\AP.CrossPlatform.Auth.csproj", "{5A20FBF4-A482-43D8-9CE3-D7214B851114}"
EndProject
Project("{9A19103F-16F7-4668-BE54-9A1E7A4F7556}") = "AP.MobileToolkit.Http", "src\AP.MobileToolkit.Http\AP.MobileToolkit.Http.csproj", "{8F88CB38-3D32-4EED-B1E7-A2237C70D1CB}"
EndProject
Project("{9A19103F-16F7-4668-BE54-9A1E7A4F7556}") = "AP.MobileToolkit.Modularity", "src\AP.MobileToolkit.Modularity\AP.MobileToolkit.Modularity.csproj", "{71D87134-1A7D-491F-81C1-93F2454A8962}"
EndProject
Project("{9A19103F-16F7-4668-BE54-9A1E7A4F7556}") = "ToolkitDemo", "demo\ToolkitDemo\ToolkitDemo.csproj", "{B4D2C938-D3B6-4E86-AA03-004B1E20246D}"
EndProject
Project("{FAE04EC0-301F-11D3-BF4B-00C04F79EFBC}") = "ToolkitDemo.Android", "demo\ToolkitDemo.Android\ToolkitDemo.Android.csproj", "{D62135FD-92DC-4431-A6D3-4F381C09BBBE}"
EndProject
Project("{FAE04EC0-301F-11D3-BF4B-00C04F79EFBC}") = "ToolkitDemo.iOS", "demo\ToolkitDemo.iOS\ToolkitDemo.iOS.csproj", "{3417C93B-3E04-4E84-94AD-489E05AA4CBB}"
EndProject
Project("{FAE04EC0-301F-11D3-BF4B-00C04F79EFBC}") = "ToolkitDemo.UWP", "demo\ToolkitDemo.UWP\ToolkitDemo.UWP.csproj", "{83DB9E94-9ABE-4BDF-ADCC-6536C0C2CA1A}"
EndProject
Project("{2150E333-8FDC-42A3-9474-1A3956D46DE8}") = "demo", "demo", "{130BED82-F100-4833-8273-493D77FF2486}"
EndProject
Project("{2150E333-8FDC-42A3-9474-1A3956D46DE8}") = "Forms", "Forms", "{0A41BC91-17AA-4AF5-AD61-748AE97710A3}"
EndProject
Project("{9A19103F-16F7-4668-BE54-9A1E7A4F7556}") = "AP.MobileToolkit.Forms", "src\Forms\AP.MobileToolkit.Forms\AP.MobileToolkit.Forms.csproj", "{9FEBCD84-2C2D-46B2-A2DC-C8CF92EFBE4F}"
EndProject
Project("{9A19103F-16F7-4668-BE54-9A1E7A4F7556}") = "AP.MobileToolkit.RxUI", "src\AP.MobileToolkit.RxUI\AP.MobileToolkit.RxUI.csproj", "{C13B14F5-3C33-45F1-9FE3-350DD2693201}"
EndProject
Project("{D954291E-2A0B-460D-934E-DC6B0785DB48}") = "AP.MobileToolkit.Markdown", "src\AP.MobileToolkit.Markdown\AP.MobileToolkit.Markdown.shproj", "{73894FD0-58BC-4CFA-A2E1-B5A88A1AC095}"
EndProject
Project("{9A19103F-16F7-4668-BE54-9A1E7A4F7556}") = "AP.MobileToolkit.Forms.Mvvm", "src\Forms\AP.MobileToolkit.Forms.Mvvm\AP.MobileToolkit.Forms.Mvvm.csproj", "{3F652CAD-4445-4431-9632-93772732840A}"
EndProject
Project("{9A19103F-16F7-4668-BE54-9A1E7A4F7556}") = "AP.MobileToolkit.Resources", "src\AP.MobileToolkit.Resources\AP.MobileToolkit.Resources.csproj", "{A4ACA273-B11B-426E-8386-3AA93EDF54F4}"
EndProject
Project("{2150E333-8FDC-42A3-9474-1A3956D46DE8}") = "tests", "tests", "{A257A040-9ACF-43B7-9C52-4382E9F8D65E}"
EndProject
Project("{9A19103F-16F7-4668-BE54-9A1E7A4F7556}") = "AP.CrossPlatform.Auth.Tests", "tests\AP.CrossPlatform.Auth.Tests\AP.CrossPlatform.Auth.Tests.csproj", "{8CFCB0CC-68C4-4A97-BE9C-676998EB7D62}"
EndProject
Project("{9A19103F-16F7-4668-BE54-9A1E7A4F7556}") = "AP.CrossPlatform.Core.Tests", "tests\AP.CrossPlatform.Core.Tests\AP.CrossPlatform.Core.Tests.csproj", "{F4D8AE9E-530B-496B-A6CF-849F30931FC6}"
EndProject
Project("{9A19103F-16F7-4668-BE54-9A1E7A4F7556}") = "AP.MobileToolkit.Tests", "tests\AP.MobileToolkit.Tests\AP.MobileToolkit.Tests.csproj", "{E308E91C-D619-4D44-B676-751738B37FE5}"
EndProject
Global
	GlobalSection(SharedMSBuildProjectFiles) = preSolution
		src\AP.MobileToolkit.Markdown\AP.MobileToolkit.Markdown.projitems*{73894fd0-58bc-4cfa-a2e1-b5a88a1ac095}*SharedItemsImports = 13
		src\AP.MobileToolkit.Markdown\AP.MobileToolkit.Markdown.projitems*{9febcd84-2c2d-46b2-a2dc-c8cf92efbe4f}*SharedItemsImports = 5
	EndGlobalSection
	GlobalSection(SolutionConfigurationPlatforms) = preSolution
		Ad-Hoc|Any CPU = Ad-Hoc|Any CPU
		Ad-Hoc|ARM = Ad-Hoc|ARM
		Ad-Hoc|iPhone = Ad-Hoc|iPhone
		Ad-Hoc|iPhoneSimulator = Ad-Hoc|iPhoneSimulator
		Ad-Hoc|x64 = Ad-Hoc|x64
		Ad-Hoc|x86 = Ad-Hoc|x86
		AppStore|Any CPU = AppStore|Any CPU
		AppStore|ARM = AppStore|ARM
		AppStore|iPhone = AppStore|iPhone
		AppStore|iPhoneSimulator = AppStore|iPhoneSimulator
		AppStore|x64 = AppStore|x64
		AppStore|x86 = AppStore|x86
		Debug|Any CPU = Debug|Any CPU
		Debug|ARM = Debug|ARM
		Debug|iPhone = Debug|iPhone
		Debug|iPhoneSimulator = Debug|iPhoneSimulator
		Debug|x64 = Debug|x64
		Debug|x86 = Debug|x86
		Release|Any CPU = Release|Any CPU
		Release|ARM = Release|ARM
		Release|iPhone = Release|iPhone
		Release|iPhoneSimulator = Release|iPhoneSimulator
		Release|x64 = Release|x64
		Release|x86 = Release|x86
	EndGlobalSection
	GlobalSection(ProjectConfigurationPlatforms) = postSolution
		{3E30C667-AE5B-41E8-81CC-7A5621D5567A}.Ad-Hoc|Any CPU.ActiveCfg = Release|Any CPU
		{3E30C667-AE5B-41E8-81CC-7A5621D5567A}.Ad-Hoc|Any CPU.Build.0 = Release|Any CPU
		{3E30C667-AE5B-41E8-81CC-7A5621D5567A}.Ad-Hoc|ARM.ActiveCfg = Release|Any CPU
		{3E30C667-AE5B-41E8-81CC-7A5621D5567A}.Ad-Hoc|ARM.Build.0 = Release|Any CPU
		{3E30C667-AE5B-41E8-81CC-7A5621D5567A}.Ad-Hoc|iPhone.ActiveCfg = Release|Any CPU
		{3E30C667-AE5B-41E8-81CC-7A5621D5567A}.Ad-Hoc|iPhone.Build.0 = Release|Any CPU
		{3E30C667-AE5B-41E8-81CC-7A5621D5567A}.Ad-Hoc|iPhoneSimulator.ActiveCfg = Release|Any CPU
		{3E30C667-AE5B-41E8-81CC-7A5621D5567A}.Ad-Hoc|iPhoneSimulator.Build.0 = Release|Any CPU
		{3E30C667-AE5B-41E8-81CC-7A5621D5567A}.Ad-Hoc|x64.ActiveCfg = Release|Any CPU
		{3E30C667-AE5B-41E8-81CC-7A5621D5567A}.Ad-Hoc|x64.Build.0 = Release|Any CPU
		{3E30C667-AE5B-41E8-81CC-7A5621D5567A}.Ad-Hoc|x86.ActiveCfg = Release|Any CPU
		{3E30C667-AE5B-41E8-81CC-7A5621D5567A}.Ad-Hoc|x86.Build.0 = Release|Any CPU
		{3E30C667-AE5B-41E8-81CC-7A5621D5567A}.AppStore|Any CPU.ActiveCfg = Release|Any CPU
		{3E30C667-AE5B-41E8-81CC-7A5621D5567A}.AppStore|Any CPU.Build.0 = Release|Any CPU
		{3E30C667-AE5B-41E8-81CC-7A5621D5567A}.AppStore|ARM.ActiveCfg = Release|Any CPU
		{3E30C667-AE5B-41E8-81CC-7A5621D5567A}.AppStore|ARM.Build.0 = Release|Any CPU
		{3E30C667-AE5B-41E8-81CC-7A5621D5567A}.AppStore|iPhone.ActiveCfg = Release|Any CPU
		{3E30C667-AE5B-41E8-81CC-7A5621D5567A}.AppStore|iPhone.Build.0 = Release|Any CPU
		{3E30C667-AE5B-41E8-81CC-7A5621D5567A}.AppStore|iPhoneSimulator.ActiveCfg = Release|Any CPU
		{3E30C667-AE5B-41E8-81CC-7A5621D5567A}.AppStore|iPhoneSimulator.Build.0 = Release|Any CPU
		{3E30C667-AE5B-41E8-81CC-7A5621D5567A}.AppStore|x64.ActiveCfg = Release|Any CPU
		{3E30C667-AE5B-41E8-81CC-7A5621D5567A}.AppStore|x64.Build.0 = Release|Any CPU
		{3E30C667-AE5B-41E8-81CC-7A5621D5567A}.AppStore|x86.ActiveCfg = Release|Any CPU
		{3E30C667-AE5B-41E8-81CC-7A5621D5567A}.AppStore|x86.Build.0 = Release|Any CPU
		{3E30C667-AE5B-41E8-81CC-7A5621D5567A}.Debug|Any CPU.ActiveCfg = Debug|Any CPU
		{3E30C667-AE5B-41E8-81CC-7A5621D5567A}.Debug|Any CPU.Build.0 = Debug|Any CPU
		{3E30C667-AE5B-41E8-81CC-7A5621D5567A}.Debug|ARM.ActiveCfg = Debug|Any CPU
		{3E30C667-AE5B-41E8-81CC-7A5621D5567A}.Debug|ARM.Build.0 = Debug|Any CPU
		{3E30C667-AE5B-41E8-81CC-7A5621D5567A}.Debug|iPhone.ActiveCfg = Debug|Any CPU
		{3E30C667-AE5B-41E8-81CC-7A5621D5567A}.Debug|iPhone.Build.0 = Debug|Any CPU
		{3E30C667-AE5B-41E8-81CC-7A5621D5567A}.Debug|iPhoneSimulator.ActiveCfg = Debug|Any CPU
		{3E30C667-AE5B-41E8-81CC-7A5621D5567A}.Debug|iPhoneSimulator.Build.0 = Debug|Any CPU
		{3E30C667-AE5B-41E8-81CC-7A5621D5567A}.Debug|x64.ActiveCfg = Debug|Any CPU
		{3E30C667-AE5B-41E8-81CC-7A5621D5567A}.Debug|x64.Build.0 = Debug|Any CPU
		{3E30C667-AE5B-41E8-81CC-7A5621D5567A}.Debug|x86.ActiveCfg = Debug|Any CPU
		{3E30C667-AE5B-41E8-81CC-7A5621D5567A}.Debug|x86.Build.0 = Debug|Any CPU
		{3E30C667-AE5B-41E8-81CC-7A5621D5567A}.Release|Any CPU.ActiveCfg = Release|Any CPU
		{3E30C667-AE5B-41E8-81CC-7A5621D5567A}.Release|Any CPU.Build.0 = Release|Any CPU
		{3E30C667-AE5B-41E8-81CC-7A5621D5567A}.Release|ARM.ActiveCfg = Release|Any CPU
		{3E30C667-AE5B-41E8-81CC-7A5621D5567A}.Release|ARM.Build.0 = Release|Any CPU
		{3E30C667-AE5B-41E8-81CC-7A5621D5567A}.Release|iPhone.ActiveCfg = Release|Any CPU
		{3E30C667-AE5B-41E8-81CC-7A5621D5567A}.Release|iPhone.Build.0 = Release|Any CPU
		{3E30C667-AE5B-41E8-81CC-7A5621D5567A}.Release|iPhoneSimulator.ActiveCfg = Release|Any CPU
		{3E30C667-AE5B-41E8-81CC-7A5621D5567A}.Release|iPhoneSimulator.Build.0 = Release|Any CPU
		{3E30C667-AE5B-41E8-81CC-7A5621D5567A}.Release|x64.ActiveCfg = Release|Any CPU
		{3E30C667-AE5B-41E8-81CC-7A5621D5567A}.Release|x64.Build.0 = Release|Any CPU
		{3E30C667-AE5B-41E8-81CC-7A5621D5567A}.Release|x86.ActiveCfg = Release|Any CPU
		{3E30C667-AE5B-41E8-81CC-7A5621D5567A}.Release|x86.Build.0 = Release|Any CPU
		{75970017-84D3-48D2-9EDC-24AEB5A7ADFC}.Ad-Hoc|Any CPU.ActiveCfg = Release|Any CPU
		{75970017-84D3-48D2-9EDC-24AEB5A7ADFC}.Ad-Hoc|Any CPU.Build.0 = Release|Any CPU
		{75970017-84D3-48D2-9EDC-24AEB5A7ADFC}.Ad-Hoc|ARM.ActiveCfg = Release|Any CPU
		{75970017-84D3-48D2-9EDC-24AEB5A7ADFC}.Ad-Hoc|ARM.Build.0 = Release|Any CPU
		{75970017-84D3-48D2-9EDC-24AEB5A7ADFC}.Ad-Hoc|iPhone.ActiveCfg = Release|Any CPU
		{75970017-84D3-48D2-9EDC-24AEB5A7ADFC}.Ad-Hoc|iPhone.Build.0 = Release|Any CPU
		{75970017-84D3-48D2-9EDC-24AEB5A7ADFC}.Ad-Hoc|iPhoneSimulator.ActiveCfg = Release|Any CPU
		{75970017-84D3-48D2-9EDC-24AEB5A7ADFC}.Ad-Hoc|iPhoneSimulator.Build.0 = Release|Any CPU
		{75970017-84D3-48D2-9EDC-24AEB5A7ADFC}.Ad-Hoc|x64.ActiveCfg = Release|Any CPU
		{75970017-84D3-48D2-9EDC-24AEB5A7ADFC}.Ad-Hoc|x64.Build.0 = Release|Any CPU
		{75970017-84D3-48D2-9EDC-24AEB5A7ADFC}.Ad-Hoc|x86.ActiveCfg = Release|Any CPU
		{75970017-84D3-48D2-9EDC-24AEB5A7ADFC}.Ad-Hoc|x86.Build.0 = Release|Any CPU
		{75970017-84D3-48D2-9EDC-24AEB5A7ADFC}.AppStore|Any CPU.ActiveCfg = Release|Any CPU
		{75970017-84D3-48D2-9EDC-24AEB5A7ADFC}.AppStore|Any CPU.Build.0 = Release|Any CPU
		{75970017-84D3-48D2-9EDC-24AEB5A7ADFC}.AppStore|ARM.ActiveCfg = Release|Any CPU
		{75970017-84D3-48D2-9EDC-24AEB5A7ADFC}.AppStore|ARM.Build.0 = Release|Any CPU
		{75970017-84D3-48D2-9EDC-24AEB5A7ADFC}.AppStore|iPhone.ActiveCfg = Release|Any CPU
		{75970017-84D3-48D2-9EDC-24AEB5A7ADFC}.AppStore|iPhone.Build.0 = Release|Any CPU
		{75970017-84D3-48D2-9EDC-24AEB5A7ADFC}.AppStore|iPhoneSimulator.ActiveCfg = Release|Any CPU
		{75970017-84D3-48D2-9EDC-24AEB5A7ADFC}.AppStore|iPhoneSimulator.Build.0 = Release|Any CPU
		{75970017-84D3-48D2-9EDC-24AEB5A7ADFC}.AppStore|x64.ActiveCfg = Release|Any CPU
		{75970017-84D3-48D2-9EDC-24AEB5A7ADFC}.AppStore|x64.Build.0 = Release|Any CPU
		{75970017-84D3-48D2-9EDC-24AEB5A7ADFC}.AppStore|x86.ActiveCfg = Release|Any CPU
		{75970017-84D3-48D2-9EDC-24AEB5A7ADFC}.AppStore|x86.Build.0 = Release|Any CPU
		{75970017-84D3-48D2-9EDC-24AEB5A7ADFC}.Debug|Any CPU.ActiveCfg = Debug|Any CPU
		{75970017-84D3-48D2-9EDC-24AEB5A7ADFC}.Debug|Any CPU.Build.0 = Debug|Any CPU
		{75970017-84D3-48D2-9EDC-24AEB5A7ADFC}.Debug|ARM.ActiveCfg = Debug|Any CPU
		{75970017-84D3-48D2-9EDC-24AEB5A7ADFC}.Debug|ARM.Build.0 = Debug|Any CPU
		{75970017-84D3-48D2-9EDC-24AEB5A7ADFC}.Debug|iPhone.ActiveCfg = Debug|Any CPU
		{75970017-84D3-48D2-9EDC-24AEB5A7ADFC}.Debug|iPhone.Build.0 = Debug|Any CPU
		{75970017-84D3-48D2-9EDC-24AEB5A7ADFC}.Debug|iPhoneSimulator.ActiveCfg = Debug|Any CPU
		{75970017-84D3-48D2-9EDC-24AEB5A7ADFC}.Debug|iPhoneSimulator.Build.0 = Debug|Any CPU
		{75970017-84D3-48D2-9EDC-24AEB5A7ADFC}.Debug|x64.ActiveCfg = Debug|Any CPU
		{75970017-84D3-48D2-9EDC-24AEB5A7ADFC}.Debug|x64.Build.0 = Debug|Any CPU
		{75970017-84D3-48D2-9EDC-24AEB5A7ADFC}.Debug|x86.ActiveCfg = Debug|Any CPU
		{75970017-84D3-48D2-9EDC-24AEB5A7ADFC}.Debug|x86.Build.0 = Debug|Any CPU
		{75970017-84D3-48D2-9EDC-24AEB5A7ADFC}.Release|Any CPU.ActiveCfg = Release|Any CPU
		{75970017-84D3-48D2-9EDC-24AEB5A7ADFC}.Release|Any CPU.Build.0 = Release|Any CPU
		{75970017-84D3-48D2-9EDC-24AEB5A7ADFC}.Release|ARM.ActiveCfg = Release|Any CPU
		{75970017-84D3-48D2-9EDC-24AEB5A7ADFC}.Release|ARM.Build.0 = Release|Any CPU
		{75970017-84D3-48D2-9EDC-24AEB5A7ADFC}.Release|iPhone.ActiveCfg = Release|Any CPU
		{75970017-84D3-48D2-9EDC-24AEB5A7ADFC}.Release|iPhone.Build.0 = Release|Any CPU
		{75970017-84D3-48D2-9EDC-24AEB5A7ADFC}.Release|iPhoneSimulator.ActiveCfg = Release|Any CPU
		{75970017-84D3-48D2-9EDC-24AEB5A7ADFC}.Release|iPhoneSimulator.Build.0 = Release|Any CPU
		{75970017-84D3-48D2-9EDC-24AEB5A7ADFC}.Release|x64.ActiveCfg = Release|Any CPU
		{75970017-84D3-48D2-9EDC-24AEB5A7ADFC}.Release|x64.Build.0 = Release|Any CPU
		{75970017-84D3-48D2-9EDC-24AEB5A7ADFC}.Release|x86.ActiveCfg = Release|Any CPU
		{75970017-84D3-48D2-9EDC-24AEB5A7ADFC}.Release|x86.Build.0 = Release|Any CPU
		{5A20FBF4-A482-43D8-9CE3-D7214B851114}.Ad-Hoc|Any CPU.ActiveCfg = Release|Any CPU
		{5A20FBF4-A482-43D8-9CE3-D7214B851114}.Ad-Hoc|Any CPU.Build.0 = Release|Any CPU
		{5A20FBF4-A482-43D8-9CE3-D7214B851114}.Ad-Hoc|ARM.ActiveCfg = Release|Any CPU
		{5A20FBF4-A482-43D8-9CE3-D7214B851114}.Ad-Hoc|ARM.Build.0 = Release|Any CPU
		{5A20FBF4-A482-43D8-9CE3-D7214B851114}.Ad-Hoc|iPhone.ActiveCfg = Release|Any CPU
		{5A20FBF4-A482-43D8-9CE3-D7214B851114}.Ad-Hoc|iPhone.Build.0 = Release|Any CPU
		{5A20FBF4-A482-43D8-9CE3-D7214B851114}.Ad-Hoc|iPhoneSimulator.ActiveCfg = Release|Any CPU
		{5A20FBF4-A482-43D8-9CE3-D7214B851114}.Ad-Hoc|iPhoneSimulator.Build.0 = Release|Any CPU
		{5A20FBF4-A482-43D8-9CE3-D7214B851114}.Ad-Hoc|x64.ActiveCfg = Release|Any CPU
		{5A20FBF4-A482-43D8-9CE3-D7214B851114}.Ad-Hoc|x64.Build.0 = Release|Any CPU
		{5A20FBF4-A482-43D8-9CE3-D7214B851114}.Ad-Hoc|x86.ActiveCfg = Release|Any CPU
		{5A20FBF4-A482-43D8-9CE3-D7214B851114}.Ad-Hoc|x86.Build.0 = Release|Any CPU
		{5A20FBF4-A482-43D8-9CE3-D7214B851114}.AppStore|Any CPU.ActiveCfg = Release|Any CPU
		{5A20FBF4-A482-43D8-9CE3-D7214B851114}.AppStore|Any CPU.Build.0 = Release|Any CPU
		{5A20FBF4-A482-43D8-9CE3-D7214B851114}.AppStore|ARM.ActiveCfg = Release|Any CPU
		{5A20FBF4-A482-43D8-9CE3-D7214B851114}.AppStore|ARM.Build.0 = Release|Any CPU
		{5A20FBF4-A482-43D8-9CE3-D7214B851114}.AppStore|iPhone.ActiveCfg = Release|Any CPU
		{5A20FBF4-A482-43D8-9CE3-D7214B851114}.AppStore|iPhone.Build.0 = Release|Any CPU
		{5A20FBF4-A482-43D8-9CE3-D7214B851114}.AppStore|iPhoneSimulator.ActiveCfg = Release|Any CPU
		{5A20FBF4-A482-43D8-9CE3-D7214B851114}.AppStore|iPhoneSimulator.Build.0 = Release|Any CPU
		{5A20FBF4-A482-43D8-9CE3-D7214B851114}.AppStore|x64.ActiveCfg = Release|Any CPU
		{5A20FBF4-A482-43D8-9CE3-D7214B851114}.AppStore|x64.Build.0 = Release|Any CPU
		{5A20FBF4-A482-43D8-9CE3-D7214B851114}.AppStore|x86.ActiveCfg = Release|Any CPU
		{5A20FBF4-A482-43D8-9CE3-D7214B851114}.AppStore|x86.Build.0 = Release|Any CPU
		{5A20FBF4-A482-43D8-9CE3-D7214B851114}.Debug|Any CPU.ActiveCfg = Debug|Any CPU
		{5A20FBF4-A482-43D8-9CE3-D7214B851114}.Debug|Any CPU.Build.0 = Debug|Any CPU
		{5A20FBF4-A482-43D8-9CE3-D7214B851114}.Debug|ARM.ActiveCfg = Debug|Any CPU
		{5A20FBF4-A482-43D8-9CE3-D7214B851114}.Debug|ARM.Build.0 = Debug|Any CPU
		{5A20FBF4-A482-43D8-9CE3-D7214B851114}.Debug|iPhone.ActiveCfg = Debug|Any CPU
		{5A20FBF4-A482-43D8-9CE3-D7214B851114}.Debug|iPhone.Build.0 = Debug|Any CPU
		{5A20FBF4-A482-43D8-9CE3-D7214B851114}.Debug|iPhoneSimulator.ActiveCfg = Debug|Any CPU
		{5A20FBF4-A482-43D8-9CE3-D7214B851114}.Debug|iPhoneSimulator.Build.0 = Debug|Any CPU
		{5A20FBF4-A482-43D8-9CE3-D7214B851114}.Debug|x64.ActiveCfg = Debug|Any CPU
		{5A20FBF4-A482-43D8-9CE3-D7214B851114}.Debug|x64.Build.0 = Debug|Any CPU
		{5A20FBF4-A482-43D8-9CE3-D7214B851114}.Debug|x86.ActiveCfg = Debug|Any CPU
		{5A20FBF4-A482-43D8-9CE3-D7214B851114}.Debug|x86.Build.0 = Debug|Any CPU
		{5A20FBF4-A482-43D8-9CE3-D7214B851114}.Release|Any CPU.ActiveCfg = Release|Any CPU
		{5A20FBF4-A482-43D8-9CE3-D7214B851114}.Release|Any CPU.Build.0 = Release|Any CPU
		{5A20FBF4-A482-43D8-9CE3-D7214B851114}.Release|ARM.ActiveCfg = Release|Any CPU
		{5A20FBF4-A482-43D8-9CE3-D7214B851114}.Release|ARM.Build.0 = Release|Any CPU
		{5A20FBF4-A482-43D8-9CE3-D7214B851114}.Release|iPhone.ActiveCfg = Release|Any CPU
		{5A20FBF4-A482-43D8-9CE3-D7214B851114}.Release|iPhone.Build.0 = Release|Any CPU
		{5A20FBF4-A482-43D8-9CE3-D7214B851114}.Release|iPhoneSimulator.ActiveCfg = Release|Any CPU
		{5A20FBF4-A482-43D8-9CE3-D7214B851114}.Release|iPhoneSimulator.Build.0 = Release|Any CPU
		{5A20FBF4-A482-43D8-9CE3-D7214B851114}.Release|x64.ActiveCfg = Release|Any CPU
		{5A20FBF4-A482-43D8-9CE3-D7214B851114}.Release|x64.Build.0 = Release|Any CPU
		{5A20FBF4-A482-43D8-9CE3-D7214B851114}.Release|x86.ActiveCfg = Release|Any CPU
		{5A20FBF4-A482-43D8-9CE3-D7214B851114}.Release|x86.Build.0 = Release|Any CPU
		{8F88CB38-3D32-4EED-B1E7-A2237C70D1CB}.Ad-Hoc|Any CPU.ActiveCfg = Release|Any CPU
		{8F88CB38-3D32-4EED-B1E7-A2237C70D1CB}.Ad-Hoc|Any CPU.Build.0 = Release|Any CPU
		{8F88CB38-3D32-4EED-B1E7-A2237C70D1CB}.Ad-Hoc|ARM.ActiveCfg = Release|Any CPU
		{8F88CB38-3D32-4EED-B1E7-A2237C70D1CB}.Ad-Hoc|ARM.Build.0 = Release|Any CPU
		{8F88CB38-3D32-4EED-B1E7-A2237C70D1CB}.Ad-Hoc|iPhone.ActiveCfg = Release|Any CPU
		{8F88CB38-3D32-4EED-B1E7-A2237C70D1CB}.Ad-Hoc|iPhone.Build.0 = Release|Any CPU
		{8F88CB38-3D32-4EED-B1E7-A2237C70D1CB}.Ad-Hoc|iPhoneSimulator.ActiveCfg = Release|Any CPU
		{8F88CB38-3D32-4EED-B1E7-A2237C70D1CB}.Ad-Hoc|iPhoneSimulator.Build.0 = Release|Any CPU
		{8F88CB38-3D32-4EED-B1E7-A2237C70D1CB}.Ad-Hoc|x64.ActiveCfg = Release|Any CPU
		{8F88CB38-3D32-4EED-B1E7-A2237C70D1CB}.Ad-Hoc|x64.Build.0 = Release|Any CPU
		{8F88CB38-3D32-4EED-B1E7-A2237C70D1CB}.Ad-Hoc|x86.ActiveCfg = Release|Any CPU
		{8F88CB38-3D32-4EED-B1E7-A2237C70D1CB}.Ad-Hoc|x86.Build.0 = Release|Any CPU
		{8F88CB38-3D32-4EED-B1E7-A2237C70D1CB}.AppStore|Any CPU.ActiveCfg = Release|Any CPU
		{8F88CB38-3D32-4EED-B1E7-A2237C70D1CB}.AppStore|Any CPU.Build.0 = Release|Any CPU
		{8F88CB38-3D32-4EED-B1E7-A2237C70D1CB}.AppStore|ARM.ActiveCfg = Release|Any CPU
		{8F88CB38-3D32-4EED-B1E7-A2237C70D1CB}.AppStore|ARM.Build.0 = Release|Any CPU
		{8F88CB38-3D32-4EED-B1E7-A2237C70D1CB}.AppStore|iPhone.ActiveCfg = Release|Any CPU
		{8F88CB38-3D32-4EED-B1E7-A2237C70D1CB}.AppStore|iPhone.Build.0 = Release|Any CPU
		{8F88CB38-3D32-4EED-B1E7-A2237C70D1CB}.AppStore|iPhoneSimulator.ActiveCfg = Release|Any CPU
		{8F88CB38-3D32-4EED-B1E7-A2237C70D1CB}.AppStore|iPhoneSimulator.Build.0 = Release|Any CPU
		{8F88CB38-3D32-4EED-B1E7-A2237C70D1CB}.AppStore|x64.ActiveCfg = Release|Any CPU
		{8F88CB38-3D32-4EED-B1E7-A2237C70D1CB}.AppStore|x64.Build.0 = Release|Any CPU
		{8F88CB38-3D32-4EED-B1E7-A2237C70D1CB}.AppStore|x86.ActiveCfg = Release|Any CPU
		{8F88CB38-3D32-4EED-B1E7-A2237C70D1CB}.AppStore|x86.Build.0 = Release|Any CPU
		{8F88CB38-3D32-4EED-B1E7-A2237C70D1CB}.Debug|Any CPU.ActiveCfg = Debug|Any CPU
		{8F88CB38-3D32-4EED-B1E7-A2237C70D1CB}.Debug|Any CPU.Build.0 = Debug|Any CPU
		{8F88CB38-3D32-4EED-B1E7-A2237C70D1CB}.Debug|ARM.ActiveCfg = Debug|Any CPU
		{8F88CB38-3D32-4EED-B1E7-A2237C70D1CB}.Debug|ARM.Build.0 = Debug|Any CPU
		{8F88CB38-3D32-4EED-B1E7-A2237C70D1CB}.Debug|iPhone.ActiveCfg = Debug|Any CPU
		{8F88CB38-3D32-4EED-B1E7-A2237C70D1CB}.Debug|iPhone.Build.0 = Debug|Any CPU
		{8F88CB38-3D32-4EED-B1E7-A2237C70D1CB}.Debug|iPhoneSimulator.ActiveCfg = Debug|Any CPU
		{8F88CB38-3D32-4EED-B1E7-A2237C70D1CB}.Debug|iPhoneSimulator.Build.0 = Debug|Any CPU
		{8F88CB38-3D32-4EED-B1E7-A2237C70D1CB}.Debug|x64.ActiveCfg = Debug|Any CPU
		{8F88CB38-3D32-4EED-B1E7-A2237C70D1CB}.Debug|x64.Build.0 = Debug|Any CPU
		{8F88CB38-3D32-4EED-B1E7-A2237C70D1CB}.Debug|x86.ActiveCfg = Debug|Any CPU
		{8F88CB38-3D32-4EED-B1E7-A2237C70D1CB}.Debug|x86.Build.0 = Debug|Any CPU
		{8F88CB38-3D32-4EED-B1E7-A2237C70D1CB}.Release|Any CPU.ActiveCfg = Release|Any CPU
		{8F88CB38-3D32-4EED-B1E7-A2237C70D1CB}.Release|Any CPU.Build.0 = Release|Any CPU
		{8F88CB38-3D32-4EED-B1E7-A2237C70D1CB}.Release|ARM.ActiveCfg = Release|Any CPU
		{8F88CB38-3D32-4EED-B1E7-A2237C70D1CB}.Release|ARM.Build.0 = Release|Any CPU
		{8F88CB38-3D32-4EED-B1E7-A2237C70D1CB}.Release|iPhone.ActiveCfg = Release|Any CPU
		{8F88CB38-3D32-4EED-B1E7-A2237C70D1CB}.Release|iPhone.Build.0 = Release|Any CPU
		{8F88CB38-3D32-4EED-B1E7-A2237C70D1CB}.Release|iPhoneSimulator.ActiveCfg = Release|Any CPU
		{8F88CB38-3D32-4EED-B1E7-A2237C70D1CB}.Release|iPhoneSimulator.Build.0 = Release|Any CPU
		{8F88CB38-3D32-4EED-B1E7-A2237C70D1CB}.Release|x64.ActiveCfg = Release|Any CPU
		{8F88CB38-3D32-4EED-B1E7-A2237C70D1CB}.Release|x64.Build.0 = Release|Any CPU
		{8F88CB38-3D32-4EED-B1E7-A2237C70D1CB}.Release|x86.ActiveCfg = Release|Any CPU
		{8F88CB38-3D32-4EED-B1E7-A2237C70D1CB}.Release|x86.Build.0 = Release|Any CPU
		{71D87134-1A7D-491F-81C1-93F2454A8962}.Ad-Hoc|Any CPU.ActiveCfg = Release|Any CPU
		{71D87134-1A7D-491F-81C1-93F2454A8962}.Ad-Hoc|Any CPU.Build.0 = Release|Any CPU
		{71D87134-1A7D-491F-81C1-93F2454A8962}.Ad-Hoc|ARM.ActiveCfg = Release|Any CPU
		{71D87134-1A7D-491F-81C1-93F2454A8962}.Ad-Hoc|ARM.Build.0 = Release|Any CPU
		{71D87134-1A7D-491F-81C1-93F2454A8962}.Ad-Hoc|iPhone.ActiveCfg = Release|Any CPU
		{71D87134-1A7D-491F-81C1-93F2454A8962}.Ad-Hoc|iPhone.Build.0 = Release|Any CPU
		{71D87134-1A7D-491F-81C1-93F2454A8962}.Ad-Hoc|iPhoneSimulator.ActiveCfg = Release|Any CPU
		{71D87134-1A7D-491F-81C1-93F2454A8962}.Ad-Hoc|iPhoneSimulator.Build.0 = Release|Any CPU
		{71D87134-1A7D-491F-81C1-93F2454A8962}.Ad-Hoc|x64.ActiveCfg = Release|Any CPU
		{71D87134-1A7D-491F-81C1-93F2454A8962}.Ad-Hoc|x64.Build.0 = Release|Any CPU
		{71D87134-1A7D-491F-81C1-93F2454A8962}.Ad-Hoc|x86.ActiveCfg = Release|Any CPU
		{71D87134-1A7D-491F-81C1-93F2454A8962}.Ad-Hoc|x86.Build.0 = Release|Any CPU
		{71D87134-1A7D-491F-81C1-93F2454A8962}.AppStore|Any CPU.ActiveCfg = Release|Any CPU
		{71D87134-1A7D-491F-81C1-93F2454A8962}.AppStore|Any CPU.Build.0 = Release|Any CPU
		{71D87134-1A7D-491F-81C1-93F2454A8962}.AppStore|ARM.ActiveCfg = Release|Any CPU
		{71D87134-1A7D-491F-81C1-93F2454A8962}.AppStore|ARM.Build.0 = Release|Any CPU
		{71D87134-1A7D-491F-81C1-93F2454A8962}.AppStore|iPhone.ActiveCfg = Release|Any CPU
		{71D87134-1A7D-491F-81C1-93F2454A8962}.AppStore|iPhone.Build.0 = Release|Any CPU
		{71D87134-1A7D-491F-81C1-93F2454A8962}.AppStore|iPhoneSimulator.ActiveCfg = Release|Any CPU
		{71D87134-1A7D-491F-81C1-93F2454A8962}.AppStore|iPhoneSimulator.Build.0 = Release|Any CPU
		{71D87134-1A7D-491F-81C1-93F2454A8962}.AppStore|x64.ActiveCfg = Release|Any CPU
		{71D87134-1A7D-491F-81C1-93F2454A8962}.AppStore|x64.Build.0 = Release|Any CPU
		{71D87134-1A7D-491F-81C1-93F2454A8962}.AppStore|x86.ActiveCfg = Release|Any CPU
		{71D87134-1A7D-491F-81C1-93F2454A8962}.AppStore|x86.Build.0 = Release|Any CPU
		{71D87134-1A7D-491F-81C1-93F2454A8962}.Debug|Any CPU.ActiveCfg = Debug|Any CPU
		{71D87134-1A7D-491F-81C1-93F2454A8962}.Debug|Any CPU.Build.0 = Debug|Any CPU
		{71D87134-1A7D-491F-81C1-93F2454A8962}.Debug|ARM.ActiveCfg = Debug|Any CPU
		{71D87134-1A7D-491F-81C1-93F2454A8962}.Debug|ARM.Build.0 = Debug|Any CPU
		{71D87134-1A7D-491F-81C1-93F2454A8962}.Debug|iPhone.ActiveCfg = Debug|Any CPU
		{71D87134-1A7D-491F-81C1-93F2454A8962}.Debug|iPhone.Build.0 = Debug|Any CPU
		{71D87134-1A7D-491F-81C1-93F2454A8962}.Debug|iPhoneSimulator.ActiveCfg = Debug|Any CPU
		{71D87134-1A7D-491F-81C1-93F2454A8962}.Debug|iPhoneSimulator.Build.0 = Debug|Any CPU
		{71D87134-1A7D-491F-81C1-93F2454A8962}.Debug|x64.ActiveCfg = Debug|Any CPU
		{71D87134-1A7D-491F-81C1-93F2454A8962}.Debug|x64.Build.0 = Debug|Any CPU
		{71D87134-1A7D-491F-81C1-93F2454A8962}.Debug|x86.ActiveCfg = Debug|Any CPU
		{71D87134-1A7D-491F-81C1-93F2454A8962}.Debug|x86.Build.0 = Debug|Any CPU
		{71D87134-1A7D-491F-81C1-93F2454A8962}.Release|Any CPU.ActiveCfg = Release|Any CPU
		{71D87134-1A7D-491F-81C1-93F2454A8962}.Release|Any CPU.Build.0 = Release|Any CPU
		{71D87134-1A7D-491F-81C1-93F2454A8962}.Release|ARM.ActiveCfg = Release|Any CPU
		{71D87134-1A7D-491F-81C1-93F2454A8962}.Release|ARM.Build.0 = Release|Any CPU
		{71D87134-1A7D-491F-81C1-93F2454A8962}.Release|iPhone.ActiveCfg = Release|Any CPU
		{71D87134-1A7D-491F-81C1-93F2454A8962}.Release|iPhone.Build.0 = Release|Any CPU
		{71D87134-1A7D-491F-81C1-93F2454A8962}.Release|iPhoneSimulator.ActiveCfg = Release|Any CPU
		{71D87134-1A7D-491F-81C1-93F2454A8962}.Release|iPhoneSimulator.Build.0 = Release|Any CPU
		{71D87134-1A7D-491F-81C1-93F2454A8962}.Release|x64.ActiveCfg = Release|Any CPU
		{71D87134-1A7D-491F-81C1-93F2454A8962}.Release|x64.Build.0 = Release|Any CPU
		{71D87134-1A7D-491F-81C1-93F2454A8962}.Release|x86.ActiveCfg = Release|Any CPU
		{71D87134-1A7D-491F-81C1-93F2454A8962}.Release|x86.Build.0 = Release|Any CPU
		{B4D2C938-D3B6-4E86-AA03-004B1E20246D}.Ad-Hoc|Any CPU.ActiveCfg = Debug|Any CPU
		{B4D2C938-D3B6-4E86-AA03-004B1E20246D}.Ad-Hoc|Any CPU.Build.0 = Debug|Any CPU
		{B4D2C938-D3B6-4E86-AA03-004B1E20246D}.Ad-Hoc|ARM.ActiveCfg = Debug|Any CPU
		{B4D2C938-D3B6-4E86-AA03-004B1E20246D}.Ad-Hoc|ARM.Build.0 = Debug|Any CPU
		{B4D2C938-D3B6-4E86-AA03-004B1E20246D}.Ad-Hoc|iPhone.ActiveCfg = Debug|Any CPU
		{B4D2C938-D3B6-4E86-AA03-004B1E20246D}.Ad-Hoc|iPhone.Build.0 = Debug|Any CPU
		{B4D2C938-D3B6-4E86-AA03-004B1E20246D}.Ad-Hoc|iPhoneSimulator.ActiveCfg = Debug|Any CPU
		{B4D2C938-D3B6-4E86-AA03-004B1E20246D}.Ad-Hoc|iPhoneSimulator.Build.0 = Debug|Any CPU
		{B4D2C938-D3B6-4E86-AA03-004B1E20246D}.Ad-Hoc|x64.ActiveCfg = Debug|Any CPU
		{B4D2C938-D3B6-4E86-AA03-004B1E20246D}.Ad-Hoc|x64.Build.0 = Debug|Any CPU
		{B4D2C938-D3B6-4E86-AA03-004B1E20246D}.Ad-Hoc|x86.ActiveCfg = Debug|Any CPU
		{B4D2C938-D3B6-4E86-AA03-004B1E20246D}.Ad-Hoc|x86.Build.0 = Debug|Any CPU
		{B4D2C938-D3B6-4E86-AA03-004B1E20246D}.AppStore|Any CPU.ActiveCfg = Debug|Any CPU
		{B4D2C938-D3B6-4E86-AA03-004B1E20246D}.AppStore|Any CPU.Build.0 = Debug|Any CPU
		{B4D2C938-D3B6-4E86-AA03-004B1E20246D}.AppStore|ARM.ActiveCfg = Debug|Any CPU
		{B4D2C938-D3B6-4E86-AA03-004B1E20246D}.AppStore|ARM.Build.0 = Debug|Any CPU
		{B4D2C938-D3B6-4E86-AA03-004B1E20246D}.AppStore|iPhone.ActiveCfg = Debug|Any CPU
		{B4D2C938-D3B6-4E86-AA03-004B1E20246D}.AppStore|iPhone.Build.0 = Debug|Any CPU
		{B4D2C938-D3B6-4E86-AA03-004B1E20246D}.AppStore|iPhoneSimulator.ActiveCfg = Debug|Any CPU
		{B4D2C938-D3B6-4E86-AA03-004B1E20246D}.AppStore|iPhoneSimulator.Build.0 = Debug|Any CPU
		{B4D2C938-D3B6-4E86-AA03-004B1E20246D}.AppStore|x64.ActiveCfg = Debug|Any CPU
		{B4D2C938-D3B6-4E86-AA03-004B1E20246D}.AppStore|x64.Build.0 = Debug|Any CPU
		{B4D2C938-D3B6-4E86-AA03-004B1E20246D}.AppStore|x86.ActiveCfg = Debug|Any CPU
		{B4D2C938-D3B6-4E86-AA03-004B1E20246D}.AppStore|x86.Build.0 = Debug|Any CPU
		{B4D2C938-D3B6-4E86-AA03-004B1E20246D}.Debug|Any CPU.ActiveCfg = Debug|Any CPU
		{B4D2C938-D3B6-4E86-AA03-004B1E20246D}.Debug|Any CPU.Build.0 = Debug|Any CPU
		{B4D2C938-D3B6-4E86-AA03-004B1E20246D}.Debug|ARM.ActiveCfg = Debug|Any CPU
		{B4D2C938-D3B6-4E86-AA03-004B1E20246D}.Debug|ARM.Build.0 = Debug|Any CPU
		{B4D2C938-D3B6-4E86-AA03-004B1E20246D}.Debug|iPhone.ActiveCfg = Debug|Any CPU
		{B4D2C938-D3B6-4E86-AA03-004B1E20246D}.Debug|iPhone.Build.0 = Debug|Any CPU
		{B4D2C938-D3B6-4E86-AA03-004B1E20246D}.Debug|iPhoneSimulator.ActiveCfg = Debug|Any CPU
		{B4D2C938-D3B6-4E86-AA03-004B1E20246D}.Debug|iPhoneSimulator.Build.0 = Debug|Any CPU
		{B4D2C938-D3B6-4E86-AA03-004B1E20246D}.Debug|x64.ActiveCfg = Debug|Any CPU
		{B4D2C938-D3B6-4E86-AA03-004B1E20246D}.Debug|x64.Build.0 = Debug|Any CPU
		{B4D2C938-D3B6-4E86-AA03-004B1E20246D}.Debug|x86.ActiveCfg = Debug|Any CPU
		{B4D2C938-D3B6-4E86-AA03-004B1E20246D}.Debug|x86.Build.0 = Debug|Any CPU
		{B4D2C938-D3B6-4E86-AA03-004B1E20246D}.Release|Any CPU.ActiveCfg = Release|Any CPU
		{B4D2C938-D3B6-4E86-AA03-004B1E20246D}.Release|ARM.ActiveCfg = Release|Any CPU
		{B4D2C938-D3B6-4E86-AA03-004B1E20246D}.Release|iPhone.ActiveCfg = Release|Any CPU
		{B4D2C938-D3B6-4E86-AA03-004B1E20246D}.Release|iPhoneSimulator.ActiveCfg = Release|Any CPU
		{B4D2C938-D3B6-4E86-AA03-004B1E20246D}.Release|x64.ActiveCfg = Release|Any CPU
		{B4D2C938-D3B6-4E86-AA03-004B1E20246D}.Release|x86.ActiveCfg = Release|Any CPU
		{D62135FD-92DC-4431-A6D3-4F381C09BBBE}.Ad-Hoc|Any CPU.ActiveCfg = Release|Any CPU
		{D62135FD-92DC-4431-A6D3-4F381C09BBBE}.Ad-Hoc|Any CPU.Build.0 = Release|Any CPU
		{D62135FD-92DC-4431-A6D3-4F381C09BBBE}.Ad-Hoc|Any CPU.Deploy.0 = Release|Any CPU
		{D62135FD-92DC-4431-A6D3-4F381C09BBBE}.Ad-Hoc|ARM.ActiveCfg = Release|Any CPU
		{D62135FD-92DC-4431-A6D3-4F381C09BBBE}.Ad-Hoc|ARM.Build.0 = Release|Any CPU
		{D62135FD-92DC-4431-A6D3-4F381C09BBBE}.Ad-Hoc|ARM.Deploy.0 = Release|Any CPU
		{D62135FD-92DC-4431-A6D3-4F381C09BBBE}.Ad-Hoc|iPhone.ActiveCfg = Release|Any CPU
		{D62135FD-92DC-4431-A6D3-4F381C09BBBE}.Ad-Hoc|iPhone.Build.0 = Release|Any CPU
		{D62135FD-92DC-4431-A6D3-4F381C09BBBE}.Ad-Hoc|iPhone.Deploy.0 = Release|Any CPU
		{D62135FD-92DC-4431-A6D3-4F381C09BBBE}.Ad-Hoc|iPhoneSimulator.ActiveCfg = Release|Any CPU
		{D62135FD-92DC-4431-A6D3-4F381C09BBBE}.Ad-Hoc|iPhoneSimulator.Build.0 = Release|Any CPU
		{D62135FD-92DC-4431-A6D3-4F381C09BBBE}.Ad-Hoc|iPhoneSimulator.Deploy.0 = Release|Any CPU
		{D62135FD-92DC-4431-A6D3-4F381C09BBBE}.Ad-Hoc|x64.ActiveCfg = Release|Any CPU
		{D62135FD-92DC-4431-A6D3-4F381C09BBBE}.Ad-Hoc|x64.Build.0 = Release|Any CPU
		{D62135FD-92DC-4431-A6D3-4F381C09BBBE}.Ad-Hoc|x64.Deploy.0 = Release|Any CPU
		{D62135FD-92DC-4431-A6D3-4F381C09BBBE}.Ad-Hoc|x86.ActiveCfg = Release|Any CPU
		{D62135FD-92DC-4431-A6D3-4F381C09BBBE}.Ad-Hoc|x86.Build.0 = Release|Any CPU
		{D62135FD-92DC-4431-A6D3-4F381C09BBBE}.Ad-Hoc|x86.Deploy.0 = Release|Any CPU
		{D62135FD-92DC-4431-A6D3-4F381C09BBBE}.AppStore|Any CPU.ActiveCfg = Release|Any CPU
		{D62135FD-92DC-4431-A6D3-4F381C09BBBE}.AppStore|Any CPU.Build.0 = Release|Any CPU
		{D62135FD-92DC-4431-A6D3-4F381C09BBBE}.AppStore|Any CPU.Deploy.0 = Release|Any CPU
		{D62135FD-92DC-4431-A6D3-4F381C09BBBE}.AppStore|ARM.ActiveCfg = Release|Any CPU
		{D62135FD-92DC-4431-A6D3-4F381C09BBBE}.AppStore|ARM.Build.0 = Release|Any CPU
		{D62135FD-92DC-4431-A6D3-4F381C09BBBE}.AppStore|ARM.Deploy.0 = Release|Any CPU
		{D62135FD-92DC-4431-A6D3-4F381C09BBBE}.AppStore|iPhone.ActiveCfg = Release|Any CPU
		{D62135FD-92DC-4431-A6D3-4F381C09BBBE}.AppStore|iPhone.Build.0 = Release|Any CPU
		{D62135FD-92DC-4431-A6D3-4F381C09BBBE}.AppStore|iPhone.Deploy.0 = Release|Any CPU
		{D62135FD-92DC-4431-A6D3-4F381C09BBBE}.AppStore|iPhoneSimulator.ActiveCfg = Release|Any CPU
		{D62135FD-92DC-4431-A6D3-4F381C09BBBE}.AppStore|iPhoneSimulator.Build.0 = Release|Any CPU
		{D62135FD-92DC-4431-A6D3-4F381C09BBBE}.AppStore|iPhoneSimulator.Deploy.0 = Release|Any CPU
		{D62135FD-92DC-4431-A6D3-4F381C09BBBE}.AppStore|x64.ActiveCfg = Release|Any CPU
		{D62135FD-92DC-4431-A6D3-4F381C09BBBE}.AppStore|x64.Build.0 = Release|Any CPU
		{D62135FD-92DC-4431-A6D3-4F381C09BBBE}.AppStore|x64.Deploy.0 = Release|Any CPU
		{D62135FD-92DC-4431-A6D3-4F381C09BBBE}.AppStore|x86.ActiveCfg = Release|Any CPU
		{D62135FD-92DC-4431-A6D3-4F381C09BBBE}.AppStore|x86.Build.0 = Release|Any CPU
		{D62135FD-92DC-4431-A6D3-4F381C09BBBE}.AppStore|x86.Deploy.0 = Release|Any CPU
		{D62135FD-92DC-4431-A6D3-4F381C09BBBE}.Debug|Any CPU.ActiveCfg = Debug|Any CPU
		{D62135FD-92DC-4431-A6D3-4F381C09BBBE}.Debug|Any CPU.Build.0 = Debug|Any CPU
		{D62135FD-92DC-4431-A6D3-4F381C09BBBE}.Debug|Any CPU.Deploy.0 = Debug|Any CPU
		{D62135FD-92DC-4431-A6D3-4F381C09BBBE}.Debug|ARM.ActiveCfg = Debug|Any CPU
		{D62135FD-92DC-4431-A6D3-4F381C09BBBE}.Debug|ARM.Build.0 = Debug|Any CPU
		{D62135FD-92DC-4431-A6D3-4F381C09BBBE}.Debug|ARM.Deploy.0 = Debug|Any CPU
		{D62135FD-92DC-4431-A6D3-4F381C09BBBE}.Debug|iPhone.ActiveCfg = Debug|Any CPU
		{D62135FD-92DC-4431-A6D3-4F381C09BBBE}.Debug|iPhone.Build.0 = Debug|Any CPU
		{D62135FD-92DC-4431-A6D3-4F381C09BBBE}.Debug|iPhone.Deploy.0 = Debug|Any CPU
		{D62135FD-92DC-4431-A6D3-4F381C09BBBE}.Debug|iPhoneSimulator.ActiveCfg = Debug|Any CPU
		{D62135FD-92DC-4431-A6D3-4F381C09BBBE}.Debug|iPhoneSimulator.Build.0 = Debug|Any CPU
		{D62135FD-92DC-4431-A6D3-4F381C09BBBE}.Debug|iPhoneSimulator.Deploy.0 = Debug|Any CPU
		{D62135FD-92DC-4431-A6D3-4F381C09BBBE}.Debug|x64.ActiveCfg = Debug|Any CPU
		{D62135FD-92DC-4431-A6D3-4F381C09BBBE}.Debug|x64.Build.0 = Debug|Any CPU
		{D62135FD-92DC-4431-A6D3-4F381C09BBBE}.Debug|x64.Deploy.0 = Debug|Any CPU
		{D62135FD-92DC-4431-A6D3-4F381C09BBBE}.Debug|x86.ActiveCfg = Debug|Any CPU
		{D62135FD-92DC-4431-A6D3-4F381C09BBBE}.Debug|x86.Build.0 = Debug|Any CPU
		{D62135FD-92DC-4431-A6D3-4F381C09BBBE}.Debug|x86.Deploy.0 = Debug|Any CPU
		{D62135FD-92DC-4431-A6D3-4F381C09BBBE}.Release|Any CPU.ActiveCfg = Release|Any CPU
		{D62135FD-92DC-4431-A6D3-4F381C09BBBE}.Release|ARM.ActiveCfg = Release|Any CPU
		{D62135FD-92DC-4431-A6D3-4F381C09BBBE}.Release|iPhone.ActiveCfg = Release|Any CPU
		{D62135FD-92DC-4431-A6D3-4F381C09BBBE}.Release|iPhoneSimulator.ActiveCfg = Release|Any CPU
		{D62135FD-92DC-4431-A6D3-4F381C09BBBE}.Release|x64.ActiveCfg = Release|Any CPU
		{D62135FD-92DC-4431-A6D3-4F381C09BBBE}.Release|x86.ActiveCfg = Release|Any CPU
		{3417C93B-3E04-4E84-94AD-489E05AA4CBB}.Ad-Hoc|Any CPU.ActiveCfg = Ad-Hoc|iPhone
		{3417C93B-3E04-4E84-94AD-489E05AA4CBB}.Ad-Hoc|ARM.ActiveCfg = Ad-Hoc|iPhone
		{3417C93B-3E04-4E84-94AD-489E05AA4CBB}.Ad-Hoc|iPhone.ActiveCfg = Ad-Hoc|iPhone
		{3417C93B-3E04-4E84-94AD-489E05AA4CBB}.Ad-Hoc|iPhone.Build.0 = Ad-Hoc|iPhone
		{3417C93B-3E04-4E84-94AD-489E05AA4CBB}.Ad-Hoc|iPhoneSimulator.ActiveCfg = Ad-Hoc|iPhoneSimulator
		{3417C93B-3E04-4E84-94AD-489E05AA4CBB}.Ad-Hoc|iPhoneSimulator.Build.0 = Ad-Hoc|iPhoneSimulator
		{3417C93B-3E04-4E84-94AD-489E05AA4CBB}.Ad-Hoc|x64.ActiveCfg = Ad-Hoc|iPhone
		{3417C93B-3E04-4E84-94AD-489E05AA4CBB}.Ad-Hoc|x86.ActiveCfg = Ad-Hoc|iPhone
		{3417C93B-3E04-4E84-94AD-489E05AA4CBB}.AppStore|Any CPU.ActiveCfg = AppStore|iPhone
		{3417C93B-3E04-4E84-94AD-489E05AA4CBB}.AppStore|ARM.ActiveCfg = AppStore|iPhone
		{3417C93B-3E04-4E84-94AD-489E05AA4CBB}.AppStore|iPhone.ActiveCfg = AppStore|iPhone
		{3417C93B-3E04-4E84-94AD-489E05AA4CBB}.AppStore|iPhone.Build.0 = AppStore|iPhone
		{3417C93B-3E04-4E84-94AD-489E05AA4CBB}.AppStore|iPhoneSimulator.ActiveCfg = AppStore|iPhoneSimulator
		{3417C93B-3E04-4E84-94AD-489E05AA4CBB}.AppStore|iPhoneSimulator.Build.0 = AppStore|iPhoneSimulator
		{3417C93B-3E04-4E84-94AD-489E05AA4CBB}.AppStore|x64.ActiveCfg = AppStore|iPhone
		{3417C93B-3E04-4E84-94AD-489E05AA4CBB}.AppStore|x86.ActiveCfg = AppStore|iPhone
		{3417C93B-3E04-4E84-94AD-489E05AA4CBB}.Debug|Any CPU.ActiveCfg = Debug|iPhone
		{3417C93B-3E04-4E84-94AD-489E05AA4CBB}.Debug|ARM.ActiveCfg = Debug|iPhone
		{3417C93B-3E04-4E84-94AD-489E05AA4CBB}.Debug|iPhone.ActiveCfg = Debug|iPhone
		{3417C93B-3E04-4E84-94AD-489E05AA4CBB}.Debug|iPhone.Build.0 = Debug|iPhone
		{3417C93B-3E04-4E84-94AD-489E05AA4CBB}.Debug|iPhoneSimulator.ActiveCfg = Debug|iPhoneSimulator
		{3417C93B-3E04-4E84-94AD-489E05AA4CBB}.Debug|iPhoneSimulator.Build.0 = Debug|iPhoneSimulator
		{3417C93B-3E04-4E84-94AD-489E05AA4CBB}.Debug|x64.ActiveCfg = Debug|iPhone
		{3417C93B-3E04-4E84-94AD-489E05AA4CBB}.Debug|x86.ActiveCfg = Debug|iPhone
		{3417C93B-3E04-4E84-94AD-489E05AA4CBB}.Release|Any CPU.ActiveCfg = Release|iPhone
		{3417C93B-3E04-4E84-94AD-489E05AA4CBB}.Release|ARM.ActiveCfg = Release|iPhone
		{3417C93B-3E04-4E84-94AD-489E05AA4CBB}.Release|iPhone.ActiveCfg = Release|iPhone
		{3417C93B-3E04-4E84-94AD-489E05AA4CBB}.Release|iPhoneSimulator.ActiveCfg = Release|iPhoneSimulator
		{3417C93B-3E04-4E84-94AD-489E05AA4CBB}.Release|x64.ActiveCfg = Release|iPhone
		{3417C93B-3E04-4E84-94AD-489E05AA4CBB}.Release|x86.ActiveCfg = Release|iPhone
		{83DB9E94-9ABE-4BDF-ADCC-6536C0C2CA1A}.Ad-Hoc|Any CPU.ActiveCfg = Release|x86
		{83DB9E94-9ABE-4BDF-ADCC-6536C0C2CA1A}.Ad-Hoc|Any CPU.Build.0 = Release|x86
		{83DB9E94-9ABE-4BDF-ADCC-6536C0C2CA1A}.Ad-Hoc|Any CPU.Deploy.0 = Release|x86
		{83DB9E94-9ABE-4BDF-ADCC-6536C0C2CA1A}.Ad-Hoc|ARM.ActiveCfg = Release|ARM
		{83DB9E94-9ABE-4BDF-ADCC-6536C0C2CA1A}.Ad-Hoc|ARM.Build.0 = Release|ARM
		{83DB9E94-9ABE-4BDF-ADCC-6536C0C2CA1A}.Ad-Hoc|ARM.Deploy.0 = Release|ARM
		{83DB9E94-9ABE-4BDF-ADCC-6536C0C2CA1A}.Ad-Hoc|iPhone.ActiveCfg = Release|x86
		{83DB9E94-9ABE-4BDF-ADCC-6536C0C2CA1A}.Ad-Hoc|iPhone.Build.0 = Release|x86
		{83DB9E94-9ABE-4BDF-ADCC-6536C0C2CA1A}.Ad-Hoc|iPhone.Deploy.0 = Release|x86
		{83DB9E94-9ABE-4BDF-ADCC-6536C0C2CA1A}.Ad-Hoc|iPhoneSimulator.ActiveCfg = Release|x86
		{83DB9E94-9ABE-4BDF-ADCC-6536C0C2CA1A}.Ad-Hoc|iPhoneSimulator.Build.0 = Release|x86
		{83DB9E94-9ABE-4BDF-ADCC-6536C0C2CA1A}.Ad-Hoc|iPhoneSimulator.Deploy.0 = Release|x86
		{83DB9E94-9ABE-4BDF-ADCC-6536C0C2CA1A}.Ad-Hoc|x64.ActiveCfg = Release|x64
		{83DB9E94-9ABE-4BDF-ADCC-6536C0C2CA1A}.Ad-Hoc|x64.Build.0 = Release|x64
		{83DB9E94-9ABE-4BDF-ADCC-6536C0C2CA1A}.Ad-Hoc|x64.Deploy.0 = Release|x64
		{83DB9E94-9ABE-4BDF-ADCC-6536C0C2CA1A}.Ad-Hoc|x86.ActiveCfg = Release|x86
		{83DB9E94-9ABE-4BDF-ADCC-6536C0C2CA1A}.Ad-Hoc|x86.Build.0 = Release|x86
		{83DB9E94-9ABE-4BDF-ADCC-6536C0C2CA1A}.Ad-Hoc|x86.Deploy.0 = Release|x86
		{83DB9E94-9ABE-4BDF-ADCC-6536C0C2CA1A}.AppStore|Any CPU.ActiveCfg = Release|x86
		{83DB9E94-9ABE-4BDF-ADCC-6536C0C2CA1A}.AppStore|Any CPU.Build.0 = Release|x86
		{83DB9E94-9ABE-4BDF-ADCC-6536C0C2CA1A}.AppStore|Any CPU.Deploy.0 = Release|x86
		{83DB9E94-9ABE-4BDF-ADCC-6536C0C2CA1A}.AppStore|ARM.ActiveCfg = Release|ARM
		{83DB9E94-9ABE-4BDF-ADCC-6536C0C2CA1A}.AppStore|ARM.Build.0 = Release|ARM
		{83DB9E94-9ABE-4BDF-ADCC-6536C0C2CA1A}.AppStore|ARM.Deploy.0 = Release|ARM
		{83DB9E94-9ABE-4BDF-ADCC-6536C0C2CA1A}.AppStore|iPhone.ActiveCfg = Release|x86
		{83DB9E94-9ABE-4BDF-ADCC-6536C0C2CA1A}.AppStore|iPhone.Build.0 = Release|x86
		{83DB9E94-9ABE-4BDF-ADCC-6536C0C2CA1A}.AppStore|iPhone.Deploy.0 = Release|x86
		{83DB9E94-9ABE-4BDF-ADCC-6536C0C2CA1A}.AppStore|iPhoneSimulator.ActiveCfg = Release|x86
		{83DB9E94-9ABE-4BDF-ADCC-6536C0C2CA1A}.AppStore|iPhoneSimulator.Build.0 = Release|x86
		{83DB9E94-9ABE-4BDF-ADCC-6536C0C2CA1A}.AppStore|iPhoneSimulator.Deploy.0 = Release|x86
		{83DB9E94-9ABE-4BDF-ADCC-6536C0C2CA1A}.AppStore|x64.ActiveCfg = Release|x64
		{83DB9E94-9ABE-4BDF-ADCC-6536C0C2CA1A}.AppStore|x64.Build.0 = Release|x64
		{83DB9E94-9ABE-4BDF-ADCC-6536C0C2CA1A}.AppStore|x64.Deploy.0 = Release|x64
		{83DB9E94-9ABE-4BDF-ADCC-6536C0C2CA1A}.AppStore|x86.ActiveCfg = Release|x86
		{83DB9E94-9ABE-4BDF-ADCC-6536C0C2CA1A}.AppStore|x86.Build.0 = Release|x86
		{83DB9E94-9ABE-4BDF-ADCC-6536C0C2CA1A}.AppStore|x86.Deploy.0 = Release|x86
		{83DB9E94-9ABE-4BDF-ADCC-6536C0C2CA1A}.Debug|Any CPU.ActiveCfg = Debug|x86
		{83DB9E94-9ABE-4BDF-ADCC-6536C0C2CA1A}.Debug|ARM.ActiveCfg = Debug|ARM
		{83DB9E94-9ABE-4BDF-ADCC-6536C0C2CA1A}.Debug|ARM.Build.0 = Debug|ARM
		{83DB9E94-9ABE-4BDF-ADCC-6536C0C2CA1A}.Debug|ARM.Deploy.0 = Debug|ARM
		{83DB9E94-9ABE-4BDF-ADCC-6536C0C2CA1A}.Debug|iPhone.ActiveCfg = Debug|x86
		{83DB9E94-9ABE-4BDF-ADCC-6536C0C2CA1A}.Debug|iPhoneSimulator.ActiveCfg = Debug|x86
		{83DB9E94-9ABE-4BDF-ADCC-6536C0C2CA1A}.Debug|x64.ActiveCfg = Debug|x64
		{83DB9E94-9ABE-4BDF-ADCC-6536C0C2CA1A}.Debug|x64.Build.0 = Debug|x64
		{83DB9E94-9ABE-4BDF-ADCC-6536C0C2CA1A}.Debug|x64.Deploy.0 = Debug|x64
		{83DB9E94-9ABE-4BDF-ADCC-6536C0C2CA1A}.Debug|x86.ActiveCfg = Debug|x86
		{83DB9E94-9ABE-4BDF-ADCC-6536C0C2CA1A}.Debug|x86.Build.0 = Debug|x86
		{83DB9E94-9ABE-4BDF-ADCC-6536C0C2CA1A}.Debug|x86.Deploy.0 = Debug|x86
		{83DB9E94-9ABE-4BDF-ADCC-6536C0C2CA1A}.Release|Any CPU.ActiveCfg = Release|x86
		{83DB9E94-9ABE-4BDF-ADCC-6536C0C2CA1A}.Release|ARM.ActiveCfg = Release|ARM
		{83DB9E94-9ABE-4BDF-ADCC-6536C0C2CA1A}.Release|iPhone.ActiveCfg = Release|x86
		{83DB9E94-9ABE-4BDF-ADCC-6536C0C2CA1A}.Release|iPhoneSimulator.ActiveCfg = Release|x86
		{83DB9E94-9ABE-4BDF-ADCC-6536C0C2CA1A}.Release|x64.ActiveCfg = Release|x64
		{83DB9E94-9ABE-4BDF-ADCC-6536C0C2CA1A}.Release|x86.ActiveCfg = Release|x86
		{9FEBCD84-2C2D-46B2-A2DC-C8CF92EFBE4F}.Ad-Hoc|Any CPU.ActiveCfg = Debug|Any CPU
		{9FEBCD84-2C2D-46B2-A2DC-C8CF92EFBE4F}.Ad-Hoc|Any CPU.Build.0 = Debug|Any CPU
		{9FEBCD84-2C2D-46B2-A2DC-C8CF92EFBE4F}.Ad-Hoc|ARM.ActiveCfg = Debug|Any CPU
		{9FEBCD84-2C2D-46B2-A2DC-C8CF92EFBE4F}.Ad-Hoc|ARM.Build.0 = Debug|Any CPU
		{9FEBCD84-2C2D-46B2-A2DC-C8CF92EFBE4F}.Ad-Hoc|iPhone.ActiveCfg = Debug|Any CPU
		{9FEBCD84-2C2D-46B2-A2DC-C8CF92EFBE4F}.Ad-Hoc|iPhone.Build.0 = Debug|Any CPU
		{9FEBCD84-2C2D-46B2-A2DC-C8CF92EFBE4F}.Ad-Hoc|iPhoneSimulator.ActiveCfg = Debug|Any CPU
		{9FEBCD84-2C2D-46B2-A2DC-C8CF92EFBE4F}.Ad-Hoc|iPhoneSimulator.Build.0 = Debug|Any CPU
		{9FEBCD84-2C2D-46B2-A2DC-C8CF92EFBE4F}.Ad-Hoc|x64.ActiveCfg = Debug|Any CPU
		{9FEBCD84-2C2D-46B2-A2DC-C8CF92EFBE4F}.Ad-Hoc|x64.Build.0 = Debug|Any CPU
		{9FEBCD84-2C2D-46B2-A2DC-C8CF92EFBE4F}.Ad-Hoc|x86.ActiveCfg = Debug|Any CPU
		{9FEBCD84-2C2D-46B2-A2DC-C8CF92EFBE4F}.Ad-Hoc|x86.Build.0 = Debug|Any CPU
		{9FEBCD84-2C2D-46B2-A2DC-C8CF92EFBE4F}.AppStore|Any CPU.ActiveCfg = Debug|Any CPU
		{9FEBCD84-2C2D-46B2-A2DC-C8CF92EFBE4F}.AppStore|Any CPU.Build.0 = Debug|Any CPU
		{9FEBCD84-2C2D-46B2-A2DC-C8CF92EFBE4F}.AppStore|ARM.ActiveCfg = Debug|Any CPU
		{9FEBCD84-2C2D-46B2-A2DC-C8CF92EFBE4F}.AppStore|ARM.Build.0 = Debug|Any CPU
		{9FEBCD84-2C2D-46B2-A2DC-C8CF92EFBE4F}.AppStore|iPhone.ActiveCfg = Debug|Any CPU
		{9FEBCD84-2C2D-46B2-A2DC-C8CF92EFBE4F}.AppStore|iPhone.Build.0 = Debug|Any CPU
		{9FEBCD84-2C2D-46B2-A2DC-C8CF92EFBE4F}.AppStore|iPhoneSimulator.ActiveCfg = Debug|Any CPU
		{9FEBCD84-2C2D-46B2-A2DC-C8CF92EFBE4F}.AppStore|iPhoneSimulator.Build.0 = Debug|Any CPU
		{9FEBCD84-2C2D-46B2-A2DC-C8CF92EFBE4F}.AppStore|x64.ActiveCfg = Debug|Any CPU
		{9FEBCD84-2C2D-46B2-A2DC-C8CF92EFBE4F}.AppStore|x64.Build.0 = Debug|Any CPU
		{9FEBCD84-2C2D-46B2-A2DC-C8CF92EFBE4F}.AppStore|x86.ActiveCfg = Debug|Any CPU
		{9FEBCD84-2C2D-46B2-A2DC-C8CF92EFBE4F}.AppStore|x86.Build.0 = Debug|Any CPU
		{9FEBCD84-2C2D-46B2-A2DC-C8CF92EFBE4F}.Debug|Any CPU.ActiveCfg = Debug|Any CPU
		{9FEBCD84-2C2D-46B2-A2DC-C8CF92EFBE4F}.Debug|Any CPU.Build.0 = Debug|Any CPU
		{9FEBCD84-2C2D-46B2-A2DC-C8CF92EFBE4F}.Debug|ARM.ActiveCfg = Debug|Any CPU
		{9FEBCD84-2C2D-46B2-A2DC-C8CF92EFBE4F}.Debug|ARM.Build.0 = Debug|Any CPU
		{9FEBCD84-2C2D-46B2-A2DC-C8CF92EFBE4F}.Debug|iPhone.ActiveCfg = Debug|Any CPU
		{9FEBCD84-2C2D-46B2-A2DC-C8CF92EFBE4F}.Debug|iPhone.Build.0 = Debug|Any CPU
		{9FEBCD84-2C2D-46B2-A2DC-C8CF92EFBE4F}.Debug|iPhoneSimulator.ActiveCfg = Debug|Any CPU
		{9FEBCD84-2C2D-46B2-A2DC-C8CF92EFBE4F}.Debug|iPhoneSimulator.Build.0 = Debug|Any CPU
		{9FEBCD84-2C2D-46B2-A2DC-C8CF92EFBE4F}.Debug|x64.ActiveCfg = Debug|Any CPU
		{9FEBCD84-2C2D-46B2-A2DC-C8CF92EFBE4F}.Debug|x64.Build.0 = Debug|Any CPU
		{9FEBCD84-2C2D-46B2-A2DC-C8CF92EFBE4F}.Debug|x86.ActiveCfg = Debug|Any CPU
		{9FEBCD84-2C2D-46B2-A2DC-C8CF92EFBE4F}.Debug|x86.Build.0 = Debug|Any CPU
		{9FEBCD84-2C2D-46B2-A2DC-C8CF92EFBE4F}.Release|Any CPU.ActiveCfg = Release|Any CPU
		{9FEBCD84-2C2D-46B2-A2DC-C8CF92EFBE4F}.Release|Any CPU.Build.0 = Release|Any CPU
		{9FEBCD84-2C2D-46B2-A2DC-C8CF92EFBE4F}.Release|ARM.ActiveCfg = Release|Any CPU
		{9FEBCD84-2C2D-46B2-A2DC-C8CF92EFBE4F}.Release|ARM.Build.0 = Release|Any CPU
		{9FEBCD84-2C2D-46B2-A2DC-C8CF92EFBE4F}.Release|iPhone.ActiveCfg = Release|Any CPU
		{9FEBCD84-2C2D-46B2-A2DC-C8CF92EFBE4F}.Release|iPhone.Build.0 = Release|Any CPU
		{9FEBCD84-2C2D-46B2-A2DC-C8CF92EFBE4F}.Release|iPhoneSimulator.ActiveCfg = Release|Any CPU
		{9FEBCD84-2C2D-46B2-A2DC-C8CF92EFBE4F}.Release|iPhoneSimulator.Build.0 = Release|Any CPU
		{9FEBCD84-2C2D-46B2-A2DC-C8CF92EFBE4F}.Release|x64.ActiveCfg = Release|Any CPU
		{9FEBCD84-2C2D-46B2-A2DC-C8CF92EFBE4F}.Release|x64.Build.0 = Release|Any CPU
		{9FEBCD84-2C2D-46B2-A2DC-C8CF92EFBE4F}.Release|x86.ActiveCfg = Release|Any CPU
		{9FEBCD84-2C2D-46B2-A2DC-C8CF92EFBE4F}.Release|x86.Build.0 = Release|Any CPU
		{C13B14F5-3C33-45F1-9FE3-350DD2693201}.Ad-Hoc|Any CPU.ActiveCfg = Debug|Any CPU
		{C13B14F5-3C33-45F1-9FE3-350DD2693201}.Ad-Hoc|Any CPU.Build.0 = Debug|Any CPU
		{C13B14F5-3C33-45F1-9FE3-350DD2693201}.Ad-Hoc|ARM.ActiveCfg = Debug|Any CPU
		{C13B14F5-3C33-45F1-9FE3-350DD2693201}.Ad-Hoc|ARM.Build.0 = Debug|Any CPU
		{C13B14F5-3C33-45F1-9FE3-350DD2693201}.Ad-Hoc|iPhone.ActiveCfg = Debug|Any CPU
		{C13B14F5-3C33-45F1-9FE3-350DD2693201}.Ad-Hoc|iPhone.Build.0 = Debug|Any CPU
		{C13B14F5-3C33-45F1-9FE3-350DD2693201}.Ad-Hoc|iPhoneSimulator.ActiveCfg = Debug|Any CPU
		{C13B14F5-3C33-45F1-9FE3-350DD2693201}.Ad-Hoc|iPhoneSimulator.Build.0 = Debug|Any CPU
		{C13B14F5-3C33-45F1-9FE3-350DD2693201}.Ad-Hoc|x64.ActiveCfg = Debug|Any CPU
		{C13B14F5-3C33-45F1-9FE3-350DD2693201}.Ad-Hoc|x64.Build.0 = Debug|Any CPU
		{C13B14F5-3C33-45F1-9FE3-350DD2693201}.Ad-Hoc|x86.ActiveCfg = Debug|Any CPU
		{C13B14F5-3C33-45F1-9FE3-350DD2693201}.Ad-Hoc|x86.Build.0 = Debug|Any CPU
		{C13B14F5-3C33-45F1-9FE3-350DD2693201}.AppStore|Any CPU.ActiveCfg = Debug|Any CPU
		{C13B14F5-3C33-45F1-9FE3-350DD2693201}.AppStore|Any CPU.Build.0 = Debug|Any CPU
		{C13B14F5-3C33-45F1-9FE3-350DD2693201}.AppStore|ARM.ActiveCfg = Debug|Any CPU
		{C13B14F5-3C33-45F1-9FE3-350DD2693201}.AppStore|ARM.Build.0 = Debug|Any CPU
		{C13B14F5-3C33-45F1-9FE3-350DD2693201}.AppStore|iPhone.ActiveCfg = Debug|Any CPU
		{C13B14F5-3C33-45F1-9FE3-350DD2693201}.AppStore|iPhone.Build.0 = Debug|Any CPU
		{C13B14F5-3C33-45F1-9FE3-350DD2693201}.AppStore|iPhoneSimulator.ActiveCfg = Debug|Any CPU
		{C13B14F5-3C33-45F1-9FE3-350DD2693201}.AppStore|iPhoneSimulator.Build.0 = Debug|Any CPU
		{C13B14F5-3C33-45F1-9FE3-350DD2693201}.AppStore|x64.ActiveCfg = Debug|Any CPU
		{C13B14F5-3C33-45F1-9FE3-350DD2693201}.AppStore|x64.Build.0 = Debug|Any CPU
		{C13B14F5-3C33-45F1-9FE3-350DD2693201}.AppStore|x86.ActiveCfg = Debug|Any CPU
		{C13B14F5-3C33-45F1-9FE3-350DD2693201}.AppStore|x86.Build.0 = Debug|Any CPU
		{C13B14F5-3C33-45F1-9FE3-350DD2693201}.Debug|Any CPU.ActiveCfg = Debug|Any CPU
		{C13B14F5-3C33-45F1-9FE3-350DD2693201}.Debug|Any CPU.Build.0 = Debug|Any CPU
		{C13B14F5-3C33-45F1-9FE3-350DD2693201}.Debug|ARM.ActiveCfg = Debug|Any CPU
		{C13B14F5-3C33-45F1-9FE3-350DD2693201}.Debug|ARM.Build.0 = Debug|Any CPU
		{C13B14F5-3C33-45F1-9FE3-350DD2693201}.Debug|iPhone.ActiveCfg = Debug|Any CPU
		{C13B14F5-3C33-45F1-9FE3-350DD2693201}.Debug|iPhone.Build.0 = Debug|Any CPU
		{C13B14F5-3C33-45F1-9FE3-350DD2693201}.Debug|iPhoneSimulator.ActiveCfg = Debug|Any CPU
		{C13B14F5-3C33-45F1-9FE3-350DD2693201}.Debug|iPhoneSimulator.Build.0 = Debug|Any CPU
		{C13B14F5-3C33-45F1-9FE3-350DD2693201}.Debug|x64.ActiveCfg = Debug|Any CPU
		{C13B14F5-3C33-45F1-9FE3-350DD2693201}.Debug|x64.Build.0 = Debug|Any CPU
		{C13B14F5-3C33-45F1-9FE3-350DD2693201}.Debug|x86.ActiveCfg = Debug|Any CPU
		{C13B14F5-3C33-45F1-9FE3-350DD2693201}.Debug|x86.Build.0 = Debug|Any CPU
		{C13B14F5-3C33-45F1-9FE3-350DD2693201}.Release|Any CPU.ActiveCfg = Release|Any CPU
		{C13B14F5-3C33-45F1-9FE3-350DD2693201}.Release|Any CPU.Build.0 = Release|Any CPU
		{C13B14F5-3C33-45F1-9FE3-350DD2693201}.Release|ARM.ActiveCfg = Release|Any CPU
		{C13B14F5-3C33-45F1-9FE3-350DD2693201}.Release|ARM.Build.0 = Release|Any CPU
		{C13B14F5-3C33-45F1-9FE3-350DD2693201}.Release|iPhone.ActiveCfg = Release|Any CPU
		{C13B14F5-3C33-45F1-9FE3-350DD2693201}.Release|iPhone.Build.0 = Release|Any CPU
		{C13B14F5-3C33-45F1-9FE3-350DD2693201}.Release|iPhoneSimulator.ActiveCfg = Release|Any CPU
		{C13B14F5-3C33-45F1-9FE3-350DD2693201}.Release|iPhoneSimulator.Build.0 = Release|Any CPU
		{C13B14F5-3C33-45F1-9FE3-350DD2693201}.Release|x64.ActiveCfg = Release|Any CPU
		{C13B14F5-3C33-45F1-9FE3-350DD2693201}.Release|x64.Build.0 = Release|Any CPU
		{C13B14F5-3C33-45F1-9FE3-350DD2693201}.Release|x86.ActiveCfg = Release|Any CPU
		{C13B14F5-3C33-45F1-9FE3-350DD2693201}.Release|x86.Build.0 = Release|Any CPU
		{3F652CAD-4445-4431-9632-93772732840A}.Ad-Hoc|Any CPU.ActiveCfg = Debug|Any CPU
		{3F652CAD-4445-4431-9632-93772732840A}.Ad-Hoc|Any CPU.Build.0 = Debug|Any CPU
		{3F652CAD-4445-4431-9632-93772732840A}.Ad-Hoc|ARM.ActiveCfg = Debug|Any CPU
		{3F652CAD-4445-4431-9632-93772732840A}.Ad-Hoc|ARM.Build.0 = Debug|Any CPU
		{3F652CAD-4445-4431-9632-93772732840A}.Ad-Hoc|iPhone.ActiveCfg = Debug|Any CPU
		{3F652CAD-4445-4431-9632-93772732840A}.Ad-Hoc|iPhone.Build.0 = Debug|Any CPU
		{3F652CAD-4445-4431-9632-93772732840A}.Ad-Hoc|iPhoneSimulator.ActiveCfg = Debug|Any CPU
		{3F652CAD-4445-4431-9632-93772732840A}.Ad-Hoc|iPhoneSimulator.Build.0 = Debug|Any CPU
		{3F652CAD-4445-4431-9632-93772732840A}.Ad-Hoc|x64.ActiveCfg = Debug|Any CPU
		{3F652CAD-4445-4431-9632-93772732840A}.Ad-Hoc|x64.Build.0 = Debug|Any CPU
		{3F652CAD-4445-4431-9632-93772732840A}.Ad-Hoc|x86.ActiveCfg = Debug|Any CPU
		{3F652CAD-4445-4431-9632-93772732840A}.Ad-Hoc|x86.Build.0 = Debug|Any CPU
		{3F652CAD-4445-4431-9632-93772732840A}.AppStore|Any CPU.ActiveCfg = Debug|Any CPU
		{3F652CAD-4445-4431-9632-93772732840A}.AppStore|Any CPU.Build.0 = Debug|Any CPU
		{3F652CAD-4445-4431-9632-93772732840A}.AppStore|ARM.ActiveCfg = Debug|Any CPU
		{3F652CAD-4445-4431-9632-93772732840A}.AppStore|ARM.Build.0 = Debug|Any CPU
		{3F652CAD-4445-4431-9632-93772732840A}.AppStore|iPhone.ActiveCfg = Debug|Any CPU
		{3F652CAD-4445-4431-9632-93772732840A}.AppStore|iPhone.Build.0 = Debug|Any CPU
		{3F652CAD-4445-4431-9632-93772732840A}.AppStore|iPhoneSimulator.ActiveCfg = Debug|Any CPU
		{3F652CAD-4445-4431-9632-93772732840A}.AppStore|iPhoneSimulator.Build.0 = Debug|Any CPU
		{3F652CAD-4445-4431-9632-93772732840A}.AppStore|x64.ActiveCfg = Debug|Any CPU
		{3F652CAD-4445-4431-9632-93772732840A}.AppStore|x64.Build.0 = Debug|Any CPU
		{3F652CAD-4445-4431-9632-93772732840A}.AppStore|x86.ActiveCfg = Debug|Any CPU
		{3F652CAD-4445-4431-9632-93772732840A}.AppStore|x86.Build.0 = Debug|Any CPU
		{3F652CAD-4445-4431-9632-93772732840A}.Debug|Any CPU.ActiveCfg = Debug|Any CPU
		{3F652CAD-4445-4431-9632-93772732840A}.Debug|Any CPU.Build.0 = Debug|Any CPU
		{3F652CAD-4445-4431-9632-93772732840A}.Debug|ARM.ActiveCfg = Debug|Any CPU
		{3F652CAD-4445-4431-9632-93772732840A}.Debug|ARM.Build.0 = Debug|Any CPU
		{3F652CAD-4445-4431-9632-93772732840A}.Debug|iPhone.ActiveCfg = Debug|Any CPU
		{3F652CAD-4445-4431-9632-93772732840A}.Debug|iPhone.Build.0 = Debug|Any CPU
		{3F652CAD-4445-4431-9632-93772732840A}.Debug|iPhoneSimulator.ActiveCfg = Debug|Any CPU
		{3F652CAD-4445-4431-9632-93772732840A}.Debug|iPhoneSimulator.Build.0 = Debug|Any CPU
		{3F652CAD-4445-4431-9632-93772732840A}.Debug|x64.ActiveCfg = Debug|Any CPU
		{3F652CAD-4445-4431-9632-93772732840A}.Debug|x64.Build.0 = Debug|Any CPU
		{3F652CAD-4445-4431-9632-93772732840A}.Debug|x86.ActiveCfg = Debug|Any CPU
		{3F652CAD-4445-4431-9632-93772732840A}.Debug|x86.Build.0 = Debug|Any CPU
		{3F652CAD-4445-4431-9632-93772732840A}.Release|Any CPU.ActiveCfg = Release|Any CPU
		{3F652CAD-4445-4431-9632-93772732840A}.Release|Any CPU.Build.0 = Release|Any CPU
		{3F652CAD-4445-4431-9632-93772732840A}.Release|ARM.ActiveCfg = Release|Any CPU
		{3F652CAD-4445-4431-9632-93772732840A}.Release|ARM.Build.0 = Release|Any CPU
		{3F652CAD-4445-4431-9632-93772732840A}.Release|iPhone.ActiveCfg = Release|Any CPU
		{3F652CAD-4445-4431-9632-93772732840A}.Release|iPhone.Build.0 = Release|Any CPU
		{3F652CAD-4445-4431-9632-93772732840A}.Release|iPhoneSimulator.ActiveCfg = Release|Any CPU
		{3F652CAD-4445-4431-9632-93772732840A}.Release|iPhoneSimulator.Build.0 = Release|Any CPU
		{3F652CAD-4445-4431-9632-93772732840A}.Release|x64.ActiveCfg = Release|Any CPU
		{3F652CAD-4445-4431-9632-93772732840A}.Release|x64.Build.0 = Release|Any CPU
		{3F652CAD-4445-4431-9632-93772732840A}.Release|x86.ActiveCfg = Release|Any CPU
		{3F652CAD-4445-4431-9632-93772732840A}.Release|x86.Build.0 = Release|Any CPU
		{A4ACA273-B11B-426E-8386-3AA93EDF54F4}.Ad-Hoc|Any CPU.ActiveCfg = Debug|Any CPU
		{A4ACA273-B11B-426E-8386-3AA93EDF54F4}.Ad-Hoc|Any CPU.Build.0 = Debug|Any CPU
		{A4ACA273-B11B-426E-8386-3AA93EDF54F4}.Ad-Hoc|ARM.ActiveCfg = Debug|Any CPU
		{A4ACA273-B11B-426E-8386-3AA93EDF54F4}.Ad-Hoc|ARM.Build.0 = Debug|Any CPU
		{A4ACA273-B11B-426E-8386-3AA93EDF54F4}.Ad-Hoc|iPhone.ActiveCfg = Debug|Any CPU
		{A4ACA273-B11B-426E-8386-3AA93EDF54F4}.Ad-Hoc|iPhone.Build.0 = Debug|Any CPU
		{A4ACA273-B11B-426E-8386-3AA93EDF54F4}.Ad-Hoc|iPhoneSimulator.ActiveCfg = Debug|Any CPU
		{A4ACA273-B11B-426E-8386-3AA93EDF54F4}.Ad-Hoc|iPhoneSimulator.Build.0 = Debug|Any CPU
		{A4ACA273-B11B-426E-8386-3AA93EDF54F4}.Ad-Hoc|x64.ActiveCfg = Debug|Any CPU
		{A4ACA273-B11B-426E-8386-3AA93EDF54F4}.Ad-Hoc|x64.Build.0 = Debug|Any CPU
		{A4ACA273-B11B-426E-8386-3AA93EDF54F4}.Ad-Hoc|x86.ActiveCfg = Debug|Any CPU
		{A4ACA273-B11B-426E-8386-3AA93EDF54F4}.Ad-Hoc|x86.Build.0 = Debug|Any CPU
		{A4ACA273-B11B-426E-8386-3AA93EDF54F4}.AppStore|Any CPU.ActiveCfg = Debug|Any CPU
		{A4ACA273-B11B-426E-8386-3AA93EDF54F4}.AppStore|Any CPU.Build.0 = Debug|Any CPU
		{A4ACA273-B11B-426E-8386-3AA93EDF54F4}.AppStore|ARM.ActiveCfg = Debug|Any CPU
		{A4ACA273-B11B-426E-8386-3AA93EDF54F4}.AppStore|ARM.Build.0 = Debug|Any CPU
		{A4ACA273-B11B-426E-8386-3AA93EDF54F4}.AppStore|iPhone.ActiveCfg = Debug|Any CPU
		{A4ACA273-B11B-426E-8386-3AA93EDF54F4}.AppStore|iPhone.Build.0 = Debug|Any CPU
		{A4ACA273-B11B-426E-8386-3AA93EDF54F4}.AppStore|iPhoneSimulator.ActiveCfg = Debug|Any CPU
		{A4ACA273-B11B-426E-8386-3AA93EDF54F4}.AppStore|iPhoneSimulator.Build.0 = Debug|Any CPU
		{A4ACA273-B11B-426E-8386-3AA93EDF54F4}.AppStore|x64.ActiveCfg = Debug|Any CPU
		{A4ACA273-B11B-426E-8386-3AA93EDF54F4}.AppStore|x64.Build.0 = Debug|Any CPU
		{A4ACA273-B11B-426E-8386-3AA93EDF54F4}.AppStore|x86.ActiveCfg = Debug|Any CPU
		{A4ACA273-B11B-426E-8386-3AA93EDF54F4}.AppStore|x86.Build.0 = Debug|Any CPU
		{A4ACA273-B11B-426E-8386-3AA93EDF54F4}.Debug|Any CPU.ActiveCfg = Debug|Any CPU
		{A4ACA273-B11B-426E-8386-3AA93EDF54F4}.Debug|Any CPU.Build.0 = Debug|Any CPU
		{A4ACA273-B11B-426E-8386-3AA93EDF54F4}.Debug|ARM.ActiveCfg = Debug|Any CPU
		{A4ACA273-B11B-426E-8386-3AA93EDF54F4}.Debug|ARM.Build.0 = Debug|Any CPU
		{A4ACA273-B11B-426E-8386-3AA93EDF54F4}.Debug|iPhone.ActiveCfg = Debug|Any CPU
		{A4ACA273-B11B-426E-8386-3AA93EDF54F4}.Debug|iPhone.Build.0 = Debug|Any CPU
		{A4ACA273-B11B-426E-8386-3AA93EDF54F4}.Debug|iPhoneSimulator.ActiveCfg = Debug|Any CPU
		{A4ACA273-B11B-426E-8386-3AA93EDF54F4}.Debug|iPhoneSimulator.Build.0 = Debug|Any CPU
		{A4ACA273-B11B-426E-8386-3AA93EDF54F4}.Debug|x64.ActiveCfg = Debug|Any CPU
		{A4ACA273-B11B-426E-8386-3AA93EDF54F4}.Debug|x64.Build.0 = Debug|Any CPU
		{A4ACA273-B11B-426E-8386-3AA93EDF54F4}.Debug|x86.ActiveCfg = Debug|Any CPU
		{A4ACA273-B11B-426E-8386-3AA93EDF54F4}.Debug|x86.Build.0 = Debug|Any CPU
		{A4ACA273-B11B-426E-8386-3AA93EDF54F4}.Release|Any CPU.ActiveCfg = Release|Any CPU
		{A4ACA273-B11B-426E-8386-3AA93EDF54F4}.Release|Any CPU.Build.0 = Release|Any CPU
		{A4ACA273-B11B-426E-8386-3AA93EDF54F4}.Release|ARM.ActiveCfg = Release|Any CPU
		{A4ACA273-B11B-426E-8386-3AA93EDF54F4}.Release|ARM.Build.0 = Release|Any CPU
		{A4ACA273-B11B-426E-8386-3AA93EDF54F4}.Release|iPhone.ActiveCfg = Release|Any CPU
		{A4ACA273-B11B-426E-8386-3AA93EDF54F4}.Release|iPhone.Build.0 = Release|Any CPU
		{A4ACA273-B11B-426E-8386-3AA93EDF54F4}.Release|iPhoneSimulator.ActiveCfg = Release|Any CPU
		{A4ACA273-B11B-426E-8386-3AA93EDF54F4}.Release|iPhoneSimulator.Build.0 = Release|Any CPU
		{A4ACA273-B11B-426E-8386-3AA93EDF54F4}.Release|x64.ActiveCfg = Release|Any CPU
		{A4ACA273-B11B-426E-8386-3AA93EDF54F4}.Release|x64.Build.0 = Release|Any CPU
		{A4ACA273-B11B-426E-8386-3AA93EDF54F4}.Release|x86.ActiveCfg = Release|Any CPU
		{A4ACA273-B11B-426E-8386-3AA93EDF54F4}.Release|x86.Build.0 = Release|Any CPU
		{8CFCB0CC-68C4-4A97-BE9C-676998EB7D62}.Ad-Hoc|Any CPU.ActiveCfg = Debug|Any CPU
		{8CFCB0CC-68C4-4A97-BE9C-676998EB7D62}.Ad-Hoc|Any CPU.Build.0 = Debug|Any CPU
		{8CFCB0CC-68C4-4A97-BE9C-676998EB7D62}.Ad-Hoc|ARM.ActiveCfg = Debug|Any CPU
		{8CFCB0CC-68C4-4A97-BE9C-676998EB7D62}.Ad-Hoc|ARM.Build.0 = Debug|Any CPU
		{8CFCB0CC-68C4-4A97-BE9C-676998EB7D62}.Ad-Hoc|iPhone.ActiveCfg = Debug|Any CPU
		{8CFCB0CC-68C4-4A97-BE9C-676998EB7D62}.Ad-Hoc|iPhone.Build.0 = Debug|Any CPU
		{8CFCB0CC-68C4-4A97-BE9C-676998EB7D62}.Ad-Hoc|iPhoneSimulator.ActiveCfg = Debug|Any CPU
		{8CFCB0CC-68C4-4A97-BE9C-676998EB7D62}.Ad-Hoc|iPhoneSimulator.Build.0 = Debug|Any CPU
		{8CFCB0CC-68C4-4A97-BE9C-676998EB7D62}.Ad-Hoc|x64.ActiveCfg = Debug|Any CPU
		{8CFCB0CC-68C4-4A97-BE9C-676998EB7D62}.Ad-Hoc|x64.Build.0 = Debug|Any CPU
		{8CFCB0CC-68C4-4A97-BE9C-676998EB7D62}.Ad-Hoc|x86.ActiveCfg = Debug|Any CPU
		{8CFCB0CC-68C4-4A97-BE9C-676998EB7D62}.Ad-Hoc|x86.Build.0 = Debug|Any CPU
		{8CFCB0CC-68C4-4A97-BE9C-676998EB7D62}.AppStore|Any CPU.ActiveCfg = Debug|Any CPU
		{8CFCB0CC-68C4-4A97-BE9C-676998EB7D62}.AppStore|Any CPU.Build.0 = Debug|Any CPU
		{8CFCB0CC-68C4-4A97-BE9C-676998EB7D62}.AppStore|ARM.ActiveCfg = Debug|Any CPU
		{8CFCB0CC-68C4-4A97-BE9C-676998EB7D62}.AppStore|ARM.Build.0 = Debug|Any CPU
		{8CFCB0CC-68C4-4A97-BE9C-676998EB7D62}.AppStore|iPhone.ActiveCfg = Debug|Any CPU
		{8CFCB0CC-68C4-4A97-BE9C-676998EB7D62}.AppStore|iPhone.Build.0 = Debug|Any CPU
		{8CFCB0CC-68C4-4A97-BE9C-676998EB7D62}.AppStore|iPhoneSimulator.ActiveCfg = Debug|Any CPU
		{8CFCB0CC-68C4-4A97-BE9C-676998EB7D62}.AppStore|iPhoneSimulator.Build.0 = Debug|Any CPU
		{8CFCB0CC-68C4-4A97-BE9C-676998EB7D62}.AppStore|x64.ActiveCfg = Debug|Any CPU
		{8CFCB0CC-68C4-4A97-BE9C-676998EB7D62}.AppStore|x64.Build.0 = Debug|Any CPU
		{8CFCB0CC-68C4-4A97-BE9C-676998EB7D62}.AppStore|x86.ActiveCfg = Debug|Any CPU
		{8CFCB0CC-68C4-4A97-BE9C-676998EB7D62}.AppStore|x86.Build.0 = Debug|Any CPU
		{8CFCB0CC-68C4-4A97-BE9C-676998EB7D62}.Debug|Any CPU.ActiveCfg = Debug|Any CPU
		{8CFCB0CC-68C4-4A97-BE9C-676998EB7D62}.Debug|Any CPU.Build.0 = Debug|Any CPU
		{8CFCB0CC-68C4-4A97-BE9C-676998EB7D62}.Debug|ARM.ActiveCfg = Debug|Any CPU
		{8CFCB0CC-68C4-4A97-BE9C-676998EB7D62}.Debug|ARM.Build.0 = Debug|Any CPU
		{8CFCB0CC-68C4-4A97-BE9C-676998EB7D62}.Debug|iPhone.ActiveCfg = Debug|Any CPU
		{8CFCB0CC-68C4-4A97-BE9C-676998EB7D62}.Debug|iPhone.Build.0 = Debug|Any CPU
		{8CFCB0CC-68C4-4A97-BE9C-676998EB7D62}.Debug|iPhoneSimulator.ActiveCfg = Debug|Any CPU
		{8CFCB0CC-68C4-4A97-BE9C-676998EB7D62}.Debug|iPhoneSimulator.Build.0 = Debug|Any CPU
		{8CFCB0CC-68C4-4A97-BE9C-676998EB7D62}.Debug|x64.ActiveCfg = Debug|Any CPU
		{8CFCB0CC-68C4-4A97-BE9C-676998EB7D62}.Debug|x64.Build.0 = Debug|Any CPU
		{8CFCB0CC-68C4-4A97-BE9C-676998EB7D62}.Debug|x86.ActiveCfg = Debug|Any CPU
		{8CFCB0CC-68C4-4A97-BE9C-676998EB7D62}.Debug|x86.Build.0 = Debug|Any CPU
		{8CFCB0CC-68C4-4A97-BE9C-676998EB7D62}.Release|Any CPU.ActiveCfg = Release|Any CPU
		{8CFCB0CC-68C4-4A97-BE9C-676998EB7D62}.Release|Any CPU.Build.0 = Release|Any CPU
		{8CFCB0CC-68C4-4A97-BE9C-676998EB7D62}.Release|ARM.ActiveCfg = Release|Any CPU
		{8CFCB0CC-68C4-4A97-BE9C-676998EB7D62}.Release|ARM.Build.0 = Release|Any CPU
		{8CFCB0CC-68C4-4A97-BE9C-676998EB7D62}.Release|iPhone.ActiveCfg = Release|Any CPU
		{8CFCB0CC-68C4-4A97-BE9C-676998EB7D62}.Release|iPhone.Build.0 = Release|Any CPU
		{8CFCB0CC-68C4-4A97-BE9C-676998EB7D62}.Release|iPhoneSimulator.ActiveCfg = Release|Any CPU
		{8CFCB0CC-68C4-4A97-BE9C-676998EB7D62}.Release|iPhoneSimulator.Build.0 = Release|Any CPU
		{8CFCB0CC-68C4-4A97-BE9C-676998EB7D62}.Release|x64.ActiveCfg = Release|Any CPU
		{8CFCB0CC-68C4-4A97-BE9C-676998EB7D62}.Release|x64.Build.0 = Release|Any CPU
		{8CFCB0CC-68C4-4A97-BE9C-676998EB7D62}.Release|x86.ActiveCfg = Release|Any CPU
		{8CFCB0CC-68C4-4A97-BE9C-676998EB7D62}.Release|x86.Build.0 = Release|Any CPU
		{F4D8AE9E-530B-496B-A6CF-849F30931FC6}.Ad-Hoc|Any CPU.ActiveCfg = Debug|Any CPU
		{F4D8AE9E-530B-496B-A6CF-849F30931FC6}.Ad-Hoc|Any CPU.Build.0 = Debug|Any CPU
		{F4D8AE9E-530B-496B-A6CF-849F30931FC6}.Ad-Hoc|ARM.ActiveCfg = Debug|Any CPU
		{F4D8AE9E-530B-496B-A6CF-849F30931FC6}.Ad-Hoc|ARM.Build.0 = Debug|Any CPU
		{F4D8AE9E-530B-496B-A6CF-849F30931FC6}.Ad-Hoc|iPhone.ActiveCfg = Debug|Any CPU
		{F4D8AE9E-530B-496B-A6CF-849F30931FC6}.Ad-Hoc|iPhone.Build.0 = Debug|Any CPU
		{F4D8AE9E-530B-496B-A6CF-849F30931FC6}.Ad-Hoc|iPhoneSimulator.ActiveCfg = Debug|Any CPU
		{F4D8AE9E-530B-496B-A6CF-849F30931FC6}.Ad-Hoc|iPhoneSimulator.Build.0 = Debug|Any CPU
		{F4D8AE9E-530B-496B-A6CF-849F30931FC6}.Ad-Hoc|x64.ActiveCfg = Debug|Any CPU
		{F4D8AE9E-530B-496B-A6CF-849F30931FC6}.Ad-Hoc|x64.Build.0 = Debug|Any CPU
		{F4D8AE9E-530B-496B-A6CF-849F30931FC6}.Ad-Hoc|x86.ActiveCfg = Debug|Any CPU
		{F4D8AE9E-530B-496B-A6CF-849F30931FC6}.Ad-Hoc|x86.Build.0 = Debug|Any CPU
		{F4D8AE9E-530B-496B-A6CF-849F30931FC6}.AppStore|Any CPU.ActiveCfg = Debug|Any CPU
		{F4D8AE9E-530B-496B-A6CF-849F30931FC6}.AppStore|Any CPU.Build.0 = Debug|Any CPU
		{F4D8AE9E-530B-496B-A6CF-849F30931FC6}.AppStore|ARM.ActiveCfg = Debug|Any CPU
		{F4D8AE9E-530B-496B-A6CF-849F30931FC6}.AppStore|ARM.Build.0 = Debug|Any CPU
		{F4D8AE9E-530B-496B-A6CF-849F30931FC6}.AppStore|iPhone.ActiveCfg = Debug|Any CPU
		{F4D8AE9E-530B-496B-A6CF-849F30931FC6}.AppStore|iPhone.Build.0 = Debug|Any CPU
		{F4D8AE9E-530B-496B-A6CF-849F30931FC6}.AppStore|iPhoneSimulator.ActiveCfg = Debug|Any CPU
		{F4D8AE9E-530B-496B-A6CF-849F30931FC6}.AppStore|iPhoneSimulator.Build.0 = Debug|Any CPU
		{F4D8AE9E-530B-496B-A6CF-849F30931FC6}.AppStore|x64.ActiveCfg = Debug|Any CPU
		{F4D8AE9E-530B-496B-A6CF-849F30931FC6}.AppStore|x64.Build.0 = Debug|Any CPU
		{F4D8AE9E-530B-496B-A6CF-849F30931FC6}.AppStore|x86.ActiveCfg = Debug|Any CPU
		{F4D8AE9E-530B-496B-A6CF-849F30931FC6}.AppStore|x86.Build.0 = Debug|Any CPU
		{F4D8AE9E-530B-496B-A6CF-849F30931FC6}.Debug|Any CPU.ActiveCfg = Debug|Any CPU
		{F4D8AE9E-530B-496B-A6CF-849F30931FC6}.Debug|Any CPU.Build.0 = Debug|Any CPU
		{F4D8AE9E-530B-496B-A6CF-849F30931FC6}.Debug|ARM.ActiveCfg = Debug|Any CPU
		{F4D8AE9E-530B-496B-A6CF-849F30931FC6}.Debug|ARM.Build.0 = Debug|Any CPU
		{F4D8AE9E-530B-496B-A6CF-849F30931FC6}.Debug|iPhone.ActiveCfg = Debug|Any CPU
		{F4D8AE9E-530B-496B-A6CF-849F30931FC6}.Debug|iPhone.Build.0 = Debug|Any CPU
		{F4D8AE9E-530B-496B-A6CF-849F30931FC6}.Debug|iPhoneSimulator.ActiveCfg = Debug|Any CPU
		{F4D8AE9E-530B-496B-A6CF-849F30931FC6}.Debug|iPhoneSimulator.Build.0 = Debug|Any CPU
		{F4D8AE9E-530B-496B-A6CF-849F30931FC6}.Debug|x64.ActiveCfg = Debug|Any CPU
		{F4D8AE9E-530B-496B-A6CF-849F30931FC6}.Debug|x64.Build.0 = Debug|Any CPU
		{F4D8AE9E-530B-496B-A6CF-849F30931FC6}.Debug|x86.ActiveCfg = Debug|Any CPU
		{F4D8AE9E-530B-496B-A6CF-849F30931FC6}.Debug|x86.Build.0 = Debug|Any CPU
		{F4D8AE9E-530B-496B-A6CF-849F30931FC6}.Release|Any CPU.ActiveCfg = Release|Any CPU
		{F4D8AE9E-530B-496B-A6CF-849F30931FC6}.Release|Any CPU.Build.0 = Release|Any CPU
		{F4D8AE9E-530B-496B-A6CF-849F30931FC6}.Release|ARM.ActiveCfg = Release|Any CPU
		{F4D8AE9E-530B-496B-A6CF-849F30931FC6}.Release|ARM.Build.0 = Release|Any CPU
		{F4D8AE9E-530B-496B-A6CF-849F30931FC6}.Release|iPhone.ActiveCfg = Release|Any CPU
		{F4D8AE9E-530B-496B-A6CF-849F30931FC6}.Release|iPhone.Build.0 = Release|Any CPU
		{F4D8AE9E-530B-496B-A6CF-849F30931FC6}.Release|iPhoneSimulator.ActiveCfg = Release|Any CPU
		{F4D8AE9E-530B-496B-A6CF-849F30931FC6}.Release|iPhoneSimulator.Build.0 = Release|Any CPU
		{F4D8AE9E-530B-496B-A6CF-849F30931FC6}.Release|x64.ActiveCfg = Release|Any CPU
		{F4D8AE9E-530B-496B-A6CF-849F30931FC6}.Release|x64.Build.0 = Release|Any CPU
		{F4D8AE9E-530B-496B-A6CF-849F30931FC6}.Release|x86.ActiveCfg = Release|Any CPU
		{F4D8AE9E-530B-496B-A6CF-849F30931FC6}.Release|x86.Build.0 = Release|Any CPU
		{E308E91C-D619-4D44-B676-751738B37FE5}.Ad-Hoc|Any CPU.ActiveCfg = Debug|Any CPU
		{E308E91C-D619-4D44-B676-751738B37FE5}.Ad-Hoc|Any CPU.Build.0 = Debug|Any CPU
		{E308E91C-D619-4D44-B676-751738B37FE5}.Ad-Hoc|ARM.ActiveCfg = Debug|Any CPU
		{E308E91C-D619-4D44-B676-751738B37FE5}.Ad-Hoc|ARM.Build.0 = Debug|Any CPU
		{E308E91C-D619-4D44-B676-751738B37FE5}.Ad-Hoc|iPhone.ActiveCfg = Debug|Any CPU
		{E308E91C-D619-4D44-B676-751738B37FE5}.Ad-Hoc|iPhone.Build.0 = Debug|Any CPU
		{E308E91C-D619-4D44-B676-751738B37FE5}.Ad-Hoc|iPhoneSimulator.ActiveCfg = Debug|Any CPU
		{E308E91C-D619-4D44-B676-751738B37FE5}.Ad-Hoc|iPhoneSimulator.Build.0 = Debug|Any CPU
		{E308E91C-D619-4D44-B676-751738B37FE5}.Ad-Hoc|x64.ActiveCfg = Debug|Any CPU
		{E308E91C-D619-4D44-B676-751738B37FE5}.Ad-Hoc|x64.Build.0 = Debug|Any CPU
		{E308E91C-D619-4D44-B676-751738B37FE5}.Ad-Hoc|x86.ActiveCfg = Debug|Any CPU
		{E308E91C-D619-4D44-B676-751738B37FE5}.Ad-Hoc|x86.Build.0 = Debug|Any CPU
		{E308E91C-D619-4D44-B676-751738B37FE5}.AppStore|Any CPU.ActiveCfg = Debug|Any CPU
		{E308E91C-D619-4D44-B676-751738B37FE5}.AppStore|Any CPU.Build.0 = Debug|Any CPU
		{E308E91C-D619-4D44-B676-751738B37FE5}.AppStore|ARM.ActiveCfg = Debug|Any CPU
		{E308E91C-D619-4D44-B676-751738B37FE5}.AppStore|ARM.Build.0 = Debug|Any CPU
		{E308E91C-D619-4D44-B676-751738B37FE5}.AppStore|iPhone.ActiveCfg = Debug|Any CPU
		{E308E91C-D619-4D44-B676-751738B37FE5}.AppStore|iPhone.Build.0 = Debug|Any CPU
		{E308E91C-D619-4D44-B676-751738B37FE5}.AppStore|iPhoneSimulator.ActiveCfg = Debug|Any CPU
		{E308E91C-D619-4D44-B676-751738B37FE5}.AppStore|iPhoneSimulator.Build.0 = Debug|Any CPU
		{E308E91C-D619-4D44-B676-751738B37FE5}.AppStore|x64.ActiveCfg = Debug|Any CPU
		{E308E91C-D619-4D44-B676-751738B37FE5}.AppStore|x64.Build.0 = Debug|Any CPU
		{E308E91C-D619-4D44-B676-751738B37FE5}.AppStore|x86.ActiveCfg = Debug|Any CPU
		{E308E91C-D619-4D44-B676-751738B37FE5}.AppStore|x86.Build.0 = Debug|Any CPU
		{E308E91C-D619-4D44-B676-751738B37FE5}.Debug|Any CPU.ActiveCfg = Debug|Any CPU
		{E308E91C-D619-4D44-B676-751738B37FE5}.Debug|Any CPU.Build.0 = Debug|Any CPU
		{E308E91C-D619-4D44-B676-751738B37FE5}.Debug|ARM.ActiveCfg = Debug|Any CPU
		{E308E91C-D619-4D44-B676-751738B37FE5}.Debug|ARM.Build.0 = Debug|Any CPU
		{E308E91C-D619-4D44-B676-751738B37FE5}.Debug|iPhone.ActiveCfg = Debug|Any CPU
		{E308E91C-D619-4D44-B676-751738B37FE5}.Debug|iPhone.Build.0 = Debug|Any CPU
		{E308E91C-D619-4D44-B676-751738B37FE5}.Debug|iPhoneSimulator.ActiveCfg = Debug|Any CPU
		{E308E91C-D619-4D44-B676-751738B37FE5}.Debug|iPhoneSimulator.Build.0 = Debug|Any CPU
		{E308E91C-D619-4D44-B676-751738B37FE5}.Debug|x64.ActiveCfg = Debug|Any CPU
		{E308E91C-D619-4D44-B676-751738B37FE5}.Debug|x64.Build.0 = Debug|Any CPU
		{E308E91C-D619-4D44-B676-751738B37FE5}.Debug|x86.ActiveCfg = Debug|Any CPU
		{E308E91C-D619-4D44-B676-751738B37FE5}.Debug|x86.Build.0 = Debug|Any CPU
		{E308E91C-D619-4D44-B676-751738B37FE5}.Release|Any CPU.ActiveCfg = Release|Any CPU
		{E308E91C-D619-4D44-B676-751738B37FE5}.Release|Any CPU.Build.0 = Release|Any CPU
		{E308E91C-D619-4D44-B676-751738B37FE5}.Release|ARM.ActiveCfg = Release|Any CPU
		{E308E91C-D619-4D44-B676-751738B37FE5}.Release|ARM.Build.0 = Release|Any CPU
		{E308E91C-D619-4D44-B676-751738B37FE5}.Release|iPhone.ActiveCfg = Release|Any CPU
		{E308E91C-D619-4D44-B676-751738B37FE5}.Release|iPhone.Build.0 = Release|Any CPU
		{E308E91C-D619-4D44-B676-751738B37FE5}.Release|iPhoneSimulator.ActiveCfg = Release|Any CPU
		{E308E91C-D619-4D44-B676-751738B37FE5}.Release|iPhoneSimulator.Build.0 = Release|Any CPU
		{E308E91C-D619-4D44-B676-751738B37FE5}.Release|x64.ActiveCfg = Release|Any CPU
		{E308E91C-D619-4D44-B676-751738B37FE5}.Release|x64.Build.0 = Release|Any CPU
		{E308E91C-D619-4D44-B676-751738B37FE5}.Release|x86.ActiveCfg = Release|Any CPU
		{E308E91C-D619-4D44-B676-751738B37FE5}.Release|x86.Build.0 = Release|Any CPU
	EndGlobalSection
	GlobalSection(SolutionProperties) = preSolution
		HideSolutionNode = FALSE
	EndGlobalSection
	GlobalSection(NestedProjects) = preSolution
		{3E30C667-AE5B-41E8-81CC-7A5621D5567A} = {057E1AF7-2D3B-4583-A7F2-3589394C114A}
		{75970017-84D3-48D2-9EDC-24AEB5A7ADFC} = {057E1AF7-2D3B-4583-A7F2-3589394C114A}
		{5A20FBF4-A482-43D8-9CE3-D7214B851114} = {057E1AF7-2D3B-4583-A7F2-3589394C114A}
		{8F88CB38-3D32-4EED-B1E7-A2237C70D1CB} = {057E1AF7-2D3B-4583-A7F2-3589394C114A}
		{71D87134-1A7D-491F-81C1-93F2454A8962} = {057E1AF7-2D3B-4583-A7F2-3589394C114A}
		{B4D2C938-D3B6-4E86-AA03-004B1E20246D} = {130BED82-F100-4833-8273-493D77FF2486}
		{D62135FD-92DC-4431-A6D3-4F381C09BBBE} = {130BED82-F100-4833-8273-493D77FF2486}
		{3417C93B-3E04-4E84-94AD-489E05AA4CBB} = {130BED82-F100-4833-8273-493D77FF2486}
		{83DB9E94-9ABE-4BDF-ADCC-6536C0C2CA1A} = {130BED82-F100-4833-8273-493D77FF2486}
		{0A41BC91-17AA-4AF5-AD61-748AE97710A3} = {057E1AF7-2D3B-4583-A7F2-3589394C114A}
		{9FEBCD84-2C2D-46B2-A2DC-C8CF92EFBE4F} = {0A41BC91-17AA-4AF5-AD61-748AE97710A3}
		{C13B14F5-3C33-45F1-9FE3-350DD2693201} = {057E1AF7-2D3B-4583-A7F2-3589394C114A}
		{73894FD0-58BC-4CFA-A2E1-B5A88A1AC095} = {057E1AF7-2D3B-4583-A7F2-3589394C114A}
		{3F652CAD-4445-4431-9632-93772732840A} = {0A41BC91-17AA-4AF5-AD61-748AE97710A3}
		{A4ACA273-B11B-426E-8386-3AA93EDF54F4} = {057E1AF7-2D3B-4583-A7F2-3589394C114A}
		{8CFCB0CC-68C4-4A97-BE9C-676998EB7D62} = {A257A040-9ACF-43B7-9C52-4382E9F8D65E}
		{F4D8AE9E-530B-496B-A6CF-849F30931FC6} = {A257A040-9ACF-43B7-9C52-4382E9F8D65E}
		{E308E91C-D619-4D44-B676-751738B37FE5} = {A257A040-9ACF-43B7-9C52-4382E9F8D65E}
	EndGlobalSection
	GlobalSection(ExtensibilityGlobals) = postSolution
		SolutionGuid = {735DEEA2-A538-4FC2-9EA9-C499F6BC6D7C}
	EndGlobalSection
EndGlobal
