
Microsoft Visual Studio Solution File, Format Version 12.00
# Visual Studio Version 16
VisualStudioVersion = 16.0.28803.352
MinimumVisualStudioVersion = 15.0.26124.0
Project("{2150E333-8FDC-42A3-9474-1A3956D46DE8}") = "src", "src", "{057E1AF7-2D3B-4583-A7F2-3589394C114A}"
EndProject
Project("{9A19103F-16F7-4668-BE54-9A1E7A4F7556}") = "AP.MobileToolkit", "src\AP.MobileToolkit\AP.MobileToolkit.csproj", "{9399F044-5098-4B9D-8E8F-FBEE772F7EFC}"
EndProject
Project("{2150E333-8FDC-42A3-9474-1A3956D46DE8}") = "tests", "tests", "{39B1F561-3538-4986-AE74-54F019F4D141}"
EndProject
Project("{9A19103F-16F7-4668-BE54-9A1E7A4F7556}") = "AP.MobileToolkit.Tests", "tests\AP.MobileToolkit.Tests\AP.MobileToolkit.Tests.csproj", "{D9B045D7-703D-4C5F-B8B5-51E5DF382C67}"
EndProject
Project("{9A19103F-16F7-4668-BE54-9A1E7A4F7556}") = "AP.CrossPlatform.Core", "src\AP.CrossPlatform.Core\AP.CrossPlatform.Core.csproj", "{3E30C667-AE5B-41E8-81CC-7A5621D5567A}"
EndProject
Project("{9A19103F-16F7-4668-BE54-9A1E7A4F7556}") = "AP.CrossPlatform.Core.Tests", "tests\AP.CrossPlatform.Core.Tests\AP.CrossPlatform.Core.Tests.csproj", "{72671895-8962-4C00-A91D-7D7DB434A297}"
EndProject
Project("{9A19103F-16F7-4668-BE54-9A1E7A4F7556}") = "AP.MobileToolkit.AAD", "src\AP.MobileToolkit.AAD\AP.MobileToolkit.AAD.csproj", "{75970017-84D3-48D2-9EDC-24AEB5A7ADFC}"
EndProject
Project("{2150E333-8FDC-42A3-9474-1A3956D46DE8}") = "Solution Items", "Solution Items", "{AAD47901-F305-41EA-9AB7-BCCC39A07F6A}"
	ProjectSection(SolutionItems) = preProject
		AvantiPoint.ruleset = AvantiPoint.ruleset
		azure-pipelines.yml = azure-pipelines.yml
		CodeCoverage.runsettings = CodeCoverage.runsettings
		Directory.build.props = Directory.build.props
		global.json = global.json
		stylecop.json = stylecop.json
	EndProjectSection
EndProject
Project("{2150E333-8FDC-42A3-9474-1A3956D46DE8}") = "build", "build", "{365F21D0-A076-4043-906F-DAA4FB2EDBE3}"
	ProjectSection(SolutionItems) = preProject
		build\NuGet.config = build\NuGet.config
		build\Sign-Packages.ps1 = build\Sign-Packages.ps1
	EndProjectSection
EndProject
Project("{9A19103F-16F7-4668-BE54-9A1E7A4F7556}") = "AP.CrossPlatform.Auth", "src\AP.CrossPlatform.Auth\AP.CrossPlatform.Auth.csproj", "{5A20FBF4-A482-43D8-9CE3-D7214B851114}"
EndProject
Project("{9A19103F-16F7-4668-BE54-9A1E7A4F7556}") = "AP.MobileToolkit.Http", "src\AP.MobileToolkit.Http\AP.MobileToolkit.Http.csproj", "{8F88CB38-3D32-4EED-B1E7-A2237C70D1CB}"
EndProject
Project("{9A19103F-16F7-4668-BE54-9A1E7A4F7556}") = "AP.MobileToolkit.Modularity", "src\AP.MobileToolkit.Modularity\AP.MobileToolkit.Modularity.csproj", "{71D87134-1A7D-491F-81C1-93F2454A8962}"
EndProject
Project("{9A19103F-16F7-4668-BE54-9A1E7A4F7556}") = "AP.MobileToolkit.Http.Tests", "tests\AP.MobileToolkit.Http.Tests\AP.MobileToolkit.Http.Tests.csproj", "{BF428E02-E173-4E54-A520-6C8B0F07CD3E}"
EndProject
Project("{9A19103F-16F7-4668-BE54-9A1E7A4F7556}") = "AP.CrossPlatform.Auth.Tests", "tests\AP.CrossPlatform.Auth.Tests\AP.CrossPlatform.Auth.Tests.csproj", "{1F57E4A6-05AE-4FCD-93D6-DEC35EC5A898}"
EndProject
Project("{9A19103F-16F7-4668-BE54-9A1E7A4F7556}") = "ToolkitDemo", "demo\ToolkitDemo\ToolkitDemo.csproj", "{B4D2C938-D3B6-4E86-AA03-004B1E20246D}"
EndProject
Project("{FAE04EC0-301F-11D3-BF4B-00C04F79EFBC}") = "ToolkitDemo.Android", "demo\ToolkitDemo.Android\ToolkitDemo.Android.csproj", "{D62135FD-92DC-4431-A6D3-4F381C09BBBE}"
EndProject
Project("{FAE04EC0-301F-11D3-BF4B-00C04F79EFBC}") = "ToolkitDemo.iOS", "demo\ToolkitDemo.iOS\ToolkitDemo.iOS.csproj", "{3417C93B-3E04-4E84-94AD-489E05AA4CBB}"
EndProject
Project("{FAE04EC0-301F-11D3-BF4B-00C04F79EFBC}") = "ToolkitDemo.UWP", "demo\ToolkitDemo.UWP\ToolkitDemo.UWP.csproj", "{83DB9E94-9ABE-4BDF-ADCC-6536C0C2CA1A}"
EndProject
Project("{2150E333-8FDC-42A3-9474-1A3956D46DE8}") = "demo", "demo", "{130BED82-F100-4833-8273-493D77FF2486}"
EndProject
Project("{9A19103F-16F7-4668-BE54-9A1E7A4F7556}") = "AP.MobileToolkit.Fonts.FontAwesome", "src\AP.MobileToolkit.Fonts.FontAwesome\AP.MobileToolkit.Fonts.FontAwesome.csproj", "{E0F1FD91-7D55-44CF-AE6B-590B96120571}"
EndProject
Global
	GlobalSection(SolutionConfigurationPlatforms) = preSolution
		Ad-Hoc|Any CPU = Ad-Hoc|Any CPU
		Ad-Hoc|ARM = Ad-Hoc|ARM
		Ad-Hoc|iPhone = Ad-Hoc|iPhone
		Ad-Hoc|iPhoneSimulator = Ad-Hoc|iPhoneSimulator
		Ad-Hoc|x64 = Ad-Hoc|x64
		Ad-Hoc|x86 = Ad-Hoc|x86
		AppStore|Any CPU = AppStore|Any CPU
		AppStore|ARM = AppStore|ARM
		AppStore|iPhone = AppStore|iPhone
		AppStore|iPhoneSimulator = AppStore|iPhoneSimulator
		AppStore|x64 = AppStore|x64
		AppStore|x86 = AppStore|x86
		Debug|Any CPU = Debug|Any CPU
		Debug|ARM = Debug|ARM
		Debug|iPhone = Debug|iPhone
		Debug|iPhoneSimulator = Debug|iPhoneSimulator
		Debug|x64 = Debug|x64
		Debug|x86 = Debug|x86
		Release|Any CPU = Release|Any CPU
		Release|ARM = Release|ARM
		Release|iPhone = Release|iPhone
		Release|iPhoneSimulator = Release|iPhoneSimulator
		Release|x64 = Release|x64
		Release|x86 = Release|x86
	EndGlobalSection
	GlobalSection(ProjectConfigurationPlatforms) = postSolution
		{9399F044-5098-4B9D-8E8F-FBEE772F7EFC}.Ad-Hoc|Any CPU.ActiveCfg = Release|Any CPU
		{9399F044-5098-4B9D-8E8F-FBEE772F7EFC}.Ad-Hoc|Any CPU.Build.0 = Release|Any CPU
		{9399F044-5098-4B9D-8E8F-FBEE772F7EFC}.Ad-Hoc|ARM.ActiveCfg = Release|Any CPU
		{9399F044-5098-4B9D-8E8F-FBEE772F7EFC}.Ad-Hoc|ARM.Build.0 = Release|Any CPU
		{9399F044-5098-4B9D-8E8F-FBEE772F7EFC}.Ad-Hoc|iPhone.ActiveCfg = Release|Any CPU
		{9399F044-5098-4B9D-8E8F-FBEE772F7EFC}.Ad-Hoc|iPhone.Build.0 = Release|Any CPU
		{9399F044-5098-4B9D-8E8F-FBEE772F7EFC}.Ad-Hoc|iPhoneSimulator.ActiveCfg = Release|Any CPU
		{9399F044-5098-4B9D-8E8F-FBEE772F7EFC}.Ad-Hoc|iPhoneSimulator.Build.0 = Release|Any CPU
		{9399F044-5098-4B9D-8E8F-FBEE772F7EFC}.Ad-Hoc|x64.ActiveCfg = Release|Any CPU
		{9399F044-5098-4B9D-8E8F-FBEE772F7EFC}.Ad-Hoc|x64.Build.0 = Release|Any CPU
		{9399F044-5098-4B9D-8E8F-FBEE772F7EFC}.Ad-Hoc|x86.ActiveCfg = Release|Any CPU
		{9399F044-5098-4B9D-8E8F-FBEE772F7EFC}.Ad-Hoc|x86.Build.0 = Release|Any CPU
		{9399F044-5098-4B9D-8E8F-FBEE772F7EFC}.AppStore|Any CPU.ActiveCfg = Release|Any CPU
		{9399F044-5098-4B9D-8E8F-FBEE772F7EFC}.AppStore|Any CPU.Build.0 = Release|Any CPU
		{9399F044-5098-4B9D-8E8F-FBEE772F7EFC}.AppStore|ARM.ActiveCfg = Release|Any CPU
		{9399F044-5098-4B9D-8E8F-FBEE772F7EFC}.AppStore|ARM.Build.0 = Release|Any CPU
		{9399F044-5098-4B9D-8E8F-FBEE772F7EFC}.AppStore|iPhone.ActiveCfg = Release|Any CPU
		{9399F044-5098-4B9D-8E8F-FBEE772F7EFC}.AppStore|iPhone.Build.0 = Release|Any CPU
		{9399F044-5098-4B9D-8E8F-FBEE772F7EFC}.AppStore|iPhoneSimulator.ActiveCfg = Release|Any CPU
		{9399F044-5098-4B9D-8E8F-FBEE772F7EFC}.AppStore|iPhoneSimulator.Build.0 = Release|Any CPU
		{9399F044-5098-4B9D-8E8F-FBEE772F7EFC}.AppStore|x64.ActiveCfg = Release|Any CPU
		{9399F044-5098-4B9D-8E8F-FBEE772F7EFC}.AppStore|x64.Build.0 = Release|Any CPU
		{9399F044-5098-4B9D-8E8F-FBEE772F7EFC}.AppStore|x86.ActiveCfg = Release|Any CPU
		{9399F044-5098-4B9D-8E8F-FBEE772F7EFC}.AppStore|x86.Build.0 = Release|Any CPU
		{9399F044-5098-4B9D-8E8F-FBEE772F7EFC}.Debug|Any CPU.ActiveCfg = Debug|Any CPU
		{9399F044-5098-4B9D-8E8F-FBEE772F7EFC}.Debug|Any CPU.Build.0 = Debug|Any CPU
		{9399F044-5098-4B9D-8E8F-FBEE772F7EFC}.Debug|ARM.ActiveCfg = Debug|Any CPU
		{9399F044-5098-4B9D-8E8F-FBEE772F7EFC}.Debug|ARM.Build.0 = Debug|Any CPU
		{9399F044-5098-4B9D-8E8F-FBEE772F7EFC}.Debug|iPhone.ActiveCfg = Debug|Any CPU
		{9399F044-5098-4B9D-8E8F-FBEE772F7EFC}.Debug|iPhone.Build.0 = Debug|Any CPU
		{9399F044-5098-4B9D-8E8F-FBEE772F7EFC}.Debug|iPhoneSimulator.ActiveCfg = Debug|Any CPU
		{9399F044-5098-4B9D-8E8F-FBEE772F7EFC}.Debug|iPhoneSimulator.Build.0 = Debug|Any CPU
		{9399F044-5098-4B9D-8E8F-FBEE772F7EFC}.Debug|x64.ActiveCfg = Debug|Any CPU
		{9399F044-5098-4B9D-8E8F-FBEE772F7EFC}.Debug|x64.Build.0 = Debug|Any CPU
		{9399F044-5098-4B9D-8E8F-FBEE772F7EFC}.Debug|x86.ActiveCfg = Debug|Any CPU
		{9399F044-5098-4B9D-8E8F-FBEE772F7EFC}.Debug|x86.Build.0 = Debug|Any CPU
		{9399F044-5098-4B9D-8E8F-FBEE772F7EFC}.Release|Any CPU.ActiveCfg = Release|Any CPU
		{9399F044-5098-4B9D-8E8F-FBEE772F7EFC}.Release|Any CPU.Build.0 = Release|Any CPU
		{9399F044-5098-4B9D-8E8F-FBEE772F7EFC}.Release|ARM.ActiveCfg = Release|Any CPU
		{9399F044-5098-4B9D-8E8F-FBEE772F7EFC}.Release|ARM.Build.0 = Release|Any CPU
		{9399F044-5098-4B9D-8E8F-FBEE772F7EFC}.Release|iPhone.ActiveCfg = Release|Any CPU
		{9399F044-5098-4B9D-8E8F-FBEE772F7EFC}.Release|iPhone.Build.0 = Release|Any CPU
		{9399F044-5098-4B9D-8E8F-FBEE772F7EFC}.Release|iPhoneSimulator.ActiveCfg = Release|Any CPU
		{9399F044-5098-4B9D-8E8F-FBEE772F7EFC}.Release|iPhoneSimulator.Build.0 = Release|Any CPU
		{9399F044-5098-4B9D-8E8F-FBEE772F7EFC}.Release|x64.ActiveCfg = Release|Any CPU
		{9399F044-5098-4B9D-8E8F-FBEE772F7EFC}.Release|x64.Build.0 = Release|Any CPU
		{9399F044-5098-4B9D-8E8F-FBEE772F7EFC}.Release|x86.ActiveCfg = Release|Any CPU
		{9399F044-5098-4B9D-8E8F-FBEE772F7EFC}.Release|x86.Build.0 = Release|Any CPU
		{D9B045D7-703D-4C5F-B8B5-51E5DF382C67}.Ad-Hoc|Any CPU.ActiveCfg = Release|Any CPU
		{D9B045D7-703D-4C5F-B8B5-51E5DF382C67}.Ad-Hoc|Any CPU.Build.0 = Release|Any CPU
		{D9B045D7-703D-4C5F-B8B5-51E5DF382C67}.Ad-Hoc|ARM.ActiveCfg = Release|Any CPU
		{D9B045D7-703D-4C5F-B8B5-51E5DF382C67}.Ad-Hoc|ARM.Build.0 = Release|Any CPU
		{D9B045D7-703D-4C5F-B8B5-51E5DF382C67}.Ad-Hoc|iPhone.ActiveCfg = Release|Any CPU
		{D9B045D7-703D-4C5F-B8B5-51E5DF382C67}.Ad-Hoc|iPhone.Build.0 = Release|Any CPU
		{D9B045D7-703D-4C5F-B8B5-51E5DF382C67}.Ad-Hoc|iPhoneSimulator.ActiveCfg = Release|Any CPU
		{D9B045D7-703D-4C5F-B8B5-51E5DF382C67}.Ad-Hoc|iPhoneSimulator.Build.0 = Release|Any CPU
		{D9B045D7-703D-4C5F-B8B5-51E5DF382C67}.Ad-Hoc|x64.ActiveCfg = Release|Any CPU
		{D9B045D7-703D-4C5F-B8B5-51E5DF382C67}.Ad-Hoc|x64.Build.0 = Release|Any CPU
		{D9B045D7-703D-4C5F-B8B5-51E5DF382C67}.Ad-Hoc|x86.ActiveCfg = Release|Any CPU
		{D9B045D7-703D-4C5F-B8B5-51E5DF382C67}.Ad-Hoc|x86.Build.0 = Release|Any CPU
		{D9B045D7-703D-4C5F-B8B5-51E5DF382C67}.AppStore|Any CPU.ActiveCfg = Release|Any CPU
		{D9B045D7-703D-4C5F-B8B5-51E5DF382C67}.AppStore|Any CPU.Build.0 = Release|Any CPU
		{D9B045D7-703D-4C5F-B8B5-51E5DF382C67}.AppStore|ARM.ActiveCfg = Release|Any CPU
		{D9B045D7-703D-4C5F-B8B5-51E5DF382C67}.AppStore|ARM.Build.0 = Release|Any CPU
		{D9B045D7-703D-4C5F-B8B5-51E5DF382C67}.AppStore|iPhone.ActiveCfg = Release|Any CPU
		{D9B045D7-703D-4C5F-B8B5-51E5DF382C67}.AppStore|iPhone.Build.0 = Release|Any CPU
		{D9B045D7-703D-4C5F-B8B5-51E5DF382C67}.AppStore|iPhoneSimulator.ActiveCfg = Release|Any CPU
		{D9B045D7-703D-4C5F-B8B5-51E5DF382C67}.AppStore|iPhoneSimulator.Build.0 = Release|Any CPU
		{D9B045D7-703D-4C5F-B8B5-51E5DF382C67}.AppStore|x64.ActiveCfg = Release|Any CPU
		{D9B045D7-703D-4C5F-B8B5-51E5DF382C67}.AppStore|x64.Build.0 = Release|Any CPU
		{D9B045D7-703D-4C5F-B8B5-51E5DF382C67}.AppStore|x86.ActiveCfg = Release|Any CPU
		{D9B045D7-703D-4C5F-B8B5-51E5DF382C67}.AppStore|x86.Build.0 = Release|Any CPU
		{D9B045D7-703D-4C5F-B8B5-51E5DF382C67}.Debug|Any CPU.ActiveCfg = Debug|Any CPU
		{D9B045D7-703D-4C5F-B8B5-51E5DF382C67}.Debug|Any CPU.Build.0 = Debug|Any CPU
		{D9B045D7-703D-4C5F-B8B5-51E5DF382C67}.Debug|ARM.ActiveCfg = Debug|Any CPU
		{D9B045D7-703D-4C5F-B8B5-51E5DF382C67}.Debug|ARM.Build.0 = Debug|Any CPU
		{D9B045D7-703D-4C5F-B8B5-51E5DF382C67}.Debug|iPhone.ActiveCfg = Debug|Any CPU
		{D9B045D7-703D-4C5F-B8B5-51E5DF382C67}.Debug|iPhone.Build.0 = Debug|Any CPU
		{D9B045D7-703D-4C5F-B8B5-51E5DF382C67}.Debug|iPhoneSimulator.ActiveCfg = Debug|Any CPU
		{D9B045D7-703D-4C5F-B8B5-51E5DF382C67}.Debug|iPhoneSimulator.Build.0 = Debug|Any CPU
		{D9B045D7-703D-4C5F-B8B5-51E5DF382C67}.Debug|x64.ActiveCfg = Debug|Any CPU
		{D9B045D7-703D-4C5F-B8B5-51E5DF382C67}.Debug|x64.Build.0 = Debug|Any CPU
		{D9B045D7-703D-4C5F-B8B5-51E5DF382C67}.Debug|x86.ActiveCfg = Debug|Any CPU
		{D9B045D7-703D-4C5F-B8B5-51E5DF382C67}.Debug|x86.Build.0 = Debug|Any CPU
		{D9B045D7-703D-4C5F-B8B5-51E5DF382C67}.Release|Any CPU.ActiveCfg = Release|Any CPU
		{D9B045D7-703D-4C5F-B8B5-51E5DF382C67}.Release|Any CPU.Build.0 = Release|Any CPU
		{D9B045D7-703D-4C5F-B8B5-51E5DF382C67}.Release|ARM.ActiveCfg = Release|Any CPU
		{D9B045D7-703D-4C5F-B8B5-51E5DF382C67}.Release|ARM.Build.0 = Release|Any CPU
		{D9B045D7-703D-4C5F-B8B5-51E5DF382C67}.Release|iPhone.ActiveCfg = Release|Any CPU
		{D9B045D7-703D-4C5F-B8B5-51E5DF382C67}.Release|iPhone.Build.0 = Release|Any CPU
		{D9B045D7-703D-4C5F-B8B5-51E5DF382C67}.Release|iPhoneSimulator.ActiveCfg = Release|Any CPU
		{D9B045D7-703D-4C5F-B8B5-51E5DF382C67}.Release|iPhoneSimulator.Build.0 = Release|Any CPU
		{D9B045D7-703D-4C5F-B8B5-51E5DF382C67}.Release|x64.ActiveCfg = Release|Any CPU
		{D9B045D7-703D-4C5F-B8B5-51E5DF382C67}.Release|x64.Build.0 = Release|Any CPU
		{D9B045D7-703D-4C5F-B8B5-51E5DF382C67}.Release|x86.ActiveCfg = Release|Any CPU
		{D9B045D7-703D-4C5F-B8B5-51E5DF382C67}.Release|x86.Build.0 = Release|Any CPU
		{3E30C667-AE5B-41E8-81CC-7A5621D5567A}.Ad-Hoc|Any CPU.ActiveCfg = Release|Any CPU
		{3E30C667-AE5B-41E8-81CC-7A5621D5567A}.Ad-Hoc|Any CPU.Build.0 = Release|Any CPU
		{3E30C667-AE5B-41E8-81CC-7A5621D5567A}.Ad-Hoc|ARM.ActiveCfg = Release|Any CPU
		{3E30C667-AE5B-41E8-81CC-7A5621D5567A}.Ad-Hoc|ARM.Build.0 = Release|Any CPU
		{3E30C667-AE5B-41E8-81CC-7A5621D5567A}.Ad-Hoc|iPhone.ActiveCfg = Release|Any CPU
		{3E30C667-AE5B-41E8-81CC-7A5621D5567A}.Ad-Hoc|iPhone.Build.0 = Release|Any CPU
		{3E30C667-AE5B-41E8-81CC-7A5621D5567A}.Ad-Hoc|iPhoneSimulator.ActiveCfg = Release|Any CPU
		{3E30C667-AE5B-41E8-81CC-7A5621D5567A}.Ad-Hoc|iPhoneSimulator.Build.0 = Release|Any CPU
		{3E30C667-AE5B-41E8-81CC-7A5621D5567A}.Ad-Hoc|x64.ActiveCfg = Release|Any CPU
		{3E30C667-AE5B-41E8-81CC-7A5621D5567A}.Ad-Hoc|x64.Build.0 = Release|Any CPU
		{3E30C667-AE5B-41E8-81CC-7A5621D5567A}.Ad-Hoc|x86.ActiveCfg = Release|Any CPU
		{3E30C667-AE5B-41E8-81CC-7A5621D5567A}.Ad-Hoc|x86.Build.0 = Release|Any CPU
		{3E30C667-AE5B-41E8-81CC-7A5621D5567A}.AppStore|Any CPU.ActiveCfg = Release|Any CPU
		{3E30C667-AE5B-41E8-81CC-7A5621D5567A}.AppStore|Any CPU.Build.0 = Release|Any CPU
		{3E30C667-AE5B-41E8-81CC-7A5621D5567A}.AppStore|ARM.ActiveCfg = Release|Any CPU
		{3E30C667-AE5B-41E8-81CC-7A5621D5567A}.AppStore|ARM.Build.0 = Release|Any CPU
		{3E30C667-AE5B-41E8-81CC-7A5621D5567A}.AppStore|iPhone.ActiveCfg = Release|Any CPU
		{3E30C667-AE5B-41E8-81CC-7A5621D5567A}.AppStore|iPhone.Build.0 = Release|Any CPU
		{3E30C667-AE5B-41E8-81CC-7A5621D5567A}.AppStore|iPhoneSimulator.ActiveCfg = Release|Any CPU
		{3E30C667-AE5B-41E8-81CC-7A5621D5567A}.AppStore|iPhoneSimulator.Build.0 = Release|Any CPU
		{3E30C667-AE5B-41E8-81CC-7A5621D5567A}.AppStore|x64.ActiveCfg = Release|Any CPU
		{3E30C667-AE5B-41E8-81CC-7A5621D5567A}.AppStore|x64.Build.0 = Release|Any CPU
		{3E30C667-AE5B-41E8-81CC-7A5621D5567A}.AppStore|x86.ActiveCfg = Release|Any CPU
		{3E30C667-AE5B-41E8-81CC-7A5621D5567A}.AppStore|x86.Build.0 = Release|Any CPU
		{3E30C667-AE5B-41E8-81CC-7A5621D5567A}.Debug|Any CPU.ActiveCfg = Debug|Any CPU
		{3E30C667-AE5B-41E8-81CC-7A5621D5567A}.Debug|Any CPU.Build.0 = Debug|Any CPU
		{3E30C667-AE5B-41E8-81CC-7A5621D5567A}.Debug|ARM.ActiveCfg = Debug|Any CPU
		{3E30C667-AE5B-41E8-81CC-7A5621D5567A}.Debug|ARM.Build.0 = Debug|Any CPU
		{3E30C667-AE5B-41E8-81CC-7A5621D5567A}.Debug|iPhone.ActiveCfg = Debug|Any CPU
		{3E30C667-AE5B-41E8-81CC-7A5621D5567A}.Debug|iPhone.Build.0 = Debug|Any CPU
		{3E30C667-AE5B-41E8-81CC-7A5621D5567A}.Debug|iPhoneSimulator.ActiveCfg = Debug|Any CPU
		{3E30C667-AE5B-41E8-81CC-7A5621D5567A}.Debug|iPhoneSimulator.Build.0 = Debug|Any CPU
		{3E30C667-AE5B-41E8-81CC-7A5621D5567A}.Debug|x64.ActiveCfg = Debug|Any CPU
		{3E30C667-AE5B-41E8-81CC-7A5621D5567A}.Debug|x64.Build.0 = Debug|Any CPU
		{3E30C667-AE5B-41E8-81CC-7A5621D5567A}.Debug|x86.ActiveCfg = Debug|Any CPU
		{3E30C667-AE5B-41E8-81CC-7A5621D5567A}.Debug|x86.Build.0 = Debug|Any CPU
		{3E30C667-AE5B-41E8-81CC-7A5621D5567A}.Release|Any CPU.ActiveCfg = Release|Any CPU
		{3E30C667-AE5B-41E8-81CC-7A5621D5567A}.Release|Any CPU.Build.0 = Release|Any CPU
		{3E30C667-AE5B-41E8-81CC-7A5621D5567A}.Release|ARM.ActiveCfg = Release|Any CPU
		{3E30C667-AE5B-41E8-81CC-7A5621D5567A}.Release|ARM.Build.0 = Release|Any CPU
		{3E30C667-AE5B-41E8-81CC-7A5621D5567A}.Release|iPhone.ActiveCfg = Release|Any CPU
		{3E30C667-AE5B-41E8-81CC-7A5621D5567A}.Release|iPhone.Build.0 = Release|Any CPU
		{3E30C667-AE5B-41E8-81CC-7A5621D5567A}.Release|iPhoneSimulator.ActiveCfg = Release|Any CPU
		{3E30C667-AE5B-41E8-81CC-7A5621D5567A}.Release|iPhoneSimulator.Build.0 = Release|Any CPU
		{3E30C667-AE5B-41E8-81CC-7A5621D5567A}.Release|x64.ActiveCfg = Release|Any CPU
		{3E30C667-AE5B-41E8-81CC-7A5621D5567A}.Release|x64.Build.0 = Release|Any CPU
		{3E30C667-AE5B-41E8-81CC-7A5621D5567A}.Release|x86.ActiveCfg = Release|Any CPU
		{3E30C667-AE5B-41E8-81CC-7A5621D5567A}.Release|x86.Build.0 = Release|Any CPU
		{72671895-8962-4C00-A91D-7D7DB434A297}.Ad-Hoc|Any CPU.ActiveCfg = Release|Any CPU
		{72671895-8962-4C00-A91D-7D7DB434A297}.Ad-Hoc|Any CPU.Build.0 = Release|Any CPU
		{72671895-8962-4C00-A91D-7D7DB434A297}.Ad-Hoc|ARM.ActiveCfg = Release|Any CPU
		{72671895-8962-4C00-A91D-7D7DB434A297}.Ad-Hoc|ARM.Build.0 = Release|Any CPU
		{72671895-8962-4C00-A91D-7D7DB434A297}.Ad-Hoc|iPhone.ActiveCfg = Release|Any CPU
		{72671895-8962-4C00-A91D-7D7DB434A297}.Ad-Hoc|iPhone.Build.0 = Release|Any CPU
		{72671895-8962-4C00-A91D-7D7DB434A297}.Ad-Hoc|iPhoneSimulator.ActiveCfg = Release|Any CPU
		{72671895-8962-4C00-A91D-7D7DB434A297}.Ad-Hoc|iPhoneSimulator.Build.0 = Release|Any CPU
		{72671895-8962-4C00-A91D-7D7DB434A297}.Ad-Hoc|x64.ActiveCfg = Release|Any CPU
		{72671895-8962-4C00-A91D-7D7DB434A297}.Ad-Hoc|x64.Build.0 = Release|Any CPU
		{72671895-8962-4C00-A91D-7D7DB434A297}.Ad-Hoc|x86.ActiveCfg = Release|Any CPU
		{72671895-8962-4C00-A91D-7D7DB434A297}.Ad-Hoc|x86.Build.0 = Release|Any CPU
		{72671895-8962-4C00-A91D-7D7DB434A297}.AppStore|Any CPU.ActiveCfg = Release|Any CPU
		{72671895-8962-4C00-A91D-7D7DB434A297}.AppStore|Any CPU.Build.0 = Release|Any CPU
		{72671895-8962-4C00-A91D-7D7DB434A297}.AppStore|ARM.ActiveCfg = Release|Any CPU
		{72671895-8962-4C00-A91D-7D7DB434A297}.AppStore|ARM.Build.0 = Release|Any CPU
		{72671895-8962-4C00-A91D-7D7DB434A297}.AppStore|iPhone.ActiveCfg = Release|Any CPU
		{72671895-8962-4C00-A91D-7D7DB434A297}.AppStore|iPhone.Build.0 = Release|Any CPU
		{72671895-8962-4C00-A91D-7D7DB434A297}.AppStore|iPhoneSimulator.ActiveCfg = Release|Any CPU
		{72671895-8962-4C00-A91D-7D7DB434A297}.AppStore|iPhoneSimulator.Build.0 = Release|Any CPU
		{72671895-8962-4C00-A91D-7D7DB434A297}.AppStore|x64.ActiveCfg = Release|Any CPU
		{72671895-8962-4C00-A91D-7D7DB434A297}.AppStore|x64.Build.0 = Release|Any CPU
		{72671895-8962-4C00-A91D-7D7DB434A297}.AppStore|x86.ActiveCfg = Release|Any CPU
		{72671895-8962-4C00-A91D-7D7DB434A297}.AppStore|x86.Build.0 = Release|Any CPU
		{72671895-8962-4C00-A91D-7D7DB434A297}.Debug|Any CPU.ActiveCfg = Debug|Any CPU
		{72671895-8962-4C00-A91D-7D7DB434A297}.Debug|Any CPU.Build.0 = Debug|Any CPU
		{72671895-8962-4C00-A91D-7D7DB434A297}.Debug|ARM.ActiveCfg = Debug|Any CPU
		{72671895-8962-4C00-A91D-7D7DB434A297}.Debug|ARM.Build.0 = Debug|Any CPU
		{72671895-8962-4C00-A91D-7D7DB434A297}.Debug|iPhone.ActiveCfg = Debug|Any CPU
		{72671895-8962-4C00-A91D-7D7DB434A297}.Debug|iPhone.Build.0 = Debug|Any CPU
		{72671895-8962-4C00-A91D-7D7DB434A297}.Debug|iPhoneSimulator.ActiveCfg = Debug|Any CPU
		{72671895-8962-4C00-A91D-7D7DB434A297}.Debug|iPhoneSimulator.Build.0 = Debug|Any CPU
		{72671895-8962-4C00-A91D-7D7DB434A297}.Debug|x64.ActiveCfg = Debug|Any CPU
		{72671895-8962-4C00-A91D-7D7DB434A297}.Debug|x64.Build.0 = Debug|Any CPU
		{72671895-8962-4C00-A91D-7D7DB434A297}.Debug|x86.ActiveCfg = Debug|Any CPU
		{72671895-8962-4C00-A91D-7D7DB434A297}.Debug|x86.Build.0 = Debug|Any CPU
		{72671895-8962-4C00-A91D-7D7DB434A297}.Release|Any CPU.ActiveCfg = Release|Any CPU
		{72671895-8962-4C00-A91D-7D7DB434A297}.Release|Any CPU.Build.0 = Release|Any CPU
		{72671895-8962-4C00-A91D-7D7DB434A297}.Release|ARM.ActiveCfg = Release|Any CPU
		{72671895-8962-4C00-A91D-7D7DB434A297}.Release|ARM.Build.0 = Release|Any CPU
		{72671895-8962-4C00-A91D-7D7DB434A297}.Release|iPhone.ActiveCfg = Release|Any CPU
		{72671895-8962-4C00-A91D-7D7DB434A297}.Release|iPhone.Build.0 = Release|Any CPU
		{72671895-8962-4C00-A91D-7D7DB434A297}.Release|iPhoneSimulator.ActiveCfg = Release|Any CPU
		{72671895-8962-4C00-A91D-7D7DB434A297}.Release|iPhoneSimulator.Build.0 = Release|Any CPU
		{72671895-8962-4C00-A91D-7D7DB434A297}.Release|x64.ActiveCfg = Release|Any CPU
		{72671895-8962-4C00-A91D-7D7DB434A297}.Release|x64.Build.0 = Release|Any CPU
		{72671895-8962-4C00-A91D-7D7DB434A297}.Release|x86.ActiveCfg = Release|Any CPU
		{72671895-8962-4C00-A91D-7D7DB434A297}.Release|x86.Build.0 = Release|Any CPU
		{75970017-84D3-48D2-9EDC-24AEB5A7ADFC}.Ad-Hoc|Any CPU.ActiveCfg = Release|Any CPU
		{75970017-84D3-48D2-9EDC-24AEB5A7ADFC}.Ad-Hoc|Any CPU.Build.0 = Release|Any CPU
		{75970017-84D3-48D2-9EDC-24AEB5A7ADFC}.Ad-Hoc|ARM.ActiveCfg = Release|Any CPU
		{75970017-84D3-48D2-9EDC-24AEB5A7ADFC}.Ad-Hoc|ARM.Build.0 = Release|Any CPU
		{75970017-84D3-48D2-9EDC-24AEB5A7ADFC}.Ad-Hoc|iPhone.ActiveCfg = Release|Any CPU
		{75970017-84D3-48D2-9EDC-24AEB5A7ADFC}.Ad-Hoc|iPhone.Build.0 = Release|Any CPU
		{75970017-84D3-48D2-9EDC-24AEB5A7ADFC}.Ad-Hoc|iPhoneSimulator.ActiveCfg = Release|Any CPU
		{75970017-84D3-48D2-9EDC-24AEB5A7ADFC}.Ad-Hoc|iPhoneSimulator.Build.0 = Release|Any CPU
		{75970017-84D3-48D2-9EDC-24AEB5A7ADFC}.Ad-Hoc|x64.ActiveCfg = Release|Any CPU
		{75970017-84D3-48D2-9EDC-24AEB5A7ADFC}.Ad-Hoc|x64.Build.0 = Release|Any CPU
		{75970017-84D3-48D2-9EDC-24AEB5A7ADFC}.Ad-Hoc|x86.ActiveCfg = Release|Any CPU
		{75970017-84D3-48D2-9EDC-24AEB5A7ADFC}.Ad-Hoc|x86.Build.0 = Release|Any CPU
		{75970017-84D3-48D2-9EDC-24AEB5A7ADFC}.AppStore|Any CPU.ActiveCfg = Release|Any CPU
		{75970017-84D3-48D2-9EDC-24AEB5A7ADFC}.AppStore|Any CPU.Build.0 = Release|Any CPU
		{75970017-84D3-48D2-9EDC-24AEB5A7ADFC}.AppStore|ARM.ActiveCfg = Release|Any CPU
		{75970017-84D3-48D2-9EDC-24AEB5A7ADFC}.AppStore|ARM.Build.0 = Release|Any CPU
		{75970017-84D3-48D2-9EDC-24AEB5A7ADFC}.AppStore|iPhone.ActiveCfg = Release|Any CPU
		{75970017-84D3-48D2-9EDC-24AEB5A7ADFC}.AppStore|iPhone.Build.0 = Release|Any CPU
		{75970017-84D3-48D2-9EDC-24AEB5A7ADFC}.AppStore|iPhoneSimulator.ActiveCfg = Release|Any CPU
		{75970017-84D3-48D2-9EDC-24AEB5A7ADFC}.AppStore|iPhoneSimulator.Build.0 = Release|Any CPU
		{75970017-84D3-48D2-9EDC-24AEB5A7ADFC}.AppStore|x64.ActiveCfg = Release|Any CPU
		{75970017-84D3-48D2-9EDC-24AEB5A7ADFC}.AppStore|x64.Build.0 = Release|Any CPU
		{75970017-84D3-48D2-9EDC-24AEB5A7ADFC}.AppStore|x86.ActiveCfg = Release|Any CPU
		{75970017-84D3-48D2-9EDC-24AEB5A7ADFC}.AppStore|x86.Build.0 = Release|Any CPU
		{75970017-84D3-48D2-9EDC-24AEB5A7ADFC}.Debug|Any CPU.ActiveCfg = Debug|Any CPU
		{75970017-84D3-48D2-9EDC-24AEB5A7ADFC}.Debug|Any CPU.Build.0 = Debug|Any CPU
		{75970017-84D3-48D2-9EDC-24AEB5A7ADFC}.Debug|ARM.ActiveCfg = Debug|Any CPU
		{75970017-84D3-48D2-9EDC-24AEB5A7ADFC}.Debug|ARM.Build.0 = Debug|Any CPU
		{75970017-84D3-48D2-9EDC-24AEB5A7ADFC}.Debug|iPhone.ActiveCfg = Debug|Any CPU
		{75970017-84D3-48D2-9EDC-24AEB5A7ADFC}.Debug|iPhone.Build.0 = Debug|Any CPU
		{75970017-84D3-48D2-9EDC-24AEB5A7ADFC}.Debug|iPhoneSimulator.ActiveCfg = Debug|Any CPU
		{75970017-84D3-48D2-9EDC-24AEB5A7ADFC}.Debug|iPhoneSimulator.Build.0 = Debug|Any CPU
		{75970017-84D3-48D2-9EDC-24AEB5A7ADFC}.Debug|x64.ActiveCfg = Debug|Any CPU
		{75970017-84D3-48D2-9EDC-24AEB5A7ADFC}.Debug|x64.Build.0 = Debug|Any CPU
		{75970017-84D3-48D2-9EDC-24AEB5A7ADFC}.Debug|x86.ActiveCfg = Debug|Any CPU
		{75970017-84D3-48D2-9EDC-24AEB5A7ADFC}.Debug|x86.Build.0 = Debug|Any CPU
		{75970017-84D3-48D2-9EDC-24AEB5A7ADFC}.Release|Any CPU.ActiveCfg = Release|Any CPU
		{75970017-84D3-48D2-9EDC-24AEB5A7ADFC}.Release|Any CPU.Build.0 = Release|Any CPU
		{75970017-84D3-48D2-9EDC-24AEB5A7ADFC}.Release|ARM.ActiveCfg = Release|Any CPU
		{75970017-84D3-48D2-9EDC-24AEB5A7ADFC}.Release|ARM.Build.0 = Release|Any CPU
		{75970017-84D3-48D2-9EDC-24AEB5A7ADFC}.Release|iPhone.ActiveCfg = Release|Any CPU
		{75970017-84D3-48D2-9EDC-24AEB5A7ADFC}.Release|iPhone.Build.0 = Release|Any CPU
		{75970017-84D3-48D2-9EDC-24AEB5A7ADFC}.Release|iPhoneSimulator.ActiveCfg = Release|Any CPU
		{75970017-84D3-48D2-9EDC-24AEB5A7ADFC}.Release|iPhoneSimulator.Build.0 = Release|Any CPU
		{75970017-84D3-48D2-9EDC-24AEB5A7ADFC}.Release|x64.ActiveCfg = Release|Any CPU
		{75970017-84D3-48D2-9EDC-24AEB5A7ADFC}.Release|x64.Build.0 = Release|Any CPU
		{75970017-84D3-48D2-9EDC-24AEB5A7ADFC}.Release|x86.ActiveCfg = Release|Any CPU
		{75970017-84D3-48D2-9EDC-24AEB5A7ADFC}.Release|x86.Build.0 = Release|Any CPU
		{5A20FBF4-A482-43D8-9CE3-D7214B851114}.Ad-Hoc|Any CPU.ActiveCfg = Release|Any CPU
		{5A20FBF4-A482-43D8-9CE3-D7214B851114}.Ad-Hoc|Any CPU.Build.0 = Release|Any CPU
		{5A20FBF4-A482-43D8-9CE3-D7214B851114}.Ad-Hoc|ARM.ActiveCfg = Release|Any CPU
		{5A20FBF4-A482-43D8-9CE3-D7214B851114}.Ad-Hoc|ARM.Build.0 = Release|Any CPU
		{5A20FBF4-A482-43D8-9CE3-D7214B851114}.Ad-Hoc|iPhone.ActiveCfg = Release|Any CPU
		{5A20FBF4-A482-43D8-9CE3-D7214B851114}.Ad-Hoc|iPhone.Build.0 = Release|Any CPU
		{5A20FBF4-A482-43D8-9CE3-D7214B851114}.Ad-Hoc|iPhoneSimulator.ActiveCfg = Release|Any CPU
		{5A20FBF4-A482-43D8-9CE3-D7214B851114}.Ad-Hoc|iPhoneSimulator.Build.0 = Release|Any CPU
		{5A20FBF4-A482-43D8-9CE3-D7214B851114}.Ad-Hoc|x64.ActiveCfg = Release|Any CPU
		{5A20FBF4-A482-43D8-9CE3-D7214B851114}.Ad-Hoc|x64.Build.0 = Release|Any CPU
		{5A20FBF4-A482-43D8-9CE3-D7214B851114}.Ad-Hoc|x86.ActiveCfg = Release|Any CPU
		{5A20FBF4-A482-43D8-9CE3-D7214B851114}.Ad-Hoc|x86.Build.0 = Release|Any CPU
		{5A20FBF4-A482-43D8-9CE3-D7214B851114}.AppStore|Any CPU.ActiveCfg = Release|Any CPU
		{5A20FBF4-A482-43D8-9CE3-D7214B851114}.AppStore|Any CPU.Build.0 = Release|Any CPU
		{5A20FBF4-A482-43D8-9CE3-D7214B851114}.AppStore|ARM.ActiveCfg = Release|Any CPU
		{5A20FBF4-A482-43D8-9CE3-D7214B851114}.AppStore|ARM.Build.0 = Release|Any CPU
		{5A20FBF4-A482-43D8-9CE3-D7214B851114}.AppStore|iPhone.ActiveCfg = Release|Any CPU
		{5A20FBF4-A482-43D8-9CE3-D7214B851114}.AppStore|iPhone.Build.0 = Release|Any CPU
		{5A20FBF4-A482-43D8-9CE3-D7214B851114}.AppStore|iPhoneSimulator.ActiveCfg = Release|Any CPU
		{5A20FBF4-A482-43D8-9CE3-D7214B851114}.AppStore|iPhoneSimulator.Build.0 = Release|Any CPU
		{5A20FBF4-A482-43D8-9CE3-D7214B851114}.AppStore|x64.ActiveCfg = Release|Any CPU
		{5A20FBF4-A482-43D8-9CE3-D7214B851114}.AppStore|x64.Build.0 = Release|Any CPU
		{5A20FBF4-A482-43D8-9CE3-D7214B851114}.AppStore|x86.ActiveCfg = Release|Any CPU
		{5A20FBF4-A482-43D8-9CE3-D7214B851114}.AppStore|x86.Build.0 = Release|Any CPU
		{5A20FBF4-A482-43D8-9CE3-D7214B851114}.Debug|Any CPU.ActiveCfg = Debug|Any CPU
		{5A20FBF4-A482-43D8-9CE3-D7214B851114}.Debug|Any CPU.Build.0 = Debug|Any CPU
		{5A20FBF4-A482-43D8-9CE3-D7214B851114}.Debug|ARM.ActiveCfg = Debug|Any CPU
		{5A20FBF4-A482-43D8-9CE3-D7214B851114}.Debug|ARM.Build.0 = Debug|Any CPU
		{5A20FBF4-A482-43D8-9CE3-D7214B851114}.Debug|iPhone.ActiveCfg = Debug|Any CPU
		{5A20FBF4-A482-43D8-9CE3-D7214B851114}.Debug|iPhone.Build.0 = Debug|Any CPU
		{5A20FBF4-A482-43D8-9CE3-D7214B851114}.Debug|iPhoneSimulator.ActiveCfg = Debug|Any CPU
		{5A20FBF4-A482-43D8-9CE3-D7214B851114}.Debug|iPhoneSimulator.Build.0 = Debug|Any CPU
		{5A20FBF4-A482-43D8-9CE3-D7214B851114}.Debug|x64.ActiveCfg = Debug|Any CPU
		{5A20FBF4-A482-43D8-9CE3-D7214B851114}.Debug|x64.Build.0 = Debug|Any CPU
		{5A20FBF4-A482-43D8-9CE3-D7214B851114}.Debug|x86.ActiveCfg = Debug|Any CPU
		{5A20FBF4-A482-43D8-9CE3-D7214B851114}.Debug|x86.Build.0 = Debug|Any CPU
		{5A20FBF4-A482-43D8-9CE3-D7214B851114}.Release|Any CPU.ActiveCfg = Release|Any CPU
		{5A20FBF4-A482-43D8-9CE3-D7214B851114}.Release|Any CPU.Build.0 = Release|Any CPU
		{5A20FBF4-A482-43D8-9CE3-D7214B851114}.Release|ARM.ActiveCfg = Release|Any CPU
		{5A20FBF4-A482-43D8-9CE3-D7214B851114}.Release|ARM.Build.0 = Release|Any CPU
		{5A20FBF4-A482-43D8-9CE3-D7214B851114}.Release|iPhone.ActiveCfg = Release|Any CPU
		{5A20FBF4-A482-43D8-9CE3-D7214B851114}.Release|iPhone.Build.0 = Release|Any CPU
		{5A20FBF4-A482-43D8-9CE3-D7214B851114}.Release|iPhoneSimulator.ActiveCfg = Release|Any CPU
		{5A20FBF4-A482-43D8-9CE3-D7214B851114}.Release|iPhoneSimulator.Build.0 = Release|Any CPU
		{5A20FBF4-A482-43D8-9CE3-D7214B851114}.Release|x64.ActiveCfg = Release|Any CPU
		{5A20FBF4-A482-43D8-9CE3-D7214B851114}.Release|x64.Build.0 = Release|Any CPU
		{5A20FBF4-A482-43D8-9CE3-D7214B851114}.Release|x86.ActiveCfg = Release|Any CPU
		{5A20FBF4-A482-43D8-9CE3-D7214B851114}.Release|x86.Build.0 = Release|Any CPU
		{8F88CB38-3D32-4EED-B1E7-A2237C70D1CB}.Ad-Hoc|Any CPU.ActiveCfg = Release|Any CPU
		{8F88CB38-3D32-4EED-B1E7-A2237C70D1CB}.Ad-Hoc|Any CPU.Build.0 = Release|Any CPU
		{8F88CB38-3D32-4EED-B1E7-A2237C70D1CB}.Ad-Hoc|ARM.ActiveCfg = Release|Any CPU
		{8F88CB38-3D32-4EED-B1E7-A2237C70D1CB}.Ad-Hoc|ARM.Build.0 = Release|Any CPU
		{8F88CB38-3D32-4EED-B1E7-A2237C70D1CB}.Ad-Hoc|iPhone.ActiveCfg = Release|Any CPU
		{8F88CB38-3D32-4EED-B1E7-A2237C70D1CB}.Ad-Hoc|iPhone.Build.0 = Release|Any CPU
		{8F88CB38-3D32-4EED-B1E7-A2237C70D1CB}.Ad-Hoc|iPhoneSimulator.ActiveCfg = Release|Any CPU
		{8F88CB38-3D32-4EED-B1E7-A2237C70D1CB}.Ad-Hoc|iPhoneSimulator.Build.0 = Release|Any CPU
		{8F88CB38-3D32-4EED-B1E7-A2237C70D1CB}.Ad-Hoc|x64.ActiveCfg = Release|Any CPU
		{8F88CB38-3D32-4EED-B1E7-A2237C70D1CB}.Ad-Hoc|x64.Build.0 = Release|Any CPU
		{8F88CB38-3D32-4EED-B1E7-A2237C70D1CB}.Ad-Hoc|x86.ActiveCfg = Release|Any CPU
		{8F88CB38-3D32-4EED-B1E7-A2237C70D1CB}.Ad-Hoc|x86.Build.0 = Release|Any CPU
		{8F88CB38-3D32-4EED-B1E7-A2237C70D1CB}.AppStore|Any CPU.ActiveCfg = Release|Any CPU
		{8F88CB38-3D32-4EED-B1E7-A2237C70D1CB}.AppStore|Any CPU.Build.0 = Release|Any CPU
		{8F88CB38-3D32-4EED-B1E7-A2237C70D1CB}.AppStore|ARM.ActiveCfg = Release|Any CPU
		{8F88CB38-3D32-4EED-B1E7-A2237C70D1CB}.AppStore|ARM.Build.0 = Release|Any CPU
		{8F88CB38-3D32-4EED-B1E7-A2237C70D1CB}.AppStore|iPhone.ActiveCfg = Release|Any CPU
		{8F88CB38-3D32-4EED-B1E7-A2237C70D1CB}.AppStore|iPhone.Build.0 = Release|Any CPU
		{8F88CB38-3D32-4EED-B1E7-A2237C70D1CB}.AppStore|iPhoneSimulator.ActiveCfg = Release|Any CPU
		{8F88CB38-3D32-4EED-B1E7-A2237C70D1CB}.AppStore|iPhoneSimulator.Build.0 = Release|Any CPU
		{8F88CB38-3D32-4EED-B1E7-A2237C70D1CB}.AppStore|x64.ActiveCfg = Release|Any CPU
		{8F88CB38-3D32-4EED-B1E7-A2237C70D1CB}.AppStore|x64.Build.0 = Release|Any CPU
		{8F88CB38-3D32-4EED-B1E7-A2237C70D1CB}.AppStore|x86.ActiveCfg = Release|Any CPU
		{8F88CB38-3D32-4EED-B1E7-A2237C70D1CB}.AppStore|x86.Build.0 = Release|Any CPU
		{8F88CB38-3D32-4EED-B1E7-A2237C70D1CB}.Debug|Any CPU.ActiveCfg = Debug|Any CPU
		{8F88CB38-3D32-4EED-B1E7-A2237C70D1CB}.Debug|Any CPU.Build.0 = Debug|Any CPU
		{8F88CB38-3D32-4EED-B1E7-A2237C70D1CB}.Debug|ARM.ActiveCfg = Debug|Any CPU
		{8F88CB38-3D32-4EED-B1E7-A2237C70D1CB}.Debug|ARM.Build.0 = Debug|Any CPU
		{8F88CB38-3D32-4EED-B1E7-A2237C70D1CB}.Debug|iPhone.ActiveCfg = Debug|Any CPU
		{8F88CB38-3D32-4EED-B1E7-A2237C70D1CB}.Debug|iPhone.Build.0 = Debug|Any CPU
		{8F88CB38-3D32-4EED-B1E7-A2237C70D1CB}.Debug|iPhoneSimulator.ActiveCfg = Debug|Any CPU
		{8F88CB38-3D32-4EED-B1E7-A2237C70D1CB}.Debug|iPhoneSimulator.Build.0 = Debug|Any CPU
		{8F88CB38-3D32-4EED-B1E7-A2237C70D1CB}.Debug|x64.ActiveCfg = Debug|Any CPU
		{8F88CB38-3D32-4EED-B1E7-A2237C70D1CB}.Debug|x64.Build.0 = Debug|Any CPU
		{8F88CB38-3D32-4EED-B1E7-A2237C70D1CB}.Debug|x86.ActiveCfg = Debug|Any CPU
		{8F88CB38-3D32-4EED-B1E7-A2237C70D1CB}.Debug|x86.Build.0 = Debug|Any CPU
		{8F88CB38-3D32-4EED-B1E7-A2237C70D1CB}.Release|Any CPU.ActiveCfg = Release|Any CPU
		{8F88CB38-3D32-4EED-B1E7-A2237C70D1CB}.Release|Any CPU.Build.0 = Release|Any CPU
		{8F88CB38-3D32-4EED-B1E7-A2237C70D1CB}.Release|ARM.ActiveCfg = Release|Any CPU
		{8F88CB38-3D32-4EED-B1E7-A2237C70D1CB}.Release|ARM.Build.0 = Release|Any CPU
		{8F88CB38-3D32-4EED-B1E7-A2237C70D1CB}.Release|iPhone.ActiveCfg = Release|Any CPU
		{8F88CB38-3D32-4EED-B1E7-A2237C70D1CB}.Release|iPhone.Build.0 = Release|Any CPU
		{8F88CB38-3D32-4EED-B1E7-A2237C70D1CB}.Release|iPhoneSimulator.ActiveCfg = Release|Any CPU
		{8F88CB38-3D32-4EED-B1E7-A2237C70D1CB}.Release|iPhoneSimulator.Build.0 = Release|Any CPU
		{8F88CB38-3D32-4EED-B1E7-A2237C70D1CB}.Release|x64.ActiveCfg = Release|Any CPU
		{8F88CB38-3D32-4EED-B1E7-A2237C70D1CB}.Release|x64.Build.0 = Release|Any CPU
		{8F88CB38-3D32-4EED-B1E7-A2237C70D1CB}.Release|x86.ActiveCfg = Release|Any CPU
		{8F88CB38-3D32-4EED-B1E7-A2237C70D1CB}.Release|x86.Build.0 = Release|Any CPU
		{71D87134-1A7D-491F-81C1-93F2454A8962}.Ad-Hoc|Any CPU.ActiveCfg = Release|Any CPU
		{71D87134-1A7D-491F-81C1-93F2454A8962}.Ad-Hoc|Any CPU.Build.0 = Release|Any CPU
		{71D87134-1A7D-491F-81C1-93F2454A8962}.Ad-Hoc|ARM.ActiveCfg = Release|Any CPU
		{71D87134-1A7D-491F-81C1-93F2454A8962}.Ad-Hoc|ARM.Build.0 = Release|Any CPU
		{71D87134-1A7D-491F-81C1-93F2454A8962}.Ad-Hoc|iPhone.ActiveCfg = Release|Any CPU
		{71D87134-1A7D-491F-81C1-93F2454A8962}.Ad-Hoc|iPhone.Build.0 = Release|Any CPU
		{71D87134-1A7D-491F-81C1-93F2454A8962}.Ad-Hoc|iPhoneSimulator.ActiveCfg = Release|Any CPU
		{71D87134-1A7D-491F-81C1-93F2454A8962}.Ad-Hoc|iPhoneSimulator.Build.0 = Release|Any CPU
		{71D87134-1A7D-491F-81C1-93F2454A8962}.Ad-Hoc|x64.ActiveCfg = Release|Any CPU
		{71D87134-1A7D-491F-81C1-93F2454A8962}.Ad-Hoc|x64.Build.0 = Release|Any CPU
		{71D87134-1A7D-491F-81C1-93F2454A8962}.Ad-Hoc|x86.ActiveCfg = Release|Any CPU
		{71D87134-1A7D-491F-81C1-93F2454A8962}.Ad-Hoc|x86.Build.0 = Release|Any CPU
		{71D87134-1A7D-491F-81C1-93F2454A8962}.AppStore|Any CPU.ActiveCfg = Release|Any CPU
		{71D87134-1A7D-491F-81C1-93F2454A8962}.AppStore|Any CPU.Build.0 = Release|Any CPU
		{71D87134-1A7D-491F-81C1-93F2454A8962}.AppStore|ARM.ActiveCfg = Release|Any CPU
		{71D87134-1A7D-491F-81C1-93F2454A8962}.AppStore|ARM.Build.0 = Release|Any CPU
		{71D87134-1A7D-491F-81C1-93F2454A8962}.AppStore|iPhone.ActiveCfg = Release|Any CPU
		{71D87134-1A7D-491F-81C1-93F2454A8962}.AppStore|iPhone.Build.0 = Release|Any CPU
		{71D87134-1A7D-491F-81C1-93F2454A8962}.AppStore|iPhoneSimulator.ActiveCfg = Release|Any CPU
		{71D87134-1A7D-491F-81C1-93F2454A8962}.AppStore|iPhoneSimulator.Build.0 = Release|Any CPU
		{71D87134-1A7D-491F-81C1-93F2454A8962}.AppStore|x64.ActiveCfg = Release|Any CPU
		{71D87134-1A7D-491F-81C1-93F2454A8962}.AppStore|x64.Build.0 = Release|Any CPU
		{71D87134-1A7D-491F-81C1-93F2454A8962}.AppStore|x86.ActiveCfg = Release|Any CPU
		{71D87134-1A7D-491F-81C1-93F2454A8962}.AppStore|x86.Build.0 = Release|Any CPU
		{71D87134-1A7D-491F-81C1-93F2454A8962}.Debug|Any CPU.ActiveCfg = Debug|Any CPU
		{71D87134-1A7D-491F-81C1-93F2454A8962}.Debug|Any CPU.Build.0 = Debug|Any CPU
		{71D87134-1A7D-491F-81C1-93F2454A8962}.Debug|ARM.ActiveCfg = Debug|Any CPU
		{71D87134-1A7D-491F-81C1-93F2454A8962}.Debug|ARM.Build.0 = Debug|Any CPU
		{71D87134-1A7D-491F-81C1-93F2454A8962}.Debug|iPhone.ActiveCfg = Debug|Any CPU
		{71D87134-1A7D-491F-81C1-93F2454A8962}.Debug|iPhone.Build.0 = Debug|Any CPU
		{71D87134-1A7D-491F-81C1-93F2454A8962}.Debug|iPhoneSimulator.ActiveCfg = Debug|Any CPU
		{71D87134-1A7D-491F-81C1-93F2454A8962}.Debug|iPhoneSimulator.Build.0 = Debug|Any CPU
		{71D87134-1A7D-491F-81C1-93F2454A8962}.Debug|x64.ActiveCfg = Debug|Any CPU
		{71D87134-1A7D-491F-81C1-93F2454A8962}.Debug|x64.Build.0 = Debug|Any CPU
		{71D87134-1A7D-491F-81C1-93F2454A8962}.Debug|x86.ActiveCfg = Debug|Any CPU
		{71D87134-1A7D-491F-81C1-93F2454A8962}.Debug|x86.Build.0 = Debug|Any CPU
		{71D87134-1A7D-491F-81C1-93F2454A8962}.Release|Any CPU.ActiveCfg = Release|Any CPU
		{71D87134-1A7D-491F-81C1-93F2454A8962}.Release|Any CPU.Build.0 = Release|Any CPU
		{71D87134-1A7D-491F-81C1-93F2454A8962}.Release|ARM.ActiveCfg = Release|Any CPU
		{71D87134-1A7D-491F-81C1-93F2454A8962}.Release|ARM.Build.0 = Release|Any CPU
		{71D87134-1A7D-491F-81C1-93F2454A8962}.Release|iPhone.ActiveCfg = Release|Any CPU
		{71D87134-1A7D-491F-81C1-93F2454A8962}.Release|iPhone.Build.0 = Release|Any CPU
		{71D87134-1A7D-491F-81C1-93F2454A8962}.Release|iPhoneSimulator.ActiveCfg = Release|Any CPU
		{71D87134-1A7D-491F-81C1-93F2454A8962}.Release|iPhoneSimulator.Build.0 = Release|Any CPU
		{71D87134-1A7D-491F-81C1-93F2454A8962}.Release|x64.ActiveCfg = Release|Any CPU
		{71D87134-1A7D-491F-81C1-93F2454A8962}.Release|x64.Build.0 = Release|Any CPU
		{71D87134-1A7D-491F-81C1-93F2454A8962}.Release|x86.ActiveCfg = Release|Any CPU
		{71D87134-1A7D-491F-81C1-93F2454A8962}.Release|x86.Build.0 = Release|Any CPU
		{BF428E02-E173-4E54-A520-6C8B0F07CD3E}.Ad-Hoc|Any CPU.ActiveCfg = Release|Any CPU
		{BF428E02-E173-4E54-A520-6C8B0F07CD3E}.Ad-Hoc|Any CPU.Build.0 = Release|Any CPU
		{BF428E02-E173-4E54-A520-6C8B0F07CD3E}.Ad-Hoc|ARM.ActiveCfg = Release|Any CPU
		{BF428E02-E173-4E54-A520-6C8B0F07CD3E}.Ad-Hoc|ARM.Build.0 = Release|Any CPU
		{BF428E02-E173-4E54-A520-6C8B0F07CD3E}.Ad-Hoc|iPhone.ActiveCfg = Release|Any CPU
		{BF428E02-E173-4E54-A520-6C8B0F07CD3E}.Ad-Hoc|iPhone.Build.0 = Release|Any CPU
		{BF428E02-E173-4E54-A520-6C8B0F07CD3E}.Ad-Hoc|iPhoneSimulator.ActiveCfg = Release|Any CPU
		{BF428E02-E173-4E54-A520-6C8B0F07CD3E}.Ad-Hoc|iPhoneSimulator.Build.0 = Release|Any CPU
		{BF428E02-E173-4E54-A520-6C8B0F07CD3E}.Ad-Hoc|x64.ActiveCfg = Release|Any CPU
		{BF428E02-E173-4E54-A520-6C8B0F07CD3E}.Ad-Hoc|x64.Build.0 = Release|Any CPU
		{BF428E02-E173-4E54-A520-6C8B0F07CD3E}.Ad-Hoc|x86.ActiveCfg = Release|Any CPU
		{BF428E02-E173-4E54-A520-6C8B0F07CD3E}.Ad-Hoc|x86.Build.0 = Release|Any CPU
		{BF428E02-E173-4E54-A520-6C8B0F07CD3E}.AppStore|Any CPU.ActiveCfg = Release|Any CPU
		{BF428E02-E173-4E54-A520-6C8B0F07CD3E}.AppStore|Any CPU.Build.0 = Release|Any CPU
		{BF428E02-E173-4E54-A520-6C8B0F07CD3E}.AppStore|ARM.ActiveCfg = Release|Any CPU
		{BF428E02-E173-4E54-A520-6C8B0F07CD3E}.AppStore|ARM.Build.0 = Release|Any CPU
		{BF428E02-E173-4E54-A520-6C8B0F07CD3E}.AppStore|iPhone.ActiveCfg = Release|Any CPU
		{BF428E02-E173-4E54-A520-6C8B0F07CD3E}.AppStore|iPhone.Build.0 = Release|Any CPU
		{BF428E02-E173-4E54-A520-6C8B0F07CD3E}.AppStore|iPhoneSimulator.ActiveCfg = Release|Any CPU
		{BF428E02-E173-4E54-A520-6C8B0F07CD3E}.AppStore|iPhoneSimulator.Build.0 = Release|Any CPU
		{BF428E02-E173-4E54-A520-6C8B0F07CD3E}.AppStore|x64.ActiveCfg = Release|Any CPU
		{BF428E02-E173-4E54-A520-6C8B0F07CD3E}.AppStore|x64.Build.0 = Release|Any CPU
		{BF428E02-E173-4E54-A520-6C8B0F07CD3E}.AppStore|x86.ActiveCfg = Release|Any CPU
		{BF428E02-E173-4E54-A520-6C8B0F07CD3E}.AppStore|x86.Build.0 = Release|Any CPU
		{BF428E02-E173-4E54-A520-6C8B0F07CD3E}.Debug|Any CPU.ActiveCfg = Debug|Any CPU
		{BF428E02-E173-4E54-A520-6C8B0F07CD3E}.Debug|Any CPU.Build.0 = Debug|Any CPU
		{BF428E02-E173-4E54-A520-6C8B0F07CD3E}.Debug|ARM.ActiveCfg = Debug|Any CPU
		{BF428E02-E173-4E54-A520-6C8B0F07CD3E}.Debug|ARM.Build.0 = Debug|Any CPU
		{BF428E02-E173-4E54-A520-6C8B0F07CD3E}.Debug|iPhone.ActiveCfg = Debug|Any CPU
		{BF428E02-E173-4E54-A520-6C8B0F07CD3E}.Debug|iPhone.Build.0 = Debug|Any CPU
		{BF428E02-E173-4E54-A520-6C8B0F07CD3E}.Debug|iPhoneSimulator.ActiveCfg = Debug|Any CPU
		{BF428E02-E173-4E54-A520-6C8B0F07CD3E}.Debug|iPhoneSimulator.Build.0 = Debug|Any CPU
		{BF428E02-E173-4E54-A520-6C8B0F07CD3E}.Debug|x64.ActiveCfg = Debug|Any CPU
		{BF428E02-E173-4E54-A520-6C8B0F07CD3E}.Debug|x64.Build.0 = Debug|Any CPU
		{BF428E02-E173-4E54-A520-6C8B0F07CD3E}.Debug|x86.ActiveCfg = Debug|Any CPU
		{BF428E02-E173-4E54-A520-6C8B0F07CD3E}.Debug|x86.Build.0 = Debug|Any CPU
		{BF428E02-E173-4E54-A520-6C8B0F07CD3E}.Release|Any CPU.ActiveCfg = Release|Any CPU
		{BF428E02-E173-4E54-A520-6C8B0F07CD3E}.Release|Any CPU.Build.0 = Release|Any CPU
		{BF428E02-E173-4E54-A520-6C8B0F07CD3E}.Release|ARM.ActiveCfg = Release|Any CPU
		{BF428E02-E173-4E54-A520-6C8B0F07CD3E}.Release|ARM.Build.0 = Release|Any CPU
		{BF428E02-E173-4E54-A520-6C8B0F07CD3E}.Release|iPhone.ActiveCfg = Release|Any CPU
		{BF428E02-E173-4E54-A520-6C8B0F07CD3E}.Release|iPhone.Build.0 = Release|Any CPU
		{BF428E02-E173-4E54-A520-6C8B0F07CD3E}.Release|iPhoneSimulator.ActiveCfg = Release|Any CPU
		{BF428E02-E173-4E54-A520-6C8B0F07CD3E}.Release|iPhoneSimulator.Build.0 = Release|Any CPU
		{BF428E02-E173-4E54-A520-6C8B0F07CD3E}.Release|x64.ActiveCfg = Release|Any CPU
		{BF428E02-E173-4E54-A520-6C8B0F07CD3E}.Release|x64.Build.0 = Release|Any CPU
		{BF428E02-E173-4E54-A520-6C8B0F07CD3E}.Release|x86.ActiveCfg = Release|Any CPU
		{BF428E02-E173-4E54-A520-6C8B0F07CD3E}.Release|x86.Build.0 = Release|Any CPU
		{1F57E4A6-05AE-4FCD-93D6-DEC35EC5A898}.Ad-Hoc|Any CPU.ActiveCfg = Release|Any CPU
		{1F57E4A6-05AE-4FCD-93D6-DEC35EC5A898}.Ad-Hoc|Any CPU.Build.0 = Release|Any CPU
		{1F57E4A6-05AE-4FCD-93D6-DEC35EC5A898}.Ad-Hoc|ARM.ActiveCfg = Release|Any CPU
		{1F57E4A6-05AE-4FCD-93D6-DEC35EC5A898}.Ad-Hoc|ARM.Build.0 = Release|Any CPU
		{1F57E4A6-05AE-4FCD-93D6-DEC35EC5A898}.Ad-Hoc|iPhone.ActiveCfg = Release|Any CPU
		{1F57E4A6-05AE-4FCD-93D6-DEC35EC5A898}.Ad-Hoc|iPhone.Build.0 = Release|Any CPU
		{1F57E4A6-05AE-4FCD-93D6-DEC35EC5A898}.Ad-Hoc|iPhoneSimulator.ActiveCfg = Release|Any CPU
		{1F57E4A6-05AE-4FCD-93D6-DEC35EC5A898}.Ad-Hoc|iPhoneSimulator.Build.0 = Release|Any CPU
		{1F57E4A6-05AE-4FCD-93D6-DEC35EC5A898}.Ad-Hoc|x64.ActiveCfg = Release|Any CPU
		{1F57E4A6-05AE-4FCD-93D6-DEC35EC5A898}.Ad-Hoc|x64.Build.0 = Release|Any CPU
		{1F57E4A6-05AE-4FCD-93D6-DEC35EC5A898}.Ad-Hoc|x86.ActiveCfg = Release|Any CPU
		{1F57E4A6-05AE-4FCD-93D6-DEC35EC5A898}.Ad-Hoc|x86.Build.0 = Release|Any CPU
		{1F57E4A6-05AE-4FCD-93D6-DEC35EC5A898}.AppStore|Any CPU.ActiveCfg = Release|Any CPU
		{1F57E4A6-05AE-4FCD-93D6-DEC35EC5A898}.AppStore|Any CPU.Build.0 = Release|Any CPU
		{1F57E4A6-05AE-4FCD-93D6-DEC35EC5A898}.AppStore|ARM.ActiveCfg = Release|Any CPU
		{1F57E4A6-05AE-4FCD-93D6-DEC35EC5A898}.AppStore|ARM.Build.0 = Release|Any CPU
		{1F57E4A6-05AE-4FCD-93D6-DEC35EC5A898}.AppStore|iPhone.ActiveCfg = Release|Any CPU
		{1F57E4A6-05AE-4FCD-93D6-DEC35EC5A898}.AppStore|iPhone.Build.0 = Release|Any CPU
		{1F57E4A6-05AE-4FCD-93D6-DEC35EC5A898}.AppStore|iPhoneSimulator.ActiveCfg = Release|Any CPU
		{1F57E4A6-05AE-4FCD-93D6-DEC35EC5A898}.AppStore|iPhoneSimulator.Build.0 = Release|Any CPU
		{1F57E4A6-05AE-4FCD-93D6-DEC35EC5A898}.AppStore|x64.ActiveCfg = Release|Any CPU
		{1F57E4A6-05AE-4FCD-93D6-DEC35EC5A898}.AppStore|x64.Build.0 = Release|Any CPU
		{1F57E4A6-05AE-4FCD-93D6-DEC35EC5A898}.AppStore|x86.ActiveCfg = Release|Any CPU
		{1F57E4A6-05AE-4FCD-93D6-DEC35EC5A898}.AppStore|x86.Build.0 = Release|Any CPU
		{1F57E4A6-05AE-4FCD-93D6-DEC35EC5A898}.Debug|Any CPU.ActiveCfg = Debug|Any CPU
		{1F57E4A6-05AE-4FCD-93D6-DEC35EC5A898}.Debug|Any CPU.Build.0 = Debug|Any CPU
		{1F57E4A6-05AE-4FCD-93D6-DEC35EC5A898}.Debug|ARM.ActiveCfg = Debug|Any CPU
		{1F57E4A6-05AE-4FCD-93D6-DEC35EC5A898}.Debug|ARM.Build.0 = Debug|Any CPU
		{1F57E4A6-05AE-4FCD-93D6-DEC35EC5A898}.Debug|iPhone.ActiveCfg = Debug|Any CPU
		{1F57E4A6-05AE-4FCD-93D6-DEC35EC5A898}.Debug|iPhone.Build.0 = Debug|Any CPU
		{1F57E4A6-05AE-4FCD-93D6-DEC35EC5A898}.Debug|iPhoneSimulator.ActiveCfg = Debug|Any CPU
		{1F57E4A6-05AE-4FCD-93D6-DEC35EC5A898}.Debug|iPhoneSimulator.Build.0 = Debug|Any CPU
		{1F57E4A6-05AE-4FCD-93D6-DEC35EC5A898}.Debug|x64.ActiveCfg = Debug|Any CPU
		{1F57E4A6-05AE-4FCD-93D6-DEC35EC5A898}.Debug|x64.Build.0 = Debug|Any CPU
		{1F57E4A6-05AE-4FCD-93D6-DEC35EC5A898}.Debug|x86.ActiveCfg = Debug|Any CPU
		{1F57E4A6-05AE-4FCD-93D6-DEC35EC5A898}.Debug|x86.Build.0 = Debug|Any CPU
		{1F57E4A6-05AE-4FCD-93D6-DEC35EC5A898}.Release|Any CPU.ActiveCfg = Release|Any CPU
		{1F57E4A6-05AE-4FCD-93D6-DEC35EC5A898}.Release|Any CPU.Build.0 = Release|Any CPU
		{1F57E4A6-05AE-4FCD-93D6-DEC35EC5A898}.Release|ARM.ActiveCfg = Release|Any CPU
		{1F57E4A6-05AE-4FCD-93D6-DEC35EC5A898}.Release|ARM.Build.0 = Release|Any CPU
		{1F57E4A6-05AE-4FCD-93D6-DEC35EC5A898}.Release|iPhone.ActiveCfg = Release|Any CPU
		{1F57E4A6-05AE-4FCD-93D6-DEC35EC5A898}.Release|iPhone.Build.0 = Release|Any CPU
		{1F57E4A6-05AE-4FCD-93D6-DEC35EC5A898}.Release|iPhoneSimulator.ActiveCfg = Release|Any CPU
		{1F57E4A6-05AE-4FCD-93D6-DEC35EC5A898}.Release|iPhoneSimulator.Build.0 = Release|Any CPU
		{1F57E4A6-05AE-4FCD-93D6-DEC35EC5A898}.Release|x64.ActiveCfg = Release|Any CPU
		{1F57E4A6-05AE-4FCD-93D6-DEC35EC5A898}.Release|x64.Build.0 = Release|Any CPU
		{1F57E4A6-05AE-4FCD-93D6-DEC35EC5A898}.Release|x86.ActiveCfg = Release|Any CPU
		{1F57E4A6-05AE-4FCD-93D6-DEC35EC5A898}.Release|x86.Build.0 = Release|Any CPU
		{B4D2C938-D3B6-4E86-AA03-004B1E20246D}.Ad-Hoc|Any CPU.ActiveCfg = Debug|Any CPU
		{B4D2C938-D3B6-4E86-AA03-004B1E20246D}.Ad-Hoc|Any CPU.Build.0 = Debug|Any CPU
		{B4D2C938-D3B6-4E86-AA03-004B1E20246D}.Ad-Hoc|ARM.ActiveCfg = Debug|Any CPU
		{B4D2C938-D3B6-4E86-AA03-004B1E20246D}.Ad-Hoc|ARM.Build.0 = Debug|Any CPU
		{B4D2C938-D3B6-4E86-AA03-004B1E20246D}.Ad-Hoc|iPhone.ActiveCfg = Debug|Any CPU
		{B4D2C938-D3B6-4E86-AA03-004B1E20246D}.Ad-Hoc|iPhone.Build.0 = Debug|Any CPU
		{B4D2C938-D3B6-4E86-AA03-004B1E20246D}.Ad-Hoc|iPhoneSimulator.ActiveCfg = Debug|Any CPU
		{B4D2C938-D3B6-4E86-AA03-004B1E20246D}.Ad-Hoc|iPhoneSimulator.Build.0 = Debug|Any CPU
		{B4D2C938-D3B6-4E86-AA03-004B1E20246D}.Ad-Hoc|x64.ActiveCfg = Debug|Any CPU
		{B4D2C938-D3B6-4E86-AA03-004B1E20246D}.Ad-Hoc|x64.Build.0 = Debug|Any CPU
		{B4D2C938-D3B6-4E86-AA03-004B1E20246D}.Ad-Hoc|x86.ActiveCfg = Debug|Any CPU
		{B4D2C938-D3B6-4E86-AA03-004B1E20246D}.Ad-Hoc|x86.Build.0 = Debug|Any CPU
		{B4D2C938-D3B6-4E86-AA03-004B1E20246D}.AppStore|Any CPU.ActiveCfg = Debug|Any CPU
		{B4D2C938-D3B6-4E86-AA03-004B1E20246D}.AppStore|Any CPU.Build.0 = Debug|Any CPU
		{B4D2C938-D3B6-4E86-AA03-004B1E20246D}.AppStore|ARM.ActiveCfg = Debug|Any CPU
		{B4D2C938-D3B6-4E86-AA03-004B1E20246D}.AppStore|ARM.Build.0 = Debug|Any CPU
		{B4D2C938-D3B6-4E86-AA03-004B1E20246D}.AppStore|iPhone.ActiveCfg = Debug|Any CPU
		{B4D2C938-D3B6-4E86-AA03-004B1E20246D}.AppStore|iPhone.Build.0 = Debug|Any CPU
		{B4D2C938-D3B6-4E86-AA03-004B1E20246D}.AppStore|iPhoneSimulator.ActiveCfg = Debug|Any CPU
		{B4D2C938-D3B6-4E86-AA03-004B1E20246D}.AppStore|iPhoneSimulator.Build.0 = Debug|Any CPU
		{B4D2C938-D3B6-4E86-AA03-004B1E20246D}.AppStore|x64.ActiveCfg = Debug|Any CPU
		{B4D2C938-D3B6-4E86-AA03-004B1E20246D}.AppStore|x64.Build.0 = Debug|Any CPU
		{B4D2C938-D3B6-4E86-AA03-004B1E20246D}.AppStore|x86.ActiveCfg = Debug|Any CPU
		{B4D2C938-D3B6-4E86-AA03-004B1E20246D}.AppStore|x86.Build.0 = Debug|Any CPU
		{B4D2C938-D3B6-4E86-AA03-004B1E20246D}.Debug|Any CPU.ActiveCfg = Debug|Any CPU
		{B4D2C938-D3B6-4E86-AA03-004B1E20246D}.Debug|Any CPU.Build.0 = Debug|Any CPU
		{B4D2C938-D3B6-4E86-AA03-004B1E20246D}.Debug|ARM.ActiveCfg = Debug|Any CPU
		{B4D2C938-D3B6-4E86-AA03-004B1E20246D}.Debug|ARM.Build.0 = Debug|Any CPU
		{B4D2C938-D3B6-4E86-AA03-004B1E20246D}.Debug|iPhone.ActiveCfg = Debug|Any CPU
		{B4D2C938-D3B6-4E86-AA03-004B1E20246D}.Debug|iPhone.Build.0 = Debug|Any CPU
		{B4D2C938-D3B6-4E86-AA03-004B1E20246D}.Debug|iPhoneSimulator.ActiveCfg = Debug|Any CPU
		{B4D2C938-D3B6-4E86-AA03-004B1E20246D}.Debug|iPhoneSimulator.Build.0 = Debug|Any CPU
		{B4D2C938-D3B6-4E86-AA03-004B1E20246D}.Debug|x64.ActiveCfg = Debug|Any CPU
		{B4D2C938-D3B6-4E86-AA03-004B1E20246D}.Debug|x64.Build.0 = Debug|Any CPU
		{B4D2C938-D3B6-4E86-AA03-004B1E20246D}.Debug|x86.ActiveCfg = Debug|Any CPU
		{B4D2C938-D3B6-4E86-AA03-004B1E20246D}.Debug|x86.Build.0 = Debug|Any CPU
		{B4D2C938-D3B6-4E86-AA03-004B1E20246D}.Release|Any CPU.ActiveCfg = Release|Any CPU
		{B4D2C938-D3B6-4E86-AA03-004B1E20246D}.Release|ARM.ActiveCfg = Release|Any CPU
		{B4D2C938-D3B6-4E86-AA03-004B1E20246D}.Release|iPhone.ActiveCfg = Release|Any CPU
		{B4D2C938-D3B6-4E86-AA03-004B1E20246D}.Release|iPhoneSimulator.ActiveCfg = Release|Any CPU
		{B4D2C938-D3B6-4E86-AA03-004B1E20246D}.Release|x64.ActiveCfg = Release|Any CPU
		{B4D2C938-D3B6-4E86-AA03-004B1E20246D}.Release|x86.ActiveCfg = Release|Any CPU
		{D62135FD-92DC-4431-A6D3-4F381C09BBBE}.Ad-Hoc|Any CPU.ActiveCfg = Release|Any CPU
		{D62135FD-92DC-4431-A6D3-4F381C09BBBE}.Ad-Hoc|Any CPU.Build.0 = Release|Any CPU
		{D62135FD-92DC-4431-A6D3-4F381C09BBBE}.Ad-Hoc|Any CPU.Deploy.0 = Release|Any CPU
		{D62135FD-92DC-4431-A6D3-4F381C09BBBE}.Ad-Hoc|ARM.ActiveCfg = Release|Any CPU
		{D62135FD-92DC-4431-A6D3-4F381C09BBBE}.Ad-Hoc|ARM.Build.0 = Release|Any CPU
		{D62135FD-92DC-4431-A6D3-4F381C09BBBE}.Ad-Hoc|ARM.Deploy.0 = Release|Any CPU
		{D62135FD-92DC-4431-A6D3-4F381C09BBBE}.Ad-Hoc|iPhone.ActiveCfg = Release|Any CPU
		{D62135FD-92DC-4431-A6D3-4F381C09BBBE}.Ad-Hoc|iPhone.Build.0 = Release|Any CPU
		{D62135FD-92DC-4431-A6D3-4F381C09BBBE}.Ad-Hoc|iPhone.Deploy.0 = Release|Any CPU
		{D62135FD-92DC-4431-A6D3-4F381C09BBBE}.Ad-Hoc|iPhoneSimulator.ActiveCfg = Release|Any CPU
		{D62135FD-92DC-4431-A6D3-4F381C09BBBE}.Ad-Hoc|iPhoneSimulator.Build.0 = Release|Any CPU
		{D62135FD-92DC-4431-A6D3-4F381C09BBBE}.Ad-Hoc|iPhoneSimulator.Deploy.0 = Release|Any CPU
		{D62135FD-92DC-4431-A6D3-4F381C09BBBE}.Ad-Hoc|x64.ActiveCfg = Release|Any CPU
		{D62135FD-92DC-4431-A6D3-4F381C09BBBE}.Ad-Hoc|x64.Build.0 = Release|Any CPU
		{D62135FD-92DC-4431-A6D3-4F381C09BBBE}.Ad-Hoc|x64.Deploy.0 = Release|Any CPU
		{D62135FD-92DC-4431-A6D3-4F381C09BBBE}.Ad-Hoc|x86.ActiveCfg = Release|Any CPU
		{D62135FD-92DC-4431-A6D3-4F381C09BBBE}.Ad-Hoc|x86.Build.0 = Release|Any CPU
		{D62135FD-92DC-4431-A6D3-4F381C09BBBE}.Ad-Hoc|x86.Deploy.0 = Release|Any CPU
		{D62135FD-92DC-4431-A6D3-4F381C09BBBE}.AppStore|Any CPU.ActiveCfg = Release|Any CPU
		{D62135FD-92DC-4431-A6D3-4F381C09BBBE}.AppStore|Any CPU.Build.0 = Release|Any CPU
		{D62135FD-92DC-4431-A6D3-4F381C09BBBE}.AppStore|Any CPU.Deploy.0 = Release|Any CPU
		{D62135FD-92DC-4431-A6D3-4F381C09BBBE}.AppStore|ARM.ActiveCfg = Release|Any CPU
		{D62135FD-92DC-4431-A6D3-4F381C09BBBE}.AppStore|ARM.Build.0 = Release|Any CPU
		{D62135FD-92DC-4431-A6D3-4F381C09BBBE}.AppStore|ARM.Deploy.0 = Release|Any CPU
		{D62135FD-92DC-4431-A6D3-4F381C09BBBE}.AppStore|iPhone.ActiveCfg = Release|Any CPU
		{D62135FD-92DC-4431-A6D3-4F381C09BBBE}.AppStore|iPhone.Build.0 = Release|Any CPU
		{D62135FD-92DC-4431-A6D3-4F381C09BBBE}.AppStore|iPhone.Deploy.0 = Release|Any CPU
		{D62135FD-92DC-4431-A6D3-4F381C09BBBE}.AppStore|iPhoneSimulator.ActiveCfg = Release|Any CPU
		{D62135FD-92DC-4431-A6D3-4F381C09BBBE}.AppStore|iPhoneSimulator.Build.0 = Release|Any CPU
		{D62135FD-92DC-4431-A6D3-4F381C09BBBE}.AppStore|iPhoneSimulator.Deploy.0 = Release|Any CPU
		{D62135FD-92DC-4431-A6D3-4F381C09BBBE}.AppStore|x64.ActiveCfg = Release|Any CPU
		{D62135FD-92DC-4431-A6D3-4F381C09BBBE}.AppStore|x64.Build.0 = Release|Any CPU
		{D62135FD-92DC-4431-A6D3-4F381C09BBBE}.AppStore|x64.Deploy.0 = Release|Any CPU
		{D62135FD-92DC-4431-A6D3-4F381C09BBBE}.AppStore|x86.ActiveCfg = Release|Any CPU
		{D62135FD-92DC-4431-A6D3-4F381C09BBBE}.AppStore|x86.Build.0 = Release|Any CPU
		{D62135FD-92DC-4431-A6D3-4F381C09BBBE}.AppStore|x86.Deploy.0 = Release|Any CPU
		{D62135FD-92DC-4431-A6D3-4F381C09BBBE}.Debug|Any CPU.ActiveCfg = Debug|Any CPU
		{D62135FD-92DC-4431-A6D3-4F381C09BBBE}.Debug|Any CPU.Build.0 = Debug|Any CPU
		{D62135FD-92DC-4431-A6D3-4F381C09BBBE}.Debug|Any CPU.Deploy.0 = Debug|Any CPU
		{D62135FD-92DC-4431-A6D3-4F381C09BBBE}.Debug|ARM.ActiveCfg = Debug|Any CPU
		{D62135FD-92DC-4431-A6D3-4F381C09BBBE}.Debug|ARM.Build.0 = Debug|Any CPU
		{D62135FD-92DC-4431-A6D3-4F381C09BBBE}.Debug|ARM.Deploy.0 = Debug|Any CPU
		{D62135FD-92DC-4431-A6D3-4F381C09BBBE}.Debug|iPhone.ActiveCfg = Debug|Any CPU
		{D62135FD-92DC-4431-A6D3-4F381C09BBBE}.Debug|iPhone.Build.0 = Debug|Any CPU
		{D62135FD-92DC-4431-A6D3-4F381C09BBBE}.Debug|iPhone.Deploy.0 = Debug|Any CPU
		{D62135FD-92DC-4431-A6D3-4F381C09BBBE}.Debug|iPhoneSimulator.ActiveCfg = Debug|Any CPU
		{D62135FD-92DC-4431-A6D3-4F381C09BBBE}.Debug|iPhoneSimulator.Build.0 = Debug|Any CPU
		{D62135FD-92DC-4431-A6D3-4F381C09BBBE}.Debug|iPhoneSimulator.Deploy.0 = Debug|Any CPU
		{D62135FD-92DC-4431-A6D3-4F381C09BBBE}.Debug|x64.ActiveCfg = Debug|Any CPU
		{D62135FD-92DC-4431-A6D3-4F381C09BBBE}.Debug|x64.Build.0 = Debug|Any CPU
		{D62135FD-92DC-4431-A6D3-4F381C09BBBE}.Debug|x64.Deploy.0 = Debug|Any CPU
		{D62135FD-92DC-4431-A6D3-4F381C09BBBE}.Debug|x86.ActiveCfg = Debug|Any CPU
		{D62135FD-92DC-4431-A6D3-4F381C09BBBE}.Debug|x86.Build.0 = Debug|Any CPU
		{D62135FD-92DC-4431-A6D3-4F381C09BBBE}.Debug|x86.Deploy.0 = Debug|Any CPU
		{D62135FD-92DC-4431-A6D3-4F381C09BBBE}.Release|Any CPU.ActiveCfg = Release|Any CPU
		{D62135FD-92DC-4431-A6D3-4F381C09BBBE}.Release|ARM.ActiveCfg = Release|Any CPU
		{D62135FD-92DC-4431-A6D3-4F381C09BBBE}.Release|iPhone.ActiveCfg = Release|Any CPU
		{D62135FD-92DC-4431-A6D3-4F381C09BBBE}.Release|iPhoneSimulator.ActiveCfg = Release|Any CPU
		{D62135FD-92DC-4431-A6D3-4F381C09BBBE}.Release|x64.ActiveCfg = Release|Any CPU
		{D62135FD-92DC-4431-A6D3-4F381C09BBBE}.Release|x86.ActiveCfg = Release|Any CPU
		{3417C93B-3E04-4E84-94AD-489E05AA4CBB}.Ad-Hoc|Any CPU.ActiveCfg = Ad-Hoc|iPhone
		{3417C93B-3E04-4E84-94AD-489E05AA4CBB}.Ad-Hoc|ARM.ActiveCfg = Ad-Hoc|iPhone
		{3417C93B-3E04-4E84-94AD-489E05AA4CBB}.Ad-Hoc|iPhone.ActiveCfg = Ad-Hoc|iPhone
		{3417C93B-3E04-4E84-94AD-489E05AA4CBB}.Ad-Hoc|iPhone.Build.0 = Ad-Hoc|iPhone
		{3417C93B-3E04-4E84-94AD-489E05AA4CBB}.Ad-Hoc|iPhoneSimulator.ActiveCfg = Ad-Hoc|iPhoneSimulator
		{3417C93B-3E04-4E84-94AD-489E05AA4CBB}.Ad-Hoc|iPhoneSimulator.Build.0 = Ad-Hoc|iPhoneSimulator
		{3417C93B-3E04-4E84-94AD-489E05AA4CBB}.Ad-Hoc|x64.ActiveCfg = Ad-Hoc|iPhone
		{3417C93B-3E04-4E84-94AD-489E05AA4CBB}.Ad-Hoc|x86.ActiveCfg = Ad-Hoc|iPhone
		{3417C93B-3E04-4E84-94AD-489E05AA4CBB}.AppStore|Any CPU.ActiveCfg = AppStore|iPhone
		{3417C93B-3E04-4E84-94AD-489E05AA4CBB}.AppStore|ARM.ActiveCfg = AppStore|iPhone
		{3417C93B-3E04-4E84-94AD-489E05AA4CBB}.AppStore|iPhone.ActiveCfg = AppStore|iPhone
		{3417C93B-3E04-4E84-94AD-489E05AA4CBB}.AppStore|iPhone.Build.0 = AppStore|iPhone
		{3417C93B-3E04-4E84-94AD-489E05AA4CBB}.AppStore|iPhoneSimulator.ActiveCfg = AppStore|iPhoneSimulator
		{3417C93B-3E04-4E84-94AD-489E05AA4CBB}.AppStore|iPhoneSimulator.Build.0 = AppStore|iPhoneSimulator
		{3417C93B-3E04-4E84-94AD-489E05AA4CBB}.AppStore|x64.ActiveCfg = AppStore|iPhone
		{3417C93B-3E04-4E84-94AD-489E05AA4CBB}.AppStore|x86.ActiveCfg = AppStore|iPhone
		{3417C93B-3E04-4E84-94AD-489E05AA4CBB}.Debug|Any CPU.ActiveCfg = Debug|iPhone
		{3417C93B-3E04-4E84-94AD-489E05AA4CBB}.Debug|ARM.ActiveCfg = Debug|iPhone
		{3417C93B-3E04-4E84-94AD-489E05AA4CBB}.Debug|iPhone.ActiveCfg = Debug|iPhone
		{3417C93B-3E04-4E84-94AD-489E05AA4CBB}.Debug|iPhone.Build.0 = Debug|iPhone
		{3417C93B-3E04-4E84-94AD-489E05AA4CBB}.Debug|iPhoneSimulator.ActiveCfg = Debug|iPhoneSimulator
		{3417C93B-3E04-4E84-94AD-489E05AA4CBB}.Debug|iPhoneSimulator.Build.0 = Debug|iPhoneSimulator
		{3417C93B-3E04-4E84-94AD-489E05AA4CBB}.Debug|x64.ActiveCfg = Debug|iPhone
		{3417C93B-3E04-4E84-94AD-489E05AA4CBB}.Debug|x86.ActiveCfg = Debug|iPhone
		{3417C93B-3E04-4E84-94AD-489E05AA4CBB}.Release|Any CPU.ActiveCfg = Release|iPhone
		{3417C93B-3E04-4E84-94AD-489E05AA4CBB}.Release|ARM.ActiveCfg = Release|iPhone
		{3417C93B-3E04-4E84-94AD-489E05AA4CBB}.Release|iPhone.ActiveCfg = Release|iPhone
		{3417C93B-3E04-4E84-94AD-489E05AA4CBB}.Release|iPhoneSimulator.ActiveCfg = Release|iPhoneSimulator
		{3417C93B-3E04-4E84-94AD-489E05AA4CBB}.Release|x64.ActiveCfg = Release|iPhone
		{3417C93B-3E04-4E84-94AD-489E05AA4CBB}.Release|x86.ActiveCfg = Release|iPhone
		{83DB9E94-9ABE-4BDF-ADCC-6536C0C2CA1A}.Ad-Hoc|Any CPU.ActiveCfg = Release|x86
		{83DB9E94-9ABE-4BDF-ADCC-6536C0C2CA1A}.Ad-Hoc|Any CPU.Build.0 = Release|x86
		{83DB9E94-9ABE-4BDF-ADCC-6536C0C2CA1A}.Ad-Hoc|Any CPU.Deploy.0 = Release|x86
		{83DB9E94-9ABE-4BDF-ADCC-6536C0C2CA1A}.Ad-Hoc|ARM.ActiveCfg = Release|ARM
		{83DB9E94-9ABE-4BDF-ADCC-6536C0C2CA1A}.Ad-Hoc|ARM.Build.0 = Release|ARM
		{83DB9E94-9ABE-4BDF-ADCC-6536C0C2CA1A}.Ad-Hoc|ARM.Deploy.0 = Release|ARM
		{83DB9E94-9ABE-4BDF-ADCC-6536C0C2CA1A}.Ad-Hoc|iPhone.ActiveCfg = Release|x86
		{83DB9E94-9ABE-4BDF-ADCC-6536C0C2CA1A}.Ad-Hoc|iPhone.Build.0 = Release|x86
		{83DB9E94-9ABE-4BDF-ADCC-6536C0C2CA1A}.Ad-Hoc|iPhone.Deploy.0 = Release|x86
		{83DB9E94-9ABE-4BDF-ADCC-6536C0C2CA1A}.Ad-Hoc|iPhoneSimulator.ActiveCfg = Release|x86
		{83DB9E94-9ABE-4BDF-ADCC-6536C0C2CA1A}.Ad-Hoc|iPhoneSimulator.Build.0 = Release|x86
		{83DB9E94-9ABE-4BDF-ADCC-6536C0C2CA1A}.Ad-Hoc|iPhoneSimulator.Deploy.0 = Release|x86
		{83DB9E94-9ABE-4BDF-ADCC-6536C0C2CA1A}.Ad-Hoc|x64.ActiveCfg = Release|x64
		{83DB9E94-9ABE-4BDF-ADCC-6536C0C2CA1A}.Ad-Hoc|x64.Build.0 = Release|x64
		{83DB9E94-9ABE-4BDF-ADCC-6536C0C2CA1A}.Ad-Hoc|x64.Deploy.0 = Release|x64
		{83DB9E94-9ABE-4BDF-ADCC-6536C0C2CA1A}.Ad-Hoc|x86.ActiveCfg = Release|x86
		{83DB9E94-9ABE-4BDF-ADCC-6536C0C2CA1A}.Ad-Hoc|x86.Build.0 = Release|x86
		{83DB9E94-9ABE-4BDF-ADCC-6536C0C2CA1A}.Ad-Hoc|x86.Deploy.0 = Release|x86
		{83DB9E94-9ABE-4BDF-ADCC-6536C0C2CA1A}.AppStore|Any CPU.ActiveCfg = Release|x86
		{83DB9E94-9ABE-4BDF-ADCC-6536C0C2CA1A}.AppStore|Any CPU.Build.0 = Release|x86
		{83DB9E94-9ABE-4BDF-ADCC-6536C0C2CA1A}.AppStore|Any CPU.Deploy.0 = Release|x86
		{83DB9E94-9ABE-4BDF-ADCC-6536C0C2CA1A}.AppStore|ARM.ActiveCfg = Release|ARM
		{83DB9E94-9ABE-4BDF-ADCC-6536C0C2CA1A}.AppStore|ARM.Build.0 = Release|ARM
		{83DB9E94-9ABE-4BDF-ADCC-6536C0C2CA1A}.AppStore|ARM.Deploy.0 = Release|ARM
		{83DB9E94-9ABE-4BDF-ADCC-6536C0C2CA1A}.AppStore|iPhone.ActiveCfg = Release|x86
		{83DB9E94-9ABE-4BDF-ADCC-6536C0C2CA1A}.AppStore|iPhone.Build.0 = Release|x86
		{83DB9E94-9ABE-4BDF-ADCC-6536C0C2CA1A}.AppStore|iPhone.Deploy.0 = Release|x86
		{83DB9E94-9ABE-4BDF-ADCC-6536C0C2CA1A}.AppStore|iPhoneSimulator.ActiveCfg = Release|x86
		{83DB9E94-9ABE-4BDF-ADCC-6536C0C2CA1A}.AppStore|iPhoneSimulator.Build.0 = Release|x86
		{83DB9E94-9ABE-4BDF-ADCC-6536C0C2CA1A}.AppStore|iPhoneSimulator.Deploy.0 = Release|x86
		{83DB9E94-9ABE-4BDF-ADCC-6536C0C2CA1A}.AppStore|x64.ActiveCfg = Release|x64
		{83DB9E94-9ABE-4BDF-ADCC-6536C0C2CA1A}.AppStore|x64.Build.0 = Release|x64
		{83DB9E94-9ABE-4BDF-ADCC-6536C0C2CA1A}.AppStore|x64.Deploy.0 = Release|x64
		{83DB9E94-9ABE-4BDF-ADCC-6536C0C2CA1A}.AppStore|x86.ActiveCfg = Release|x86
		{83DB9E94-9ABE-4BDF-ADCC-6536C0C2CA1A}.AppStore|x86.Build.0 = Release|x86
		{83DB9E94-9ABE-4BDF-ADCC-6536C0C2CA1A}.AppStore|x86.Deploy.0 = Release|x86
		{83DB9E94-9ABE-4BDF-ADCC-6536C0C2CA1A}.Debug|Any CPU.ActiveCfg = Debug|x86
		{83DB9E94-9ABE-4BDF-ADCC-6536C0C2CA1A}.Debug|ARM.ActiveCfg = Debug|ARM
		{83DB9E94-9ABE-4BDF-ADCC-6536C0C2CA1A}.Debug|ARM.Build.0 = Debug|ARM
		{83DB9E94-9ABE-4BDF-ADCC-6536C0C2CA1A}.Debug|ARM.Deploy.0 = Debug|ARM
		{83DB9E94-9ABE-4BDF-ADCC-6536C0C2CA1A}.Debug|iPhone.ActiveCfg = Debug|x86
		{83DB9E94-9ABE-4BDF-ADCC-6536C0C2CA1A}.Debug|iPhoneSimulator.ActiveCfg = Debug|x86
		{83DB9E94-9ABE-4BDF-ADCC-6536C0C2CA1A}.Debug|x64.ActiveCfg = Debug|x64
		{83DB9E94-9ABE-4BDF-ADCC-6536C0C2CA1A}.Debug|x64.Build.0 = Debug|x64
		{83DB9E94-9ABE-4BDF-ADCC-6536C0C2CA1A}.Debug|x64.Deploy.0 = Debug|x64
		{83DB9E94-9ABE-4BDF-ADCC-6536C0C2CA1A}.Debug|x86.ActiveCfg = Debug|x86
		{83DB9E94-9ABE-4BDF-ADCC-6536C0C2CA1A}.Debug|x86.Build.0 = Debug|x86
		{83DB9E94-9ABE-4BDF-ADCC-6536C0C2CA1A}.Debug|x86.Deploy.0 = Debug|x86
		{83DB9E94-9ABE-4BDF-ADCC-6536C0C2CA1A}.Release|Any CPU.ActiveCfg = Release|x86
		{83DB9E94-9ABE-4BDF-ADCC-6536C0C2CA1A}.Release|ARM.ActiveCfg = Release|ARM
		{83DB9E94-9ABE-4BDF-ADCC-6536C0C2CA1A}.Release|iPhone.ActiveCfg = Release|x86
		{83DB9E94-9ABE-4BDF-ADCC-6536C0C2CA1A}.Release|iPhoneSimulator.ActiveCfg = Release|x86
		{83DB9E94-9ABE-4BDF-ADCC-6536C0C2CA1A}.Release|x64.ActiveCfg = Release|x64
		{83DB9E94-9ABE-4BDF-ADCC-6536C0C2CA1A}.Release|x86.ActiveCfg = Release|x86
		{E0F1FD91-7D55-44CF-AE6B-590B96120571}.Ad-Hoc|Any CPU.ActiveCfg = Debug|Any CPU
		{E0F1FD91-7D55-44CF-AE6B-590B96120571}.Ad-Hoc|Any CPU.Build.0 = Debug|Any CPU
		{E0F1FD91-7D55-44CF-AE6B-590B96120571}.Ad-Hoc|ARM.ActiveCfg = Debug|Any CPU
		{E0F1FD91-7D55-44CF-AE6B-590B96120571}.Ad-Hoc|ARM.Build.0 = Debug|Any CPU
		{E0F1FD91-7D55-44CF-AE6B-590B96120571}.Ad-Hoc|iPhone.ActiveCfg = Debug|Any CPU
		{E0F1FD91-7D55-44CF-AE6B-590B96120571}.Ad-Hoc|iPhone.Build.0 = Debug|Any CPU
		{E0F1FD91-7D55-44CF-AE6B-590B96120571}.Ad-Hoc|iPhoneSimulator.ActiveCfg = Debug|Any CPU
		{E0F1FD91-7D55-44CF-AE6B-590B96120571}.Ad-Hoc|iPhoneSimulator.Build.0 = Debug|Any CPU
		{E0F1FD91-7D55-44CF-AE6B-590B96120571}.Ad-Hoc|x64.ActiveCfg = Debug|Any CPU
		{E0F1FD91-7D55-44CF-AE6B-590B96120571}.Ad-Hoc|x64.Build.0 = Debug|Any CPU
		{E0F1FD91-7D55-44CF-AE6B-590B96120571}.Ad-Hoc|x86.ActiveCfg = Debug|Any CPU
		{E0F1FD91-7D55-44CF-AE6B-590B96120571}.Ad-Hoc|x86.Build.0 = Debug|Any CPU
		{E0F1FD91-7D55-44CF-AE6B-590B96120571}.AppStore|Any CPU.ActiveCfg = Debug|Any CPU
		{E0F1FD91-7D55-44CF-AE6B-590B96120571}.AppStore|Any CPU.Build.0 = Debug|Any CPU
		{E0F1FD91-7D55-44CF-AE6B-590B96120571}.AppStore|ARM.ActiveCfg = Debug|Any CPU
		{E0F1FD91-7D55-44CF-AE6B-590B96120571}.AppStore|ARM.Build.0 = Debug|Any CPU
		{E0F1FD91-7D55-44CF-AE6B-590B96120571}.AppStore|iPhone.ActiveCfg = Debug|Any CPU
		{E0F1FD91-7D55-44CF-AE6B-590B96120571}.AppStore|iPhone.Build.0 = Debug|Any CPU
		{E0F1FD91-7D55-44CF-AE6B-590B96120571}.AppStore|iPhoneSimulator.ActiveCfg = Debug|Any CPU
		{E0F1FD91-7D55-44CF-AE6B-590B96120571}.AppStore|iPhoneSimulator.Build.0 = Debug|Any CPU
		{E0F1FD91-7D55-44CF-AE6B-590B96120571}.AppStore|x64.ActiveCfg = Debug|Any CPU
		{E0F1FD91-7D55-44CF-AE6B-590B96120571}.AppStore|x64.Build.0 = Debug|Any CPU
		{E0F1FD91-7D55-44CF-AE6B-590B96120571}.AppStore|x86.ActiveCfg = Debug|Any CPU
		{E0F1FD91-7D55-44CF-AE6B-590B96120571}.AppStore|x86.Build.0 = Debug|Any CPU
		{E0F1FD91-7D55-44CF-AE6B-590B96120571}.Debug|Any CPU.ActiveCfg = Debug|Any CPU
		{E0F1FD91-7D55-44CF-AE6B-590B96120571}.Debug|Any CPU.Build.0 = Debug|Any CPU
		{E0F1FD91-7D55-44CF-AE6B-590B96120571}.Debug|ARM.ActiveCfg = Debug|Any CPU
		{E0F1FD91-7D55-44CF-AE6B-590B96120571}.Debug|ARM.Build.0 = Debug|Any CPU
		{E0F1FD91-7D55-44CF-AE6B-590B96120571}.Debug|iPhone.ActiveCfg = Debug|Any CPU
		{E0F1FD91-7D55-44CF-AE6B-590B96120571}.Debug|iPhone.Build.0 = Debug|Any CPU
		{E0F1FD91-7D55-44CF-AE6B-590B96120571}.Debug|iPhoneSimulator.ActiveCfg = Debug|Any CPU
		{E0F1FD91-7D55-44CF-AE6B-590B96120571}.Debug|iPhoneSimulator.Build.0 = Debug|Any CPU
		{E0F1FD91-7D55-44CF-AE6B-590B96120571}.Debug|x64.ActiveCfg = Debug|Any CPU
		{E0F1FD91-7D55-44CF-AE6B-590B96120571}.Debug|x64.Build.0 = Debug|Any CPU
		{E0F1FD91-7D55-44CF-AE6B-590B96120571}.Debug|x86.ActiveCfg = Debug|Any CPU
		{E0F1FD91-7D55-44CF-AE6B-590B96120571}.Debug|x86.Build.0 = Debug|Any CPU
		{E0F1FD91-7D55-44CF-AE6B-590B96120571}.Release|Any CPU.ActiveCfg = Release|Any CPU
		{E0F1FD91-7D55-44CF-AE6B-590B96120571}.Release|Any CPU.Build.0 = Release|Any CPU
		{E0F1FD91-7D55-44CF-AE6B-590B96120571}.Release|ARM.ActiveCfg = Release|Any CPU
		{E0F1FD91-7D55-44CF-AE6B-590B96120571}.Release|ARM.Build.0 = Release|Any CPU
		{E0F1FD91-7D55-44CF-AE6B-590B96120571}.Release|iPhone.ActiveCfg = Release|Any CPU
		{E0F1FD91-7D55-44CF-AE6B-590B96120571}.Release|iPhone.Build.0 = Release|Any CPU
		{E0F1FD91-7D55-44CF-AE6B-590B96120571}.Release|iPhoneSimulator.ActiveCfg = Release|Any CPU
		{E0F1FD91-7D55-44CF-AE6B-590B96120571}.Release|iPhoneSimulator.Build.0 = Release|Any CPU
		{E0F1FD91-7D55-44CF-AE6B-590B96120571}.Release|x64.ActiveCfg = Release|Any CPU
		{E0F1FD91-7D55-44CF-AE6B-590B96120571}.Release|x64.Build.0 = Release|Any CPU
		{E0F1FD91-7D55-44CF-AE6B-590B96120571}.Release|x86.ActiveCfg = Release|Any CPU
		{E0F1FD91-7D55-44CF-AE6B-590B96120571}.Release|x86.Build.0 = Release|Any CPU
	EndGlobalSection
	GlobalSection(SolutionProperties) = preSolution
		HideSolutionNode = FALSE
	EndGlobalSection
	GlobalSection(NestedProjects) = preSolution
		{9399F044-5098-4B9D-8E8F-FBEE772F7EFC} = {057E1AF7-2D3B-4583-A7F2-3589394C114A}
		{D9B045D7-703D-4C5F-B8B5-51E5DF382C67} = {39B1F561-3538-4986-AE74-54F019F4D141}
		{3E30C667-AE5B-41E8-81CC-7A5621D5567A} = {057E1AF7-2D3B-4583-A7F2-3589394C114A}
		{72671895-8962-4C00-A91D-7D7DB434A297} = {39B1F561-3538-4986-AE74-54F019F4D141}
		{75970017-84D3-48D2-9EDC-24AEB5A7ADFC} = {057E1AF7-2D3B-4583-A7F2-3589394C114A}
		{5A20FBF4-A482-43D8-9CE3-D7214B851114} = {057E1AF7-2D3B-4583-A7F2-3589394C114A}
		{8F88CB38-3D32-4EED-B1E7-A2237C70D1CB} = {057E1AF7-2D3B-4583-A7F2-3589394C114A}
		{71D87134-1A7D-491F-81C1-93F2454A8962} = {057E1AF7-2D3B-4583-A7F2-3589394C114A}
		{BF428E02-E173-4E54-A520-6C8B0F07CD3E} = {39B1F561-3538-4986-AE74-54F019F4D141}
		{1F57E4A6-05AE-4FCD-93D6-DEC35EC5A898} = {39B1F561-3538-4986-AE74-54F019F4D141}
		{B4D2C938-D3B6-4E86-AA03-004B1E20246D} = {130BED82-F100-4833-8273-493D77FF2486}
		{D62135FD-92DC-4431-A6D3-4F381C09BBBE} = {130BED82-F100-4833-8273-493D77FF2486}
		{3417C93B-3E04-4E84-94AD-489E05AA4CBB} = {130BED82-F100-4833-8273-493D77FF2486}
		{83DB9E94-9ABE-4BDF-ADCC-6536C0C2CA1A} = {130BED82-F100-4833-8273-493D77FF2486}
		{E0F1FD91-7D55-44CF-AE6B-590B96120571} = {057E1AF7-2D3B-4583-A7F2-3589394C114A}
	EndGlobalSection
	GlobalSection(ExtensibilityGlobals) = postSolution
		SolutionGuid = {735DEEA2-A538-4FC2-9EA9-C499F6BC6D7C}
	EndGlobalSection
EndGlobal
